{
  "version": 4,
  "terraform_version": "1.14.3",
  "serial": 113,
  "lineage": "adb47166-4c7a-00e7-a14e-4cac69260cb2",
  "outputs": {
    "app_url": {
      "value": "https://awscloudcase.com",
      "type": "string"
    },
    "dr_alb_dns": {
      "value": "itf-masters-tour-dr-alb-680531059.us-west-2.elb.amazonaws.com",
      "type": "string"
    },
    "dr_rds_endpoint": {
      "value": "itf-masters-tour-dr-postgres.c5wa0mwe6zmw.us-west-2.rds.amazonaws.com:5432",
      "type": "string"
    },
    "ecr_repo_url": {
      "value": "180294215772.dkr.ecr.us-east-1.amazonaws.com/itf-masters-tour",
      "type": "string"
    },
    "evidence_bucket": {
      "value": "itf-masters-tour-evidence",
      "type": "string"
    },
    "health_check_id": {
      "value": "385100a6-3714-4152-a2d5-0fa70fad9a16",
      "type": "string"
    },
    "primary_alb_dns": {
      "value": "itf-masters-tour-primary-alb-1601080841.us-east-1.elb.amazonaws.com",
      "type": "string"
    },
    "primary_rds_endpoint": {
      "value": "itf-masters-tour-primary-postgres.cl2s8sowg0wr.us-east-1.rds.amazonaws.com:5432",
      "type": "string"
    }
  },
  "resources": [
    {
      "mode": "managed",
      "type": "aws_s3_bucket",
      "name": "evidence",
      "provider": "provider[\"registry.terraform.io/hashicorp/aws\"]",
      "instances": [
        {
          "schema_version": 0,
          "attributes": {
            "acceleration_status": "",
            "acl": null,
            "arn": "arn:aws:s3:::itf-masters-tour-evidence",
            "bucket": "itf-masters-tour-evidence",
            "bucket_domain_name": "itf-masters-tour-evidence.s3.amazonaws.com",
            "bucket_prefix": "",
            "bucket_regional_domain_name": "itf-masters-tour-evidence.s3.us-east-1.amazonaws.com",
            "cors_rule": [],
            "force_destroy": true,
            "grant": [
              {
                "id": "d5910ec3ee97f512a6b424e26fda2c589e9858b3281f68b1a98388c7968e241f",
                "permissions": [
                  "FULL_CONTROL"
                ],
                "type": "CanonicalUser",
                "uri": ""
              }
            ],
            "hosted_zone_id": "Z3AQBSTGFYJSTF",
            "id": "itf-masters-tour-evidence",
            "lifecycle_rule": [],
            "logging": [],
            "object_lock_configuration": [],
            "object_lock_enabled": false,
            "policy": "",
            "region": "us-east-1",
            "replication_configuration": [],
            "request_payer": "BucketOwner",
            "server_side_encryption_configuration": [
              {
                "rule": [
                  {
                    "apply_server_side_encryption_by_default": [
                      {
                        "kms_master_key_id": "",
                        "sse_algorithm": "AES256"
                      }
                    ],
                    "bucket_key_enabled": false
                  }
                ]
              }
            ],
            "tags": {
              "Name": "itf-masters-tour-evidence"
            },
            "tags_all": {
              "Environment": "portfolio",
              "ManagedBy": "terraform",
              "Name": "itf-masters-tour-evidence",
              "Project": "itf-masters-tour"
            },
            "timeouts": null,
            "versioning": [
              {
                "enabled": true,
                "mfa_delete": false
              }
            ],
            "website": [],
            "website_domain": null,
            "website_endpoint": null
          },
          "sensitive_attributes": [],
          "identity_schema_version": 0,
          "private": "eyJlMmJmYjczMC1lY2FhLTExZTYtOGY4OC0zNDM2M2JjN2M0YzAiOnsiY3JlYXRlIjoxMjAwMDAwMDAwMDAwLCJkZWxldGUiOjM2MDAwMDAwMDAwMDAsInJlYWQiOjEyMDAwMDAwMDAwMDAsInVwZGF0ZSI6MTIwMDAwMDAwMDAwMH19"
        }
      ]
    },
    {
      "mode": "managed",
      "type": "aws_s3_bucket_versioning",
      "name": "evidence",
      "provider": "provider[\"registry.terraform.io/hashicorp/aws\"]",
      "instances": [
        {
          "schema_version": 0,
          "attributes": {
            "bucket": "itf-masters-tour-evidence",
            "expected_bucket_owner": "",
            "id": "itf-masters-tour-evidence",
            "mfa": null,
            "versioning_configuration": [
              {
                "mfa_delete": "",
                "status": "Enabled"
              }
            ]
          },
          "sensitive_attributes": [],
          "identity_schema_version": 0,
          "private": "bnVsbA==",
          "dependencies": [
            "aws_s3_bucket.evidence"
          ]
        }
      ]
    },
    {
      "mode": "managed",
      "type": "random_password",
      "name": "db",
      "provider": "provider[\"registry.terraform.io/hashicorp/random\"]",
      "instances": [
        {
          "schema_version": 3,
          "attributes": {
            "bcrypt_hash": "$2a$10$cU.r6g88lDxp1iwdLauw8eme9dh2TgqVKvURUEqazA16fkQ9lLoE.",
            "id": "none",
            "keepers": null,
            "length": 24,
            "lower": true,
            "min_lower": 0,
            "min_numeric": 0,
            "min_special": 0,
            "min_upper": 0,
            "number": true,
            "numeric": true,
            "override_special": null,
            "result": "HLkh4lkk290HPCtf9mQZUflh",
            "special": false,
            "upper": true
          },
          "sensitive_attributes": [
            [
              {
                "type": "get_attr",
                "value": "bcrypt_hash"
              }
            ],
            [
              {
                "type": "get_attr",
                "value": "result"
              }
            ]
          ],
          "identity_schema_version": 0
        }
      ]
    },
    {
      "module": "module.dns",
      "mode": "managed",
      "type": "aws_route53_health_check",
      "name": "primary",
      "provider": "provider[\"registry.terraform.io/hashicorp/aws\"]",
      "instances": [
        {
          "schema_version": 0,
          "attributes": {
            "arn": "arn:aws:route53:::healthcheck/385100a6-3714-4152-a2d5-0fa70fad9a16",
            "child_health_threshold": 0,
            "child_healthchecks": [],
            "cloudwatch_alarm_name": null,
            "cloudwatch_alarm_region": null,
            "disabled": false,
            "enable_sni": true,
            "failure_threshold": 3,
            "fqdn": "itf-masters-tour-primary-alb-1601080841.us-east-1.elb.amazonaws.com",
            "id": "385100a6-3714-4152-a2d5-0fa70fad9a16",
            "insufficient_data_health_status": "",
            "invert_healthcheck": false,
            "ip_address": "",
            "measure_latency": false,
            "port": 443,
            "reference_name": null,
            "regions": [],
            "request_interval": 30,
            "resource_path": "/tournaments",
            "routing_control_arn": "",
            "search_string": "",
            "tags": {
              "Name": "itf-masters-tour-primary-health-check"
            },
            "tags_all": {
              "Environment": "portfolio",
              "ManagedBy": "terraform",
              "Name": "itf-masters-tour-primary-health-check",
              "Project": "itf-masters-tour"
            },
            "triggers": {},
            "type": "HTTPS"
          },
          "sensitive_attributes": [],
          "identity_schema_version": 0,
          "private": "bnVsbA==",
          "dependencies": [
            "module.primary_ecs.aws_lb.this",
            "module.primary_vpc.aws_security_group.alb",
            "module.primary_vpc.aws_subnet.public_1",
            "module.primary_vpc.aws_subnet.public_2",
            "module.primary_vpc.aws_vpc.this",
            "module.primary_vpc.data.aws_availability_zones.available"
          ]
        }
      ]
    },
    {
      "module": "module.dns",
      "mode": "managed",
      "type": "aws_route53_record",
      "name": "primary",
      "provider": "provider[\"registry.terraform.io/hashicorp/aws\"]",
      "instances": [
        {
          "schema_version": 2,
          "attributes": {
            "alias": [
              {
                "evaluate_target_health": true,
                "name": "itf-masters-tour-primary-alb-1601080841.us-east-1.elb.amazonaws.com",
                "zone_id": "Z35SXDOTRQ7X7K"
              }
            ],
            "allow_overwrite": null,
            "cidr_routing_policy": [],
            "failover_routing_policy": [
              {
                "type": "PRIMARY"
              }
            ],
            "fqdn": "awscloudcase.com",
            "geolocation_routing_policy": [],
            "geoproximity_routing_policy": [],
            "health_check_id": "385100a6-3714-4152-a2d5-0fa70fad9a16",
            "id": "Z023982439K9GBELWF4Z4_awscloudcase.com_A_primary",
            "latency_routing_policy": [],
            "multivalue_answer_routing_policy": false,
            "name": "awscloudcase.com",
            "records": [],
            "set_identifier": "primary",
            "timeouts": null,
            "ttl": 0,
            "type": "A",
            "weighted_routing_policy": [],
            "zone_id": "Z023982439K9GBELWF4Z4"
          },
          "sensitive_attributes": [],
          "identity_schema_version": 0,
          "private": "eyJlMmJmYjczMC1lY2FhLTExZTYtOGY4OC0zNDM2M2JjN2M0YzAiOnsiY3JlYXRlIjoxODAwMDAwMDAwMDAwLCJkZWxldGUiOjE4MDAwMDAwMDAwMDAsInVwZGF0ZSI6MTgwMDAwMDAwMDAwMH0sInNjaGVtYV92ZXJzaW9uIjoiMiJ9",
          "dependencies": [
            "module.dns.aws_route53_health_check.primary",
            "module.primary_ecs.aws_lb.this",
            "module.primary_vpc.aws_security_group.alb",
            "module.primary_vpc.aws_subnet.public_1",
            "module.primary_vpc.aws_subnet.public_2",
            "module.primary_vpc.aws_vpc.this",
            "module.primary_vpc.data.aws_availability_zones.available"
          ]
        }
      ]
    },
    {
      "module": "module.dns",
      "mode": "managed",
      "type": "aws_route53_record",
      "name": "secondary",
      "provider": "provider[\"registry.terraform.io/hashicorp/aws\"]",
      "instances": [
        {
          "schema_version": 2,
          "attributes": {
            "alias": [
              {
                "evaluate_target_health": true,
                "name": "itf-masters-tour-dr-alb-680531059.us-west-2.elb.amazonaws.com",
                "zone_id": "Z1H1FL5HABSF5"
              }
            ],
            "allow_overwrite": null,
            "cidr_routing_policy": [],
            "failover_routing_policy": [
              {
                "type": "SECONDARY"
              }
            ],
            "fqdn": "awscloudcase.com",
            "geolocation_routing_policy": [],
            "geoproximity_routing_policy": [],
            "health_check_id": "",
            "id": "Z023982439K9GBELWF4Z4_awscloudcase.com_A_secondary",
            "latency_routing_policy": [],
            "multivalue_answer_routing_policy": false,
            "name": "awscloudcase.com",
            "records": [],
            "set_identifier": "secondary",
            "timeouts": null,
            "ttl": 0,
            "type": "A",
            "weighted_routing_policy": [],
            "zone_id": "Z023982439K9GBELWF4Z4"
          },
          "sensitive_attributes": [],
          "identity_schema_version": 0,
          "private": "eyJlMmJmYjczMC1lY2FhLTExZTYtOGY4OC0zNDM2M2JjN2M0YzAiOnsiY3JlYXRlIjoxODAwMDAwMDAwMDAwLCJkZWxldGUiOjE4MDAwMDAwMDAwMDAsInVwZGF0ZSI6MTgwMDAwMDAwMDAwMH0sInNjaGVtYV92ZXJzaW9uIjoiMiJ9",
          "dependencies": [
            "module.dr_ecs.aws_lb.this",
            "module.dr_vpc.aws_security_group.alb",
            "module.dr_vpc.aws_subnet.public_1",
            "module.dr_vpc.aws_subnet.public_2",
            "module.dr_vpc.aws_vpc.this",
            "module.dr_vpc.data.aws_availability_zones.available"
          ]
        }
      ]
    },
    {
      "module": "module.dr_ecs",
      "mode": "data",
      "type": "aws_caller_identity",
      "name": "current",
      "provider": "provider[\"registry.terraform.io/hashicorp/aws\"].dr",
      "instances": [
        {
          "schema_version": 0,
          "attributes": {
            "account_id": "180294215772",
            "arn": "arn:aws:iam::180294215772:user/Malik",
            "id": "180294215772",
            "user_id": "AIDAST6S7NBOL4K6MNLDK"
          },
          "sensitive_attributes": [],
          "identity_schema_version": 0
        }
      ]
    },
    {
      "module": "module.dr_ecs",
      "mode": "data",
      "type": "aws_region",
      "name": "current",
      "provider": "provider[\"registry.terraform.io/hashicorp/aws\"].dr",
      "instances": [
        {
          "schema_version": 0,
          "attributes": {
            "description": "US West (Oregon)",
            "endpoint": "ec2.us-west-2.amazonaws.com",
            "id": "us-west-2",
            "name": "us-west-2"
          },
          "sensitive_attributes": [],
          "identity_schema_version": 0
        }
      ]
    },
    {
      "module": "module.dr_ecs",
      "mode": "managed",
      "type": "aws_acm_certificate",
      "name": "this",
      "provider": "provider[\"registry.terraform.io/hashicorp/aws\"].dr",
      "instances": [
        {
          "schema_version": 0,
          "attributes": {
            "arn": "arn:aws:acm:us-west-2:180294215772:certificate/f27df32d-5b08-4fbe-a9e2-3f859e66905a",
            "certificate_authority_arn": "",
            "certificate_body": null,
            "certificate_chain": null,
            "domain_name": "awscloudcase.com",
            "domain_validation_options": [
              {
                "domain_name": "awscloudcase.com",
                "resource_record_name": "_1faaf6258a9a4fdef182cd7a12acf326.awscloudcase.com.",
                "resource_record_type": "CNAME",
                "resource_record_value": "_bb1f3a2ebb9a33b9774cef6202a3a364.zfyfvmchrl.acm-validations.aws."
              }
            ],
            "early_renewal_duration": "",
            "id": "arn:aws:acm:us-west-2:180294215772:certificate/f27df32d-5b08-4fbe-a9e2-3f859e66905a",
            "key_algorithm": "RSA_2048",
            "not_after": "2027-03-18T23:59:59Z",
            "not_before": "2026-02-17T00:00:00Z",
            "options": [
              {
                "certificate_transparency_logging_preference": "ENABLED"
              }
            ],
            "pending_renewal": false,
            "private_key": null,
            "renewal_eligibility": "ELIGIBLE",
            "renewal_summary": [],
            "status": "ISSUED",
            "subject_alternative_names": [
              "awscloudcase.com"
            ],
            "tags": {
              "Name": "itf-masters-tour-dr-cert"
            },
            "tags_all": {
              "Environment": "portfolio",
              "ManagedBy": "terraform",
              "Name": "itf-masters-tour-dr-cert",
              "Project": "itf-masters-tour"
            },
            "type": "AMAZON_ISSUED",
            "validation_emails": [],
            "validation_method": "DNS",
            "validation_option": []
          },
          "sensitive_attributes": [
            [
              {
                "type": "get_attr",
                "value": "private_key"
              }
            ]
          ],
          "identity_schema_version": 0,
          "private": "bnVsbA==",
          "create_before_destroy": true
        }
      ]
    },
    {
      "module": "module.dr_ecs",
      "mode": "managed",
      "type": "aws_acm_certificate_validation",
      "name": "this",
      "provider": "provider[\"registry.terraform.io/hashicorp/aws\"].dr",
      "instances": [
        {
          "schema_version": 0,
          "attributes": {
            "certificate_arn": "arn:aws:acm:us-west-2:180294215772:certificate/f27df32d-5b08-4fbe-a9e2-3f859e66905a",
            "id": "2026-02-17 12:59:25.339 +0000 UTC",
            "timeouts": null,
            "validation_record_fqdns": [
              "_1faaf6258a9a4fdef182cd7a12acf326.awscloudcase.com"
            ]
          },
          "sensitive_attributes": [],
          "identity_schema_version": 0,
          "private": "eyJlMmJmYjczMC1lY2FhLTExZTYtOGY4OC0zNDM2M2JjN2M0YzAiOnsiY3JlYXRlIjo0NTAwMDAwMDAwMDAwfX0=",
          "dependencies": [
            "module.dr_ecs.aws_acm_certificate.this",
            "module.dr_ecs.aws_route53_record.cert_validation"
          ]
        }
      ]
    },
    {
      "module": "module.dr_ecs",
      "mode": "managed",
      "type": "aws_cloudwatch_log_group",
      "name": "this",
      "provider": "provider[\"registry.terraform.io/hashicorp/aws\"].dr",
      "instances": [
        {
          "schema_version": 0,
          "attributes": {
            "arn": "arn:aws:logs:us-west-2:180294215772:log-group:/ecs/itf-masters-tour-dr",
            "id": "/ecs/itf-masters-tour-dr",
            "kms_key_id": "",
            "log_group_class": "STANDARD",
            "name": "/ecs/itf-masters-tour-dr",
            "name_prefix": "",
            "retention_in_days": 3,
            "skip_destroy": false,
            "tags": {
              "Name": "itf-masters-tour-dr-logs"
            },
            "tags_all": {
              "Environment": "portfolio",
              "ManagedBy": "terraform",
              "Name": "itf-masters-tour-dr-logs",
              "Project": "itf-masters-tour"
            }
          },
          "sensitive_attributes": [],
          "identity_schema_version": 0,
          "private": "bnVsbA=="
        }
      ]
    },
    {
      "module": "module.dr_ecs",
      "mode": "managed",
      "type": "aws_ecs_cluster",
      "name": "this",
      "provider": "provider[\"registry.terraform.io/hashicorp/aws\"].dr",
      "instances": [
        {
          "schema_version": 0,
          "attributes": {
            "arn": "arn:aws:ecs:us-west-2:180294215772:cluster/itf-masters-tour-dr",
            "configuration": [],
            "id": "arn:aws:ecs:us-west-2:180294215772:cluster/itf-masters-tour-dr",
            "name": "itf-masters-tour-dr",
            "service_connect_defaults": [],
            "setting": [
              {
                "name": "containerInsights",
                "value": "disabled"
              }
            ],
            "tags": {
              "Name": "itf-masters-tour-dr"
            },
            "tags_all": {
              "Environment": "portfolio",
              "ManagedBy": "terraform",
              "Name": "itf-masters-tour-dr",
              "Project": "itf-masters-tour"
            }
          },
          "sensitive_attributes": [],
          "identity_schema_version": 0,
          "private": "bnVsbA=="
        }
      ]
    },
    {
      "module": "module.dr_ecs",
      "mode": "managed",
      "type": "aws_ecs_service",
      "name": "this",
      "provider": "provider[\"registry.terraform.io/hashicorp/aws\"].dr",
      "instances": [
        {
          "schema_version": 1,
          "attributes": {
            "alarms": [],
            "availability_zone_rebalancing": "DISABLED",
            "capacity_provider_strategy": [],
            "cluster": "arn:aws:ecs:us-west-2:180294215772:cluster/itf-masters-tour-dr",
            "deployment_circuit_breaker": [
              {
                "enable": false,
                "rollback": false
              }
            ],
            "deployment_controller": [
              {
                "type": "ECS"
              }
            ],
            "deployment_maximum_percent": 200,
            "deployment_minimum_healthy_percent": 100,
            "desired_count": 0,
            "enable_ecs_managed_tags": false,
            "enable_execute_command": true,
            "force_delete": null,
            "force_new_deployment": null,
            "health_check_grace_period_seconds": 0,
            "iam_role": "/aws-service-role/ecs.amazonaws.com/AWSServiceRoleForECS",
            "id": "arn:aws:ecs:us-west-2:180294215772:service/itf-masters-tour-dr/itf-masters-tour-dr-service",
            "launch_type": "FARGATE",
            "load_balancer": [
              {
                "container_name": "flask",
                "container_port": 5000,
                "elb_name": "",
                "target_group_arn": "arn:aws:elasticloadbalancing:us-west-2:180294215772:targetgroup/itf-masters-tour-dr-tg/f880b335a256a2c0"
              }
            ],
            "name": "itf-masters-tour-dr-service",
            "network_configuration": [
              {
                "assign_public_ip": false,
                "security_groups": [
                  "sg-089f2d8bb2b0724ec"
                ],
                "subnets": [
                  "subnet-0520e37725ea9c483",
                  "subnet-0d29e74e88d59ff73"
                ]
              }
            ],
            "ordered_placement_strategy": [],
            "placement_constraints": [],
            "platform_version": "LATEST",
            "propagate_tags": "NONE",
            "scheduling_strategy": "REPLICA",
            "service_connect_configuration": [],
            "service_registries": [],
            "tags": {
              "Name": "itf-masters-tour-dr-service"
            },
            "tags_all": {
              "Environment": "portfolio",
              "ManagedBy": "terraform",
              "Name": "itf-masters-tour-dr-service",
              "Project": "itf-masters-tour"
            },
            "task_definition": "arn:aws:ecs:us-west-2:180294215772:task-definition/itf-masters-tour-dr:2",
            "timeouts": null,
            "triggers": {},
            "volume_configuration": [],
            "vpc_lattice_configurations": [],
            "wait_for_steady_state": false
          },
          "sensitive_attributes": [],
          "identity_schema_version": 0,
          "private": "eyJlMmJmYjczMC1lY2FhLTExZTYtOGY4OC0zNDM2M2JjN2M0YzAiOnsiY3JlYXRlIjoxMjAwMDAwMDAwMDAwLCJkZWxldGUiOjEyMDAwMDAwMDAwMDAsInVwZGF0ZSI6MTIwMDAwMDAwMDAwMH0sInNjaGVtYV92ZXJzaW9uIjoiMSJ9",
          "dependencies": [
            "module.dr_ecs.aws_acm_certificate.this",
            "module.dr_ecs.aws_acm_certificate_validation.this",
            "module.dr_ecs.aws_cloudwatch_log_group.this",
            "module.dr_ecs.aws_ecr_repository.this",
            "module.dr_ecs.aws_ecs_cluster.this",
            "module.dr_ecs.aws_ecs_task_definition.this",
            "module.dr_ecs.aws_iam_role.execution",
            "module.dr_ecs.aws_iam_role.task",
            "module.dr_ecs.aws_lb.this",
            "module.dr_ecs.aws_lb_listener.https",
            "module.dr_ecs.aws_lb_target_group.this",
            "module.dr_ecs.aws_route53_record.cert_validation",
            "module.dr_ecs.data.aws_region.current",
            "module.dr_rds.aws_db_instance.this",
            "module.dr_rds.aws_db_subnet_group.this",
            "module.dr_rds.aws_kms_key.rds",
            "module.dr_rds.aws_secretsmanager_secret.db",
            "module.dr_vpc.aws_security_group.alb",
            "module.dr_vpc.aws_security_group.fargate",
            "module.dr_vpc.aws_security_group.rds",
            "module.dr_vpc.aws_subnet.private_app_1",
            "module.dr_vpc.aws_subnet.private_app_2",
            "module.dr_vpc.aws_subnet.private_db_1",
            "module.dr_vpc.aws_subnet.private_db_2",
            "module.dr_vpc.aws_subnet.public_1",
            "module.dr_vpc.aws_subnet.public_2",
            "module.dr_vpc.aws_vpc.this",
            "module.dr_vpc.data.aws_availability_zones.available",
            "module.primary_rds.aws_db_instance.this",
            "module.primary_rds.aws_db_subnet_group.this",
            "module.primary_rds.aws_kms_key.rds",
            "module.primary_vpc.aws_security_group.alb",
            "module.primary_vpc.aws_security_group.fargate",
            "module.primary_vpc.aws_security_group.rds",
            "module.primary_vpc.aws_subnet.private_db_1",
            "module.primary_vpc.aws_subnet.private_db_2",
            "module.primary_vpc.aws_vpc.this",
            "module.primary_vpc.data.aws_availability_zones.available",
            "random_password.db"
          ]
        }
      ]
    },
    {
      "module": "module.dr_ecs",
      "mode": "managed",
      "type": "aws_ecs_task_definition",
      "name": "this",
      "provider": "provider[\"registry.terraform.io/hashicorp/aws\"].dr",
      "instances": [
        {
          "schema_version": 1,
          "attributes": {
            "arn": "arn:aws:ecs:us-west-2:180294215772:task-definition/itf-masters-tour-dr:2",
            "arn_without_revision": "arn:aws:ecs:us-west-2:180294215772:task-definition/itf-masters-tour-dr",
            "container_definitions": "[{\"environment\":[{\"name\":\"DB_HOST\",\"value\":\"itf-masters-tour-dr-postgres.c5wa0mwe6zmw.us-west-2.rds.amazonaws.com\"},{\"name\":\"DB_NAME\",\"value\":\"itf_tournament\"},{\"name\":\"DB_PORT\",\"value\":\"5432\"}],\"essential\":true,\"image\":\"180294215772.dkr.ecr.us-west-2.amazonaws.com/itf-masters-tour:latest\",\"logConfiguration\":{\"logDriver\":\"awslogs\",\"options\":{\"awslogs-region\":\"us-west-2\",\"awslogs-stream-prefix\":\"flask\",\"awslogs-group\":\"/ecs/itf-masters-tour-dr\"}},\"mountPoints\":[],\"name\":\"flask\",\"portMappings\":[{\"containerPort\":5000,\"hostPort\":5000,\"protocol\":\"tcp\"}],\"secrets\":[{\"name\":\"DB_PASSWORD\",\"valueFrom\":\"arn:aws:secretsmanager:us-west-2:180294215772:secret:itf-masters-tour-dr-db-credentials-CedUk6:password::\"},{\"name\":\"DB_USER\",\"valueFrom\":\"arn:aws:secretsmanager:us-west-2:180294215772:secret:itf-masters-tour-dr-db-credentials-CedUk6:username::\"}],\"systemControls\":[],\"volumesFrom\":[]}]",
            "cpu": "256",
            "enable_fault_injection": false,
            "ephemeral_storage": [],
            "execution_role_arn": "arn:aws:iam::180294215772:role/itf-masters-tour-dr-ecs-execution",
            "family": "itf-masters-tour-dr",
            "id": "itf-masters-tour-dr",
            "inference_accelerator": [],
            "ipc_mode": "",
            "memory": "512",
            "network_mode": "awsvpc",
            "pid_mode": "",
            "placement_constraints": [],
            "proxy_configuration": [],
            "requires_compatibilities": [
              "FARGATE"
            ],
            "revision": 2,
            "runtime_platform": [],
            "skip_destroy": false,
            "tags": {
              "Name": "itf-masters-tour-dr"
            },
            "tags_all": {
              "Environment": "portfolio",
              "ManagedBy": "terraform",
              "Name": "itf-masters-tour-dr",
              "Project": "itf-masters-tour"
            },
            "task_role_arn": "arn:aws:iam::180294215772:role/itf-masters-tour-dr-ecs-task",
            "track_latest": false,
            "volume": []
          },
          "sensitive_attributes": [],
          "identity_schema_version": 0,
          "private": "eyJzY2hlbWFfdmVyc2lvbiI6IjEifQ==",
          "dependencies": [
            "module.dr_ecs.aws_cloudwatch_log_group.this",
            "module.dr_ecs.aws_ecr_repository.this",
            "module.dr_ecs.aws_iam_role.execution",
            "module.dr_ecs.aws_iam_role.task",
            "module.dr_ecs.data.aws_region.current",
            "module.dr_rds.aws_db_instance.this",
            "module.dr_rds.aws_db_subnet_group.this",
            "module.dr_rds.aws_kms_key.rds",
            "module.dr_rds.aws_secretsmanager_secret.db",
            "module.dr_vpc.aws_security_group.alb",
            "module.dr_vpc.aws_security_group.fargate",
            "module.dr_vpc.aws_security_group.rds",
            "module.dr_vpc.aws_subnet.private_db_1",
            "module.dr_vpc.aws_subnet.private_db_2",
            "module.dr_vpc.aws_vpc.this",
            "module.dr_vpc.data.aws_availability_zones.available",
            "module.primary_rds.aws_db_instance.this",
            "module.primary_rds.aws_db_subnet_group.this",
            "module.primary_rds.aws_kms_key.rds",
            "module.primary_vpc.aws_security_group.alb",
            "module.primary_vpc.aws_security_group.fargate",
            "module.primary_vpc.aws_security_group.rds",
            "module.primary_vpc.aws_subnet.private_db_1",
            "module.primary_vpc.aws_subnet.private_db_2",
            "module.primary_vpc.aws_vpc.this",
            "module.primary_vpc.data.aws_availability_zones.available",
            "random_password.db"
          ]
        }
      ]
    },
    {
      "module": "module.dr_ecs",
      "mode": "managed",
      "type": "aws_iam_role",
      "name": "execution",
      "provider": "provider[\"registry.terraform.io/hashicorp/aws\"].dr",
      "instances": [
        {
          "schema_version": 0,
          "attributes": {
            "arn": "arn:aws:iam::180294215772:role/itf-masters-tour-dr-ecs-execution",
            "assume_role_policy": "{\"Statement\":[{\"Action\":\"sts:AssumeRole\",\"Effect\":\"Allow\",\"Principal\":{\"Service\":\"ecs-tasks.amazonaws.com\"}}],\"Version\":\"2012-10-17\"}",
            "create_date": "2026-02-17T12:59:08Z",
            "description": "",
            "force_detach_policies": false,
            "id": "itf-masters-tour-dr-ecs-execution",
            "inline_policy": [
              {
                "name": "itf-masters-tour-dr-ecs-execution-policy",
                "policy": "{\"Version\":\"2012-10-17\",\"Statement\":[{\"Action\":[\"ecr:GetAuthorizationToken\",\"ecr:BatchCheckLayerAvailability\",\"ecr:GetDownloadUrlForLayer\",\"ecr:BatchGetImage\"],\"Effect\":\"Allow\",\"Resource\":\"*\"},{\"Action\":[\"secretsmanager:GetSecretValue\"],\"Effect\":\"Allow\",\"Resource\":[\"arn:aws:secretsmanager:us-west-2:180294215772:secret:itf-masters-tour-dr-db-credentials-CedUk6\"]},{\"Action\":[\"logs:CreateLogStream\",\"logs:PutLogEvents\"],\"Effect\":\"Allow\",\"Resource\":[\"arn:aws:logs:us-west-2:180294215772:log-group:/ecs/itf-masters-tour-dr:*\"]}]}"
              }
            ],
            "managed_policy_arns": [],
            "max_session_duration": 3600,
            "name": "itf-masters-tour-dr-ecs-execution",
            "name_prefix": "",
            "path": "/",
            "permissions_boundary": "",
            "tags": {
              "Name": "itf-masters-tour-dr-ecs-execution"
            },
            "tags_all": {
              "Environment": "portfolio",
              "ManagedBy": "terraform",
              "Name": "itf-masters-tour-dr-ecs-execution",
              "Project": "itf-masters-tour"
            },
            "unique_id": "AROAST6S7NBOAE3V6B2LS"
          },
          "sensitive_attributes": [],
          "identity_schema_version": 0,
          "private": "bnVsbA=="
        }
      ]
    },
    {
      "module": "module.dr_ecs",
      "mode": "managed",
      "type": "aws_iam_role",
      "name": "task",
      "provider": "provider[\"registry.terraform.io/hashicorp/aws\"].dr",
      "instances": [
        {
          "schema_version": 0,
          "attributes": {
            "arn": "arn:aws:iam::180294215772:role/itf-masters-tour-dr-ecs-task",
            "assume_role_policy": "{\"Statement\":[{\"Action\":\"sts:AssumeRole\",\"Effect\":\"Allow\",\"Principal\":{\"Service\":\"ecs-tasks.amazonaws.com\"}}],\"Version\":\"2012-10-17\"}",
            "create_date": "2026-02-17T12:59:07Z",
            "description": "",
            "force_detach_policies": false,
            "id": "itf-masters-tour-dr-ecs-task",
            "inline_policy": [
              {
                "name": "itf-masters-tour-dr-ecs-task-policy",
                "policy": "{\"Version\":\"2012-10-17\",\"Statement\":[{\"Action\":[\"ssmmessages:CreateControlChannel\",\"ssmmessages:CreateDataChannel\",\"ssmmessages:OpenControlChannel\",\"ssmmessages:OpenDataChannel\"],\"Effect\":\"Allow\",\"Resource\":\"*\"},{\"Action\":[\"s3:GetObject\"],\"Effect\":\"Allow\",\"Resource\":[\"arn:aws:s3:::itf-masters-tour-evidence/*\"]}]}"
              }
            ],
            "managed_policy_arns": [],
            "max_session_duration": 3600,
            "name": "itf-masters-tour-dr-ecs-task",
            "name_prefix": "",
            "path": "/",
            "permissions_boundary": "",
            "tags": {
              "Name": "itf-masters-tour-dr-ecs-task"
            },
            "tags_all": {
              "Environment": "portfolio",
              "ManagedBy": "terraform",
              "Name": "itf-masters-tour-dr-ecs-task",
              "Project": "itf-masters-tour"
            },
            "unique_id": "AROAST6S7NBOLO4WHZOU2"
          },
          "sensitive_attributes": [],
          "identity_schema_version": 0,
          "private": "bnVsbA=="
        }
      ]
    },
    {
      "module": "module.dr_ecs",
      "mode": "managed",
      "type": "aws_iam_role_policy",
      "name": "execution",
      "provider": "provider[\"registry.terraform.io/hashicorp/aws\"].dr",
      "instances": [
        {
          "schema_version": 0,
          "attributes": {
            "id": "itf-masters-tour-dr-ecs-execution:itf-masters-tour-dr-ecs-execution-policy",
            "name": "itf-masters-tour-dr-ecs-execution-policy",
            "name_prefix": "",
            "policy": "{\"Version\":\"2012-10-17\",\"Statement\":[{\"Action\":[\"ecr:GetAuthorizationToken\",\"ecr:BatchCheckLayerAvailability\",\"ecr:GetDownloadUrlForLayer\",\"ecr:BatchGetImage\"],\"Effect\":\"Allow\",\"Resource\":\"*\"},{\"Action\":[\"secretsmanager:GetSecretValue\"],\"Effect\":\"Allow\",\"Resource\":[\"arn:aws:secretsmanager:us-west-2:180294215772:secret:itf-masters-tour-dr-db-credentials-CedUk6\"]},{\"Action\":[\"logs:CreateLogStream\",\"logs:PutLogEvents\"],\"Effect\":\"Allow\",\"Resource\":[\"arn:aws:logs:us-west-2:180294215772:log-group:/ecs/itf-masters-tour-dr:*\"]}]}",
            "role": "itf-masters-tour-dr-ecs-execution"
          },
          "sensitive_attributes": [],
          "identity_schema_version": 0,
          "private": "bnVsbA==",
          "dependencies": [
            "module.dr_ecs.aws_cloudwatch_log_group.this",
            "module.dr_ecs.aws_iam_role.execution",
            "module.dr_rds.aws_secretsmanager_secret.db"
          ]
        }
      ]
    },
    {
      "module": "module.dr_ecs",
      "mode": "managed",
      "type": "aws_iam_role_policy",
      "name": "task",
      "provider": "provider[\"registry.terraform.io/hashicorp/aws\"].dr",
      "instances": [
        {
          "schema_version": 0,
          "attributes": {
            "id": "itf-masters-tour-dr-ecs-task:itf-masters-tour-dr-ecs-task-policy",
            "name": "itf-masters-tour-dr-ecs-task-policy",
            "name_prefix": "",
            "policy": "{\"Version\":\"2012-10-17\",\"Statement\":[{\"Action\":[\"ssmmessages:CreateControlChannel\",\"ssmmessages:CreateDataChannel\",\"ssmmessages:OpenControlChannel\",\"ssmmessages:OpenDataChannel\"],\"Effect\":\"Allow\",\"Resource\":\"*\"},{\"Action\":[\"s3:GetObject\"],\"Effect\":\"Allow\",\"Resource\":[\"arn:aws:s3:::itf-masters-tour-evidence/*\"]}]}",
            "role": "itf-masters-tour-dr-ecs-task"
          },
          "sensitive_attributes": [],
          "identity_schema_version": 0,
          "private": "bnVsbA==",
          "dependencies": [
            "module.dr_ecs.aws_iam_role.task"
          ]
        }
      ]
    },
    {
      "module": "module.dr_ecs",
      "mode": "managed",
      "type": "aws_lb",
      "name": "this",
      "provider": "provider[\"registry.terraform.io/hashicorp/aws\"].dr",
      "instances": [
        {
          "schema_version": 0,
          "attributes": {
            "access_logs": [
              {
                "bucket": "",
                "enabled": false,
                "prefix": ""
              }
            ],
            "arn": "arn:aws:elasticloadbalancing:us-west-2:180294215772:loadbalancer/app/itf-masters-tour-dr-alb/606ec0c50f178080",
            "arn_suffix": "app/itf-masters-tour-dr-alb/606ec0c50f178080",
            "client_keep_alive": 3600,
            "connection_logs": [
              {
                "bucket": "",
                "enabled": false,
                "prefix": ""
              }
            ],
            "customer_owned_ipv4_pool": "",
            "desync_mitigation_mode": "defensive",
            "dns_name": "itf-masters-tour-dr-alb-680531059.us-west-2.elb.amazonaws.com",
            "dns_record_client_routing_policy": null,
            "drop_invalid_header_fields": false,
            "enable_cross_zone_load_balancing": true,
            "enable_deletion_protection": false,
            "enable_http2": true,
            "enable_tls_version_and_cipher_suite_headers": false,
            "enable_waf_fail_open": false,
            "enable_xff_client_port": false,
            "enable_zonal_shift": false,
            "enforce_security_group_inbound_rules_on_private_link_traffic": "",
            "id": "arn:aws:elasticloadbalancing:us-west-2:180294215772:loadbalancer/app/itf-masters-tour-dr-alb/606ec0c50f178080",
            "idle_timeout": 60,
            "internal": false,
            "ip_address_type": "ipv4",
            "ipam_pools": [],
            "load_balancer_type": "application",
            "minimum_load_balancer_capacity": [],
            "name": "itf-masters-tour-dr-alb",
            "name_prefix": "",
            "preserve_host_header": false,
            "security_groups": [
              "sg-0fd4d6e46b9d424ef"
            ],
            "subnet_mapping": [
              {
                "allocation_id": "",
                "ipv6_address": "",
                "outpost_id": "",
                "private_ipv4_address": "",
                "subnet_id": "subnet-05d278257342daea8"
              },
              {
                "allocation_id": "",
                "ipv6_address": "",
                "outpost_id": "",
                "private_ipv4_address": "",
                "subnet_id": "subnet-0fe31616c065738b7"
              }
            ],
            "subnets": [
              "subnet-05d278257342daea8",
              "subnet-0fe31616c065738b7"
            ],
            "tags": {
              "Name": "itf-masters-tour-dr-alb"
            },
            "tags_all": {
              "Environment": "portfolio",
              "ManagedBy": "terraform",
              "Name": "itf-masters-tour-dr-alb",
              "Project": "itf-masters-tour"
            },
            "timeouts": null,
            "vpc_id": "vpc-0837d6cfecd0eac4f",
            "xff_header_processing_mode": "append",
            "zone_id": "Z1H1FL5HABSF5"
          },
          "sensitive_attributes": [],
          "identity_schema_version": 0,
          "private": "eyJlMmJmYjczMC1lY2FhLTExZTYtOGY4OC0zNDM2M2JjN2M0YzAiOnsiY3JlYXRlIjo2MDAwMDAwMDAwMDAsImRlbGV0ZSI6NjAwMDAwMDAwMDAwLCJ1cGRhdGUiOjYwMDAwMDAwMDAwMH19",
          "dependencies": [
            "module.dr_vpc.aws_security_group.alb",
            "module.dr_vpc.aws_subnet.public_1",
            "module.dr_vpc.aws_subnet.public_2",
            "module.dr_vpc.aws_vpc.this",
            "module.dr_vpc.data.aws_availability_zones.available"
          ]
        }
      ]
    },
    {
      "module": "module.dr_ecs",
      "mode": "managed",
      "type": "aws_lb_listener",
      "name": "http_redirect",
      "provider": "provider[\"registry.terraform.io/hashicorp/aws\"].dr",
      "instances": [
        {
          "schema_version": 0,
          "attributes": {
            "alpn_policy": null,
            "arn": "arn:aws:elasticloadbalancing:us-west-2:180294215772:listener/app/itf-masters-tour-dr-alb/606ec0c50f178080/87eba77d101c4b5e",
            "certificate_arn": null,
            "default_action": [
              {
                "authenticate_cognito": [],
                "authenticate_oidc": [],
                "fixed_response": [],
                "forward": [],
                "order": 1,
                "redirect": [
                  {
                    "host": "#{host}",
                    "path": "/#{path}",
                    "port": "443",
                    "protocol": "HTTPS",
                    "query": "#{query}",
                    "status_code": "HTTP_301"
                  }
                ],
                "target_group_arn": "",
                "type": "redirect"
              }
            ],
            "id": "arn:aws:elasticloadbalancing:us-west-2:180294215772:listener/app/itf-masters-tour-dr-alb/606ec0c50f178080/87eba77d101c4b5e",
            "load_balancer_arn": "arn:aws:elasticloadbalancing:us-west-2:180294215772:loadbalancer/app/itf-masters-tour-dr-alb/606ec0c50f178080",
            "mutual_authentication": [],
            "port": 80,
            "protocol": "HTTP",
            "routing_http_request_x_amzn_mtls_clientcert_header_name": null,
            "routing_http_request_x_amzn_mtls_clientcert_issuer_header_name": null,
            "routing_http_request_x_amzn_mtls_clientcert_leaf_header_name": null,
            "routing_http_request_x_amzn_mtls_clientcert_serial_number_header_name": null,
            "routing_http_request_x_amzn_mtls_clientcert_subject_header_name": null,
            "routing_http_request_x_amzn_mtls_clientcert_validity_header_name": null,
            "routing_http_request_x_amzn_tls_cipher_suite_header_name": null,
            "routing_http_request_x_amzn_tls_version_header_name": null,
            "routing_http_response_access_control_allow_credentials_header_value": "",
            "routing_http_response_access_control_allow_headers_header_value": "",
            "routing_http_response_access_control_allow_methods_header_value": "",
            "routing_http_response_access_control_allow_origin_header_value": "",
            "routing_http_response_access_control_expose_headers_header_value": "",
            "routing_http_response_access_control_max_age_header_value": "",
            "routing_http_response_content_security_policy_header_value": "",
            "routing_http_response_server_enabled": true,
            "routing_http_response_strict_transport_security_header_value": "",
            "routing_http_response_x_content_type_options_header_value": "",
            "routing_http_response_x_frame_options_header_value": "",
            "ssl_policy": "",
            "tags": {},
            "tags_all": {
              "Environment": "portfolio",
              "ManagedBy": "terraform",
              "Project": "itf-masters-tour"
            },
            "tcp_idle_timeout_seconds": null,
            "timeouts": null
          },
          "sensitive_attributes": [],
          "identity_schema_version": 0,
          "private": "eyJlMmJmYjczMC1lY2FhLTExZTYtOGY4OC0zNDM2M2JjN2M0YzAiOnsiY3JlYXRlIjozMDAwMDAwMDAwMDAsInVwZGF0ZSI6MzAwMDAwMDAwMDAwfX0=",
          "dependencies": [
            "module.dr_ecs.aws_lb.this",
            "module.dr_vpc.aws_security_group.alb",
            "module.dr_vpc.aws_subnet.public_1",
            "module.dr_vpc.aws_subnet.public_2",
            "module.dr_vpc.aws_vpc.this",
            "module.dr_vpc.data.aws_availability_zones.available"
          ]
        }
      ]
    },
    {
      "module": "module.dr_ecs",
      "mode": "managed",
      "type": "aws_lb_listener",
      "name": "https",
      "provider": "provider[\"registry.terraform.io/hashicorp/aws\"].dr",
      "instances": [
        {
          "schema_version": 0,
          "attributes": {
            "alpn_policy": null,
            "arn": "arn:aws:elasticloadbalancing:us-west-2:180294215772:listener/app/itf-masters-tour-dr-alb/606ec0c50f178080/b444562ddb4b0158",
            "certificate_arn": "arn:aws:acm:us-west-2:180294215772:certificate/f27df32d-5b08-4fbe-a9e2-3f859e66905a",
            "default_action": [
              {
                "authenticate_cognito": [],
                "authenticate_oidc": [],
                "fixed_response": [],
                "forward": [],
                "order": 1,
                "redirect": [],
                "target_group_arn": "arn:aws:elasticloadbalancing:us-west-2:180294215772:targetgroup/itf-masters-tour-dr-tg/f880b335a256a2c0",
                "type": "forward"
              }
            ],
            "id": "arn:aws:elasticloadbalancing:us-west-2:180294215772:listener/app/itf-masters-tour-dr-alb/606ec0c50f178080/b444562ddb4b0158",
            "load_balancer_arn": "arn:aws:elasticloadbalancing:us-west-2:180294215772:loadbalancer/app/itf-masters-tour-dr-alb/606ec0c50f178080",
            "mutual_authentication": [
              {
                "advertise_trust_store_ca_names": "",
                "ignore_client_certificate_expiry": false,
                "mode": "off",
                "trust_store_arn": ""
              }
            ],
            "port": 443,
            "protocol": "HTTPS",
            "routing_http_request_x_amzn_mtls_clientcert_header_name": "",
            "routing_http_request_x_amzn_mtls_clientcert_issuer_header_name": "",
            "routing_http_request_x_amzn_mtls_clientcert_leaf_header_name": "",
            "routing_http_request_x_amzn_mtls_clientcert_serial_number_header_name": "",
            "routing_http_request_x_amzn_mtls_clientcert_subject_header_name": "",
            "routing_http_request_x_amzn_mtls_clientcert_validity_header_name": "",
            "routing_http_request_x_amzn_tls_cipher_suite_header_name": "",
            "routing_http_request_x_amzn_tls_version_header_name": "",
            "routing_http_response_access_control_allow_credentials_header_value": "",
            "routing_http_response_access_control_allow_headers_header_value": "",
            "routing_http_response_access_control_allow_methods_header_value": "",
            "routing_http_response_access_control_allow_origin_header_value": "",
            "routing_http_response_access_control_expose_headers_header_value": "",
            "routing_http_response_access_control_max_age_header_value": "",
            "routing_http_response_content_security_policy_header_value": "",
            "routing_http_response_server_enabled": true,
            "routing_http_response_strict_transport_security_header_value": "",
            "routing_http_response_x_content_type_options_header_value": "",
            "routing_http_response_x_frame_options_header_value": "",
            "ssl_policy": "ELBSecurityPolicy-TLS13-1-2-2021-06",
            "tags": {},
            "tags_all": {
              "Environment": "portfolio",
              "ManagedBy": "terraform",
              "Project": "itf-masters-tour"
            },
            "tcp_idle_timeout_seconds": null,
            "timeouts": null
          },
          "sensitive_attributes": [],
          "identity_schema_version": 0,
          "private": "eyJlMmJmYjczMC1lY2FhLTExZTYtOGY4OC0zNDM2M2JjN2M0YzAiOnsiY3JlYXRlIjozMDAwMDAwMDAwMDAsInVwZGF0ZSI6MzAwMDAwMDAwMDAwfX0=",
          "dependencies": [
            "module.dr_ecs.aws_acm_certificate.this",
            "module.dr_ecs.aws_acm_certificate_validation.this",
            "module.dr_ecs.aws_lb.this",
            "module.dr_ecs.aws_lb_target_group.this",
            "module.dr_ecs.aws_route53_record.cert_validation",
            "module.dr_vpc.aws_security_group.alb",
            "module.dr_vpc.aws_subnet.public_1",
            "module.dr_vpc.aws_subnet.public_2",
            "module.dr_vpc.aws_vpc.this",
            "module.dr_vpc.data.aws_availability_zones.available"
          ]
        }
      ]
    },
    {
      "module": "module.dr_ecs",
      "mode": "managed",
      "type": "aws_lb_target_group",
      "name": "this",
      "provider": "provider[\"registry.terraform.io/hashicorp/aws\"].dr",
      "instances": [
        {
          "schema_version": 0,
          "attributes": {
            "arn": "arn:aws:elasticloadbalancing:us-west-2:180294215772:targetgroup/itf-masters-tour-dr-tg/f880b335a256a2c0",
            "arn_suffix": "targetgroup/itf-masters-tour-dr-tg/f880b335a256a2c0",
            "connection_termination": null,
            "deregistration_delay": "300",
            "health_check": [
              {
                "enabled": true,
                "healthy_threshold": 2,
                "interval": 30,
                "matcher": "200",
                "path": "/tournaments",
                "port": "traffic-port",
                "protocol": "HTTP",
                "timeout": 10,
                "unhealthy_threshold": 3
              }
            ],
            "id": "arn:aws:elasticloadbalancing:us-west-2:180294215772:targetgroup/itf-masters-tour-dr-tg/f880b335a256a2c0",
            "ip_address_type": "ipv4",
            "lambda_multi_value_headers_enabled": false,
            "load_balancer_arns": [
              "arn:aws:elasticloadbalancing:us-west-2:180294215772:loadbalancer/app/itf-masters-tour-dr-alb/606ec0c50f178080"
            ],
            "load_balancing_algorithm_type": "round_robin",
            "load_balancing_anomaly_mitigation": "off",
            "load_balancing_cross_zone_enabled": "use_load_balancer_configuration",
            "name": "itf-masters-tour-dr-tg",
            "name_prefix": "",
            "port": 5000,
            "preserve_client_ip": null,
            "protocol": "HTTP",
            "protocol_version": "HTTP1",
            "proxy_protocol_v2": false,
            "slow_start": 0,
            "stickiness": [
              {
                "cookie_duration": 86400,
                "cookie_name": "",
                "enabled": false,
                "type": "lb_cookie"
              }
            ],
            "tags": {
              "Name": "itf-masters-tour-dr-tg"
            },
            "tags_all": {
              "Environment": "portfolio",
              "ManagedBy": "terraform",
              "Name": "itf-masters-tour-dr-tg",
              "Project": "itf-masters-tour"
            },
            "target_failover": [
              {
                "on_deregistration": null,
                "on_unhealthy": null
              }
            ],
            "target_group_health": [
              {
                "dns_failover": [
                  {
                    "minimum_healthy_targets_count": "1",
                    "minimum_healthy_targets_percentage": "off"
                  }
                ],
                "unhealthy_state_routing": [
                  {
                    "minimum_healthy_targets_count": 1,
                    "minimum_healthy_targets_percentage": "off"
                  }
                ]
              }
            ],
            "target_health_state": [
              {
                "enable_unhealthy_connection_termination": null,
                "unhealthy_draining_interval": null
              }
            ],
            "target_type": "ip",
            "vpc_id": "vpc-0837d6cfecd0eac4f"
          },
          "sensitive_attributes": [],
          "identity_schema_version": 0,
          "private": "bnVsbA==",
          "dependencies": [
            "module.dr_vpc.aws_vpc.this"
          ]
        }
      ]
    },
    {
      "module": "module.dr_ecs",
      "mode": "managed",
      "type": "aws_route53_record",
      "name": "cert_validation",
      "provider": "provider[\"registry.terraform.io/hashicorp/aws\"].dr",
      "instances": [
        {
          "index_key": "awscloudcase.com",
          "schema_version": 2,
          "attributes": {
            "alias": [],
            "allow_overwrite": true,
            "cidr_routing_policy": [],
            "failover_routing_policy": [],
            "fqdn": "_1faaf6258a9a4fdef182cd7a12acf326.awscloudcase.com",
            "geolocation_routing_policy": [],
            "geoproximity_routing_policy": [],
            "health_check_id": "",
            "id": "Z023982439K9GBELWF4Z4__1faaf6258a9a4fdef182cd7a12acf326.awscloudcase.com._CNAME",
            "latency_routing_policy": [],
            "multivalue_answer_routing_policy": false,
            "name": "_1faaf6258a9a4fdef182cd7a12acf326.awscloudcase.com",
            "records": [
              "_bb1f3a2ebb9a33b9774cef6202a3a364.zfyfvmchrl.acm-validations.aws."
            ],
            "set_identifier": "",
            "timeouts": null,
            "ttl": 60,
            "type": "CNAME",
            "weighted_routing_policy": [],
            "zone_id": "Z023982439K9GBELWF4Z4"
          },
          "sensitive_attributes": [],
          "identity_schema_version": 0,
          "private": "eyJlMmJmYjczMC1lY2FhLTExZTYtOGY4OC0zNDM2M2JjN2M0YzAiOnsiY3JlYXRlIjoxODAwMDAwMDAwMDAwLCJkZWxldGUiOjE4MDAwMDAwMDAwMDAsInVwZGF0ZSI6MTgwMDAwMDAwMDAwMH0sInNjaGVtYV92ZXJzaW9uIjoiMiJ9",
          "dependencies": [
            "module.dr_ecs.aws_acm_certificate.this"
          ]
        }
      ]
    },
    {
      "module": "module.dr_rds",
      "mode": "managed",
      "type": "aws_db_instance",
      "name": "this",
      "provider": "provider[\"registry.terraform.io/hashicorp/aws\"].dr",
      "instances": [
        {
          "schema_version": 2,
          "attributes": {
            "address": "itf-masters-tour-dr-postgres.c5wa0mwe6zmw.us-west-2.rds.amazonaws.com",
            "allocated_storage": 20,
            "allow_major_version_upgrade": null,
            "apply_immediately": false,
            "arn": "arn:aws:rds:us-west-2:180294215772:db:itf-masters-tour-dr-postgres",
            "auto_minor_version_upgrade": true,
            "availability_zone": "us-west-2a",
            "backup_retention_period": 0,
            "backup_target": "region",
            "backup_window": "09:33-10:03",
            "blue_green_update": [],
            "ca_cert_identifier": "rds-ca-rsa2048-g1",
            "character_set_name": "",
            "copy_tags_to_snapshot": false,
            "custom_iam_instance_profile": "",
            "customer_owned_ip_enabled": false,
            "database_insights_mode": "standard",
            "db_name": "itf_tournament",
            "db_subnet_group_name": "itf-masters-tour-dr-db-subnets",
            "dedicated_log_volume": false,
            "delete_automated_backups": true,
            "deletion_protection": false,
            "domain": "",
            "domain_auth_secret_arn": "",
            "domain_dns_ips": [],
            "domain_fqdn": "",
            "domain_iam_role_name": "",
            "domain_ou": "",
            "enabled_cloudwatch_logs_exports": [],
            "endpoint": "itf-masters-tour-dr-postgres.c5wa0mwe6zmw.us-west-2.rds.amazonaws.com:5432",
            "engine": "postgres",
            "engine_lifecycle_support": "open-source-rds-extended-support",
            "engine_version": "16",
            "engine_version_actual": "16.10",
            "final_snapshot_identifier": null,
            "hosted_zone_id": "Z1PVIF0B656C1W",
            "iam_database_authentication_enabled": false,
            "id": "db-QS7O3NSJ6FMNW4SCWR73M446UA",
            "identifier": "itf-masters-tour-dr-postgres",
            "identifier_prefix": "",
            "instance_class": "db.t4g.micro",
            "iops": 3000,
            "kms_key_id": "arn:aws:kms:us-west-2:180294215772:key/a5717912-89f0-4b98-b4ae-9d09e8733e03",
            "latest_restorable_time": "",
            "license_model": "postgresql-license",
            "listener_endpoint": [],
            "maintenance_window": "wed:08:36-wed:09:06",
            "manage_master_user_password": null,
            "master_user_secret": [],
            "master_user_secret_kms_key_id": null,
            "max_allocated_storage": 0,
            "monitoring_interval": 0,
            "monitoring_role_arn": "",
            "multi_az": false,
            "nchar_character_set_name": "",
            "network_type": "IPV4",
            "option_group_name": "default:postgres-16",
            "parameter_group_name": "default.postgres16",
            "password": null,
            "password_wo": null,
            "password_wo_version": null,
            "performance_insights_enabled": false,
            "performance_insights_kms_key_id": "",
            "performance_insights_retention_period": 0,
            "port": 5432,
            "publicly_accessible": false,
            "replica_mode": "",
            "replicas": [],
            "replicate_source_db": "arn:aws:rds:us-east-1:180294215772:db:itf-masters-tour-primary-postgres",
            "resource_id": "db-QS7O3NSJ6FMNW4SCWR73M446UA",
            "restore_to_point_in_time": [],
            "s3_import": [],
            "skip_final_snapshot": true,
            "snapshot_identifier": null,
            "status": "available",
            "storage_encrypted": true,
            "storage_throughput": 125,
            "storage_type": "gp3",
            "tags": {
              "Name": "itf-masters-tour-dr-postgres"
            },
            "tags_all": {
              "Environment": "portfolio",
              "ManagedBy": "terraform",
              "Name": "itf-masters-tour-dr-postgres",
              "Project": "itf-masters-tour"
            },
            "timeouts": null,
            "timezone": "",
            "upgrade_storage_config": null,
            "username": "itfuser",
            "vpc_security_group_ids": [
              "sg-0c9437174b522be9e"
            ]
          },
          "sensitive_attributes": [
            [
              {
                "type": "get_attr",
                "value": "password"
              }
            ],
            [
              {
                "type": "get_attr",
                "value": "password_wo"
              }
            ]
          ],
          "identity_schema_version": 0,
          "private": "eyJlMmJmYjczMC1lY2FhLTExZTYtOGY4OC0zNDM2M2JjN2M0YzAiOnsiY3JlYXRlIjozMDAwMDAwMDAwMDAwLCJkZWxldGUiOjM2MDAwMDAwMDAwMDAsInVwZGF0ZSI6NDgwMDAwMDAwMDAwMH0sInNjaGVtYV92ZXJzaW9uIjoiMiJ9",
          "dependencies": [
            "module.dr_rds.aws_db_subnet_group.this",
            "module.dr_rds.aws_kms_key.rds",
            "module.dr_vpc.aws_security_group.alb",
            "module.dr_vpc.aws_security_group.fargate",
            "module.dr_vpc.aws_security_group.rds",
            "module.dr_vpc.aws_subnet.private_db_1",
            "module.dr_vpc.aws_subnet.private_db_2",
            "module.dr_vpc.aws_vpc.this",
            "module.dr_vpc.data.aws_availability_zones.available",
            "module.primary_rds.aws_db_instance.this",
            "module.primary_rds.aws_db_subnet_group.this",
            "module.primary_rds.aws_kms_key.rds",
            "module.primary_vpc.aws_security_group.alb",
            "module.primary_vpc.aws_security_group.fargate",
            "module.primary_vpc.aws_security_group.rds",
            "module.primary_vpc.aws_subnet.private_db_1",
            "module.primary_vpc.aws_subnet.private_db_2",
            "module.primary_vpc.aws_vpc.this",
            "module.primary_vpc.data.aws_availability_zones.available",
            "random_password.db"
          ]
        }
      ]
    },
    {
      "module": "module.dr_rds",
      "mode": "managed",
      "type": "aws_db_subnet_group",
      "name": "this",
      "provider": "provider[\"registry.terraform.io/hashicorp/aws\"].dr",
      "instances": [
        {
          "schema_version": 0,
          "attributes": {
            "arn": "arn:aws:rds:us-west-2:180294215772:subgrp:itf-masters-tour-dr-db-subnets",
            "description": "Managed by Terraform",
            "id": "itf-masters-tour-dr-db-subnets",
            "name": "itf-masters-tour-dr-db-subnets",
            "name_prefix": "",
            "subnet_ids": [
              "subnet-07365e2322620abff",
              "subnet-0c4e089b4d6d86247"
            ],
            "supported_network_types": [
              "IPV4"
            ],
            "tags": {
              "Name": "itf-masters-tour-dr-db-subnets"
            },
            "tags_all": {
              "Environment": "portfolio",
              "ManagedBy": "terraform",
              "Name": "itf-masters-tour-dr-db-subnets",
              "Project": "itf-masters-tour"
            },
            "vpc_id": "vpc-0837d6cfecd0eac4f"
          },
          "sensitive_attributes": [],
          "identity_schema_version": 0,
          "private": "bnVsbA==",
          "dependencies": [
            "module.dr_vpc.aws_subnet.private_db_1",
            "module.dr_vpc.aws_subnet.private_db_2",
            "module.dr_vpc.aws_vpc.this",
            "module.dr_vpc.data.aws_availability_zones.available"
          ]
        }
      ]
    },
    {
      "module": "module.dr_rds",
      "mode": "managed",
      "type": "aws_kms_key",
      "name": "rds",
      "provider": "provider[\"registry.terraform.io/hashicorp/aws\"].dr",
      "instances": [
        {
          "index_key": 0,
          "schema_version": 0,
          "attributes": {
            "arn": "arn:aws:kms:us-west-2:180294215772:key/a5717912-89f0-4b98-b4ae-9d09e8733e03",
            "bypass_policy_lockout_safety_check": false,
            "custom_key_store_id": "",
            "customer_master_key_spec": "SYMMETRIC_DEFAULT",
            "deletion_window_in_days": null,
            "description": "itf-masters-tour-dr-rds-encryption-key",
            "enable_key_rotation": false,
            "id": "a5717912-89f0-4b98-b4ae-9d09e8733e03",
            "is_enabled": true,
            "key_id": "a5717912-89f0-4b98-b4ae-9d09e8733e03",
            "key_usage": "ENCRYPT_DECRYPT",
            "multi_region": false,
            "policy": "{\"Id\":\"key-default-1\",\"Statement\":[{\"Action\":\"kms:*\",\"Effect\":\"Allow\",\"Principal\":{\"AWS\":\"arn:aws:iam::180294215772:root\"},\"Resource\":\"*\",\"Sid\":\"Enable IAM User Permissions\"}],\"Version\":\"2012-10-17\"}",
            "rotation_period_in_days": 0,
            "tags": {},
            "tags_all": {
              "Environment": "portfolio",
              "ManagedBy": "terraform",
              "Project": "itf-masters-tour"
            },
            "timeouts": null,
            "xks_key_id": ""
          },
          "sensitive_attributes": [],
          "identity_schema_version": 0,
          "private": "eyJlMmJmYjczMC1lY2FhLTExZTYtOGY4OC0zNDM2M2JjN2M0YzAiOnsiY3JlYXRlIjoxMjAwMDAwMDAwMDB9fQ=="
        }
      ]
    },
    {
      "module": "module.dr_rds",
      "mode": "managed",
      "type": "aws_secretsmanager_secret",
      "name": "db",
      "provider": "provider[\"registry.terraform.io/hashicorp/aws\"].dr",
      "instances": [
        {
          "schema_version": 0,
          "attributes": {
            "arn": "arn:aws:secretsmanager:us-west-2:180294215772:secret:itf-masters-tour-dr-db-credentials-CedUk6",
            "description": "RDS PostgreSQL credentials for itf-masters-tour",
            "force_overwrite_replica_secret": false,
            "id": "arn:aws:secretsmanager:us-west-2:180294215772:secret:itf-masters-tour-dr-db-credentials-CedUk6",
            "kms_key_id": "",
            "name": "itf-masters-tour-dr-db-credentials",
            "name_prefix": "",
            "policy": "",
            "recovery_window_in_days": 30,
            "replica": [],
            "tags": {
              "Name": "itf-masters-tour-dr-db-secret"
            },
            "tags_all": {
              "Environment": "portfolio",
              "ManagedBy": "terraform",
              "Name": "itf-masters-tour-dr-db-secret",
              "Project": "itf-masters-tour"
            }
          },
          "sensitive_attributes": [],
          "identity_schema_version": 0,
          "private": "bnVsbA=="
        }
      ]
    },
    {
      "module": "module.dr_rds",
      "mode": "managed",
      "type": "aws_secretsmanager_secret_version",
      "name": "db",
      "provider": "provider[\"registry.terraform.io/hashicorp/aws\"].dr",
      "instances": [
        {
          "schema_version": 0,
          "attributes": {
            "arn": "arn:aws:secretsmanager:us-west-2:180294215772:secret:itf-masters-tour-dr-db-credentials-CedUk6",
            "has_secret_string_wo": null,
            "id": "arn:aws:secretsmanager:us-west-2:180294215772:secret:itf-masters-tour-dr-db-credentials-CedUk6|terraform-20260217125909253200000003",
            "secret_binary": "",
            "secret_id": "arn:aws:secretsmanager:us-west-2:180294215772:secret:itf-masters-tour-dr-db-credentials-CedUk6",
            "secret_string": "{\"dbname\":\"itf_tournament\",\"password\":\"HLkh4lkk290HPCtf9mQZUflh\",\"port\":5432,\"username\":\"itfuser\"}",
            "secret_string_wo": null,
            "secret_string_wo_version": null,
            "version_id": "terraform-20260217125909253200000003",
            "version_stages": [
              "AWSCURRENT"
            ]
          },
          "sensitive_attributes": [
            [
              {
                "type": "get_attr",
                "value": "secret_binary"
              }
            ],
            [
              {
                "type": "get_attr",
                "value": "secret_string"
              }
            ],
            [
              {
                "type": "get_attr",
                "value": "secret_string_wo"
              }
            ]
          ],
          "identity_schema_version": 0,
          "private": "bnVsbA==",
          "dependencies": [
            "module.dr_rds.aws_secretsmanager_secret.db",
            "random_password.db"
          ]
        }
      ]
    },
    {
      "module": "module.dr_vpc",
      "mode": "data",
      "type": "aws_availability_zones",
      "name": "available",
      "provider": "provider[\"registry.terraform.io/hashicorp/aws\"].dr",
      "instances": [
        {
          "schema_version": 0,
          "attributes": {
            "all_availability_zones": null,
            "exclude_names": null,
            "exclude_zone_ids": null,
            "filter": null,
            "group_names": [
              "us-west-2-zg-1"
            ],
            "id": "us-west-2",
            "names": [
              "us-west-2a",
              "us-west-2b",
              "us-west-2c",
              "us-west-2d"
            ],
            "state": "available",
            "timeouts": null,
            "zone_ids": [
              "usw2-az2",
              "usw2-az1",
              "usw2-az3",
              "usw2-az4"
            ]
          },
          "sensitive_attributes": [],
          "identity_schema_version": 0
        }
      ]
    },
    {
      "module": "module.dr_vpc",
      "mode": "data",
      "type": "aws_region",
      "name": "current",
      "provider": "provider[\"registry.terraform.io/hashicorp/aws\"].dr",
      "instances": [
        {
          "schema_version": 0,
          "attributes": {
            "description": "US West (Oregon)",
            "endpoint": "ec2.us-west-2.amazonaws.com",
            "id": "us-west-2",
            "name": "us-west-2"
          },
          "sensitive_attributes": [],
          "identity_schema_version": 0
        }
      ]
    },
    {
      "module": "module.dr_vpc",
      "mode": "managed",
      "type": "aws_internet_gateway",
      "name": "this",
      "provider": "provider[\"registry.terraform.io/hashicorp/aws\"].dr",
      "instances": [
        {
          "schema_version": 0,
          "attributes": {
            "arn": "arn:aws:ec2:us-west-2:180294215772:internet-gateway/igw-0f6abb5dfc8ec98ba",
            "id": "igw-0f6abb5dfc8ec98ba",
            "owner_id": "180294215772",
            "tags": {
              "Name": "itf-masters-tour-dr-igw"
            },
            "tags_all": {
              "Environment": "portfolio",
              "ManagedBy": "terraform",
              "Name": "itf-masters-tour-dr-igw",
              "Project": "itf-masters-tour"
            },
            "timeouts": null,
            "vpc_id": "vpc-0837d6cfecd0eac4f"
          },
          "sensitive_attributes": [],
          "identity_schema_version": 0,
          "private": "eyJlMmJmYjczMC1lY2FhLTExZTYtOGY4OC0zNDM2M2JjN2M0YzAiOnsiY3JlYXRlIjoxMjAwMDAwMDAwMDAwLCJkZWxldGUiOjEyMDAwMDAwMDAwMDAsInVwZGF0ZSI6MTIwMDAwMDAwMDAwMH19",
          "dependencies": [
            "module.dr_vpc.aws_vpc.this"
          ]
        }
      ]
    },
    {
      "module": "module.dr_vpc",
      "mode": "managed",
      "type": "aws_route",
      "name": "public_internet",
      "provider": "provider[\"registry.terraform.io/hashicorp/aws\"].dr",
      "instances": [
        {
          "schema_version": 0,
          "attributes": {
            "carrier_gateway_id": "",
            "core_network_arn": "",
            "destination_cidr_block": "0.0.0.0/0",
            "destination_ipv6_cidr_block": "",
            "destination_prefix_list_id": "",
            "egress_only_gateway_id": "",
            "gateway_id": "igw-0f6abb5dfc8ec98ba",
            "id": "r-rtb-0d51e45dcd0bf6bed1080289494",
            "instance_id": "",
            "instance_owner_id": "",
            "local_gateway_id": "",
            "nat_gateway_id": "",
            "network_interface_id": "",
            "origin": "CreateRoute",
            "route_table_id": "rtb-0d51e45dcd0bf6bed",
            "state": "active",
            "timeouts": null,
            "transit_gateway_id": "",
            "vpc_endpoint_id": "",
            "vpc_peering_connection_id": ""
          },
          "sensitive_attributes": [],
          "identity_schema_version": 0,
          "private": "eyJlMmJmYjczMC1lY2FhLTExZTYtOGY4OC0zNDM2M2JjN2M0YzAiOnsiY3JlYXRlIjozMDAwMDAwMDAwMDAsImRlbGV0ZSI6MzAwMDAwMDAwMDAwLCJ1cGRhdGUiOjEyMDAwMDAwMDAwMH19",
          "dependencies": [
            "module.dr_vpc.aws_internet_gateway.this",
            "module.dr_vpc.aws_route_table.public",
            "module.dr_vpc.aws_vpc.this"
          ]
        }
      ]
    },
    {
      "module": "module.dr_vpc",
      "mode": "managed",
      "type": "aws_route_table",
      "name": "private",
      "provider": "provider[\"registry.terraform.io/hashicorp/aws\"].dr",
      "instances": [
        {
          "schema_version": 0,
          "attributes": {
            "arn": "arn:aws:ec2:us-west-2:180294215772:route-table/rtb-0bd383b5b7c5312d5",
            "id": "rtb-0bd383b5b7c5312d5",
            "owner_id": "180294215772",
            "propagating_vgws": [],
            "route": [],
            "tags": {
              "Name": "itf-masters-tour-dr-private-rt"
            },
            "tags_all": {
              "Environment": "portfolio",
              "ManagedBy": "terraform",
              "Name": "itf-masters-tour-dr-private-rt",
              "Project": "itf-masters-tour"
            },
            "timeouts": null,
            "vpc_id": "vpc-0837d6cfecd0eac4f"
          },
          "sensitive_attributes": [],
          "identity_schema_version": 0,
          "private": "eyJlMmJmYjczMC1lY2FhLTExZTYtOGY4OC0zNDM2M2JjN2M0YzAiOnsiY3JlYXRlIjozMDAwMDAwMDAwMDAsImRlbGV0ZSI6MzAwMDAwMDAwMDAwLCJ1cGRhdGUiOjEyMDAwMDAwMDAwMH19",
          "dependencies": [
            "module.dr_vpc.aws_vpc.this"
          ]
        }
      ]
    },
    {
      "module": "module.dr_vpc",
      "mode": "managed",
      "type": "aws_route_table",
      "name": "public",
      "provider": "provider[\"registry.terraform.io/hashicorp/aws\"].dr",
      "instances": [
        {
          "schema_version": 0,
          "attributes": {
            "arn": "arn:aws:ec2:us-west-2:180294215772:route-table/rtb-0d51e45dcd0bf6bed",
            "id": "rtb-0d51e45dcd0bf6bed",
            "owner_id": "180294215772",
            "propagating_vgws": [],
            "route": [
              {
                "carrier_gateway_id": "",
                "cidr_block": "0.0.0.0/0",
                "core_network_arn": "",
                "destination_prefix_list_id": "",
                "egress_only_gateway_id": "",
                "gateway_id": "igw-0f6abb5dfc8ec98ba",
                "ipv6_cidr_block": "",
                "local_gateway_id": "",
                "nat_gateway_id": "",
                "network_interface_id": "",
                "transit_gateway_id": "",
                "vpc_endpoint_id": "",
                "vpc_peering_connection_id": ""
              }
            ],
            "tags": {
              "Name": "itf-masters-tour-dr-public-rt"
            },
            "tags_all": {
              "Environment": "portfolio",
              "ManagedBy": "terraform",
              "Name": "itf-masters-tour-dr-public-rt",
              "Project": "itf-masters-tour"
            },
            "timeouts": null,
            "vpc_id": "vpc-0837d6cfecd0eac4f"
          },
          "sensitive_attributes": [],
          "identity_schema_version": 0,
          "private": "eyJlMmJmYjczMC1lY2FhLTExZTYtOGY4OC0zNDM2M2JjN2M0YzAiOnsiY3JlYXRlIjozMDAwMDAwMDAwMDAsImRlbGV0ZSI6MzAwMDAwMDAwMDAwLCJ1cGRhdGUiOjEyMDAwMDAwMDAwMH19",
          "dependencies": [
            "module.dr_vpc.aws_vpc.this"
          ]
        }
      ]
    },
    {
      "module": "module.dr_vpc",
      "mode": "managed",
      "type": "aws_route_table_association",
      "name": "private_app_1",
      "provider": "provider[\"registry.terraform.io/hashicorp/aws\"].dr",
      "instances": [
        {
          "schema_version": 0,
          "attributes": {
            "gateway_id": "",
            "id": "rtbassoc-0e9bb10df7b1e9cd6",
            "route_table_id": "rtb-0bd383b5b7c5312d5",
            "subnet_id": "subnet-0520e37725ea9c483",
            "timeouts": null
          },
          "sensitive_attributes": [],
          "identity_schema_version": 0,
          "private": "eyJlMmJmYjczMC1lY2FhLTExZTYtOGY4OC0zNDM2M2JjN2M0YzAiOnsiY3JlYXRlIjozMDAwMDAwMDAwMDAsImRlbGV0ZSI6MzAwMDAwMDAwMDAwLCJ1cGRhdGUiOjEyMDAwMDAwMDAwMH19",
          "dependencies": [
            "module.dr_vpc.aws_route_table.private",
            "module.dr_vpc.aws_subnet.private_app_1",
            "module.dr_vpc.aws_vpc.this",
            "module.dr_vpc.data.aws_availability_zones.available"
          ]
        }
      ]
    },
    {
      "module": "module.dr_vpc",
      "mode": "managed",
      "type": "aws_route_table_association",
      "name": "private_app_2",
      "provider": "provider[\"registry.terraform.io/hashicorp/aws\"].dr",
      "instances": [
        {
          "schema_version": 0,
          "attributes": {
            "gateway_id": "",
            "id": "rtbassoc-000d65e9eb4bf0e08",
            "route_table_id": "rtb-0bd383b5b7c5312d5",
            "subnet_id": "subnet-0d29e74e88d59ff73",
            "timeouts": null
          },
          "sensitive_attributes": [],
          "identity_schema_version": 0,
          "private": "eyJlMmJmYjczMC1lY2FhLTExZTYtOGY4OC0zNDM2M2JjN2M0YzAiOnsiY3JlYXRlIjozMDAwMDAwMDAwMDAsImRlbGV0ZSI6MzAwMDAwMDAwMDAwLCJ1cGRhdGUiOjEyMDAwMDAwMDAwMH19",
          "dependencies": [
            "module.dr_vpc.aws_route_table.private",
            "module.dr_vpc.aws_subnet.private_app_2",
            "module.dr_vpc.aws_vpc.this",
            "module.dr_vpc.data.aws_availability_zones.available"
          ]
        }
      ]
    },
    {
      "module": "module.dr_vpc",
      "mode": "managed",
      "type": "aws_route_table_association",
      "name": "private_db_1",
      "provider": "provider[\"registry.terraform.io/hashicorp/aws\"].dr",
      "instances": [
        {
          "schema_version": 0,
          "attributes": {
            "gateway_id": "",
            "id": "rtbassoc-00d01a567a821d660",
            "route_table_id": "rtb-0bd383b5b7c5312d5",
            "subnet_id": "subnet-07365e2322620abff",
            "timeouts": null
          },
          "sensitive_attributes": [],
          "identity_schema_version": 0,
          "private": "eyJlMmJmYjczMC1lY2FhLTExZTYtOGY4OC0zNDM2M2JjN2M0YzAiOnsiY3JlYXRlIjozMDAwMDAwMDAwMDAsImRlbGV0ZSI6MzAwMDAwMDAwMDAwLCJ1cGRhdGUiOjEyMDAwMDAwMDAwMH19",
          "dependencies": [
            "module.dr_vpc.aws_route_table.private",
            "module.dr_vpc.aws_subnet.private_db_1",
            "module.dr_vpc.aws_vpc.this",
            "module.dr_vpc.data.aws_availability_zones.available"
          ]
        }
      ]
    },
    {
      "module": "module.dr_vpc",
      "mode": "managed",
      "type": "aws_route_table_association",
      "name": "private_db_2",
      "provider": "provider[\"registry.terraform.io/hashicorp/aws\"].dr",
      "instances": [
        {
          "schema_version": 0,
          "attributes": {
            "gateway_id": "",
            "id": "rtbassoc-042c9fb0d3fdda9ff",
            "route_table_id": "rtb-0bd383b5b7c5312d5",
            "subnet_id": "subnet-0c4e089b4d6d86247",
            "timeouts": null
          },
          "sensitive_attributes": [],
          "identity_schema_version": 0,
          "private": "eyJlMmJmYjczMC1lY2FhLTExZTYtOGY4OC0zNDM2M2JjN2M0YzAiOnsiY3JlYXRlIjozMDAwMDAwMDAwMDAsImRlbGV0ZSI6MzAwMDAwMDAwMDAwLCJ1cGRhdGUiOjEyMDAwMDAwMDAwMH19",
          "dependencies": [
            "module.dr_vpc.aws_route_table.private",
            "module.dr_vpc.aws_subnet.private_db_2",
            "module.dr_vpc.aws_vpc.this",
            "module.dr_vpc.data.aws_availability_zones.available"
          ]
        }
      ]
    },
    {
      "module": "module.dr_vpc",
      "mode": "managed",
      "type": "aws_route_table_association",
      "name": "public_1",
      "provider": "provider[\"registry.terraform.io/hashicorp/aws\"].dr",
      "instances": [
        {
          "schema_version": 0,
          "attributes": {
            "gateway_id": "",
            "id": "rtbassoc-0d553dfc40ec6be6f",
            "route_table_id": "rtb-0d51e45dcd0bf6bed",
            "subnet_id": "subnet-05d278257342daea8",
            "timeouts": null
          },
          "sensitive_attributes": [],
          "identity_schema_version": 0,
          "private": "eyJlMmJmYjczMC1lY2FhLTExZTYtOGY4OC0zNDM2M2JjN2M0YzAiOnsiY3JlYXRlIjozMDAwMDAwMDAwMDAsImRlbGV0ZSI6MzAwMDAwMDAwMDAwLCJ1cGRhdGUiOjEyMDAwMDAwMDAwMH19",
          "dependencies": [
            "module.dr_vpc.aws_route_table.public",
            "module.dr_vpc.aws_subnet.public_1",
            "module.dr_vpc.aws_vpc.this",
            "module.dr_vpc.data.aws_availability_zones.available"
          ]
        }
      ]
    },
    {
      "module": "module.dr_vpc",
      "mode": "managed",
      "type": "aws_route_table_association",
      "name": "public_2",
      "provider": "provider[\"registry.terraform.io/hashicorp/aws\"].dr",
      "instances": [
        {
          "schema_version": 0,
          "attributes": {
            "gateway_id": "",
            "id": "rtbassoc-0ff1090be2b2458b1",
            "route_table_id": "rtb-0d51e45dcd0bf6bed",
            "subnet_id": "subnet-0fe31616c065738b7",
            "timeouts": null
          },
          "sensitive_attributes": [],
          "identity_schema_version": 0,
          "private": "eyJlMmJmYjczMC1lY2FhLTExZTYtOGY4OC0zNDM2M2JjN2M0YzAiOnsiY3JlYXRlIjozMDAwMDAwMDAwMDAsImRlbGV0ZSI6MzAwMDAwMDAwMDAwLCJ1cGRhdGUiOjEyMDAwMDAwMDAwMH19",
          "dependencies": [
            "module.dr_vpc.aws_route_table.public",
            "module.dr_vpc.aws_subnet.public_2",
            "module.dr_vpc.aws_vpc.this",
            "module.dr_vpc.data.aws_availability_zones.available"
          ]
        }
      ]
    },
    {
      "module": "module.dr_vpc",
      "mode": "managed",
      "type": "aws_security_group",
      "name": "alb",
      "provider": "provider[\"registry.terraform.io/hashicorp/aws\"].dr",
      "instances": [
        {
          "schema_version": 1,
          "attributes": {
            "arn": "arn:aws:ec2:us-west-2:180294215772:security-group/sg-0fd4d6e46b9d424ef",
            "description": "ALB: inbound HTTPS from internet",
            "egress": [
              {
                "cidr_blocks": [
                  "0.0.0.0/0"
                ],
                "description": "",
                "from_port": 0,
                "ipv6_cidr_blocks": [],
                "prefix_list_ids": [],
                "protocol": "-1",
                "security_groups": [],
                "self": false,
                "to_port": 0
              }
            ],
            "id": "sg-0fd4d6e46b9d424ef",
            "ingress": [
              {
                "cidr_blocks": [
                  "0.0.0.0/0"
                ],
                "description": "HTTP (redirect to HTTPS)",
                "from_port": 80,
                "ipv6_cidr_blocks": [],
                "prefix_list_ids": [],
                "protocol": "tcp",
                "security_groups": [],
                "self": false,
                "to_port": 80
              },
              {
                "cidr_blocks": [
                  "0.0.0.0/0"
                ],
                "description": "HTTPS",
                "from_port": 443,
                "ipv6_cidr_blocks": [],
                "prefix_list_ids": [],
                "protocol": "tcp",
                "security_groups": [],
                "self": false,
                "to_port": 443
              }
            ],
            "name": "itf-masters-tour-dr-alb-20260217125924501000000005",
            "name_prefix": "itf-masters-tour-dr-alb-",
            "owner_id": "180294215772",
            "revoke_rules_on_delete": false,
            "tags": {
              "Name": "itf-masters-tour-dr-alb-sg"
            },
            "tags_all": {
              "Environment": "portfolio",
              "ManagedBy": "terraform",
              "Name": "itf-masters-tour-dr-alb-sg",
              "Project": "itf-masters-tour"
            },
            "timeouts": null,
            "vpc_id": "vpc-0837d6cfecd0eac4f"
          },
          "sensitive_attributes": [],
          "identity_schema_version": 0,
          "private": "eyJlMmJmYjczMC1lY2FhLTExZTYtOGY4OC0zNDM2M2JjN2M0YzAiOnsiY3JlYXRlIjo2MDAwMDAwMDAwMDAsImRlbGV0ZSI6OTAwMDAwMDAwMDAwfSwic2NoZW1hX3ZlcnNpb24iOiIxIn0=",
          "dependencies": [
            "module.dr_vpc.aws_vpc.this"
          ],
          "create_before_destroy": true
        }
      ]
    },
    {
      "module": "module.dr_vpc",
      "mode": "managed",
      "type": "aws_security_group",
      "name": "fargate",
      "provider": "provider[\"registry.terraform.io/hashicorp/aws\"].dr",
      "instances": [
        {
          "schema_version": 1,
          "attributes": {
            "arn": "arn:aws:ec2:us-west-2:180294215772:security-group/sg-089f2d8bb2b0724ec",
            "description": "Fargate: inbound from ALB only",
            "egress": [
              {
                "cidr_blocks": [
                  "0.0.0.0/0"
                ],
                "description": "",
                "from_port": 0,
                "ipv6_cidr_blocks": [],
                "prefix_list_ids": [],
                "protocol": "-1",
                "security_groups": [],
                "self": false,
                "to_port": 0
              }
            ],
            "id": "sg-089f2d8bb2b0724ec",
            "ingress": [
              {
                "cidr_blocks": [],
                "description": "Flask from ALB",
                "from_port": 5000,
                "ipv6_cidr_blocks": [],
                "prefix_list_ids": [],
                "protocol": "tcp",
                "security_groups": [
                  "sg-0fd4d6e46b9d424ef"
                ],
                "self": false,
                "to_port": 5000
              }
            ],
            "name": "itf-masters-tour-dr-fargate-20260217125931489400000008",
            "name_prefix": "itf-masters-tour-dr-fargate-",
            "owner_id": "180294215772",
            "revoke_rules_on_delete": false,
            "tags": {
              "Name": "itf-masters-tour-dr-fargate-sg"
            },
            "tags_all": {
              "Environment": "portfolio",
              "ManagedBy": "terraform",
              "Name": "itf-masters-tour-dr-fargate-sg",
              "Project": "itf-masters-tour"
            },
            "timeouts": null,
            "vpc_id": "vpc-0837d6cfecd0eac4f"
          },
          "sensitive_attributes": [],
          "identity_schema_version": 0,
          "private": "eyJlMmJmYjczMC1lY2FhLTExZTYtOGY4OC0zNDM2M2JjN2M0YzAiOnsiY3JlYXRlIjo2MDAwMDAwMDAwMDAsImRlbGV0ZSI6OTAwMDAwMDAwMDAwfSwic2NoZW1hX3ZlcnNpb24iOiIxIn0=",
          "dependencies": [
            "module.dr_vpc.aws_security_group.alb",
            "module.dr_vpc.aws_vpc.this"
          ],
          "create_before_destroy": true
        }
      ]
    },
    {
      "module": "module.dr_vpc",
      "mode": "managed",
      "type": "aws_security_group",
      "name": "rds",
      "provider": "provider[\"registry.terraform.io/hashicorp/aws\"].dr",
      "instances": [
        {
          "schema_version": 1,
          "attributes": {
            "arn": "arn:aws:ec2:us-west-2:180294215772:security-group/sg-0c9437174b522be9e",
            "description": "RDS: inbound from Fargate only",
            "egress": [
              {
                "cidr_blocks": [
                  "0.0.0.0/0"
                ],
                "description": "",
                "from_port": 0,
                "ipv6_cidr_blocks": [],
                "prefix_list_ids": [],
                "protocol": "-1",
                "security_groups": [],
                "self": false,
                "to_port": 0
              }
            ],
            "id": "sg-0c9437174b522be9e",
            "ingress": [
              {
                "cidr_blocks": [],
                "description": "PostgreSQL from Fargate",
                "from_port": 5432,
                "ipv6_cidr_blocks": [],
                "prefix_list_ids": [],
                "protocol": "tcp",
                "security_groups": [
                  "sg-089f2d8bb2b0724ec"
                ],
                "self": false,
                "to_port": 5432
              }
            ],
            "name": "itf-masters-tour-dr-rds-2026021712593691270000000a",
            "name_prefix": "itf-masters-tour-dr-rds-",
            "owner_id": "180294215772",
            "revoke_rules_on_delete": false,
            "tags": {
              "Name": "itf-masters-tour-dr-rds-sg"
            },
            "tags_all": {
              "Environment": "portfolio",
              "ManagedBy": "terraform",
              "Name": "itf-masters-tour-dr-rds-sg",
              "Project": "itf-masters-tour"
            },
            "timeouts": null,
            "vpc_id": "vpc-0837d6cfecd0eac4f"
          },
          "sensitive_attributes": [],
          "identity_schema_version": 0,
          "private": "eyJlMmJmYjczMC1lY2FhLTExZTYtOGY4OC0zNDM2M2JjN2M0YzAiOnsiY3JlYXRlIjo2MDAwMDAwMDAwMDAsImRlbGV0ZSI6OTAwMDAwMDAwMDAwfSwic2NoZW1hX3ZlcnNpb24iOiIxIn0=",
          "dependencies": [
            "module.dr_vpc.aws_security_group.alb",
            "module.dr_vpc.aws_security_group.fargate",
            "module.dr_vpc.aws_vpc.this"
          ],
          "create_before_destroy": true
        }
      ]
    },
    {
      "module": "module.dr_vpc",
      "mode": "managed",
      "type": "aws_security_group",
      "name": "vpce",
      "provider": "provider[\"registry.terraform.io/hashicorp/aws\"].dr",
      "instances": [
        {
          "schema_version": 1,
          "attributes": {
            "arn": "arn:aws:ec2:us-west-2:180294215772:security-group/sg-0fbe1ac118510ff51",
            "description": "VPC Endpoints: HTTPS from Fargate",
            "egress": [
              {
                "cidr_blocks": [
                  "0.0.0.0/0"
                ],
                "description": "",
                "from_port": 0,
                "ipv6_cidr_blocks": [],
                "prefix_list_ids": [],
                "protocol": "-1",
                "security_groups": [],
                "self": false,
                "to_port": 0
              }
            ],
            "id": "sg-0fbe1ac118510ff51",
            "ingress": [
              {
                "cidr_blocks": [],
                "description": "HTTPS from Fargate",
                "from_port": 443,
                "ipv6_cidr_blocks": [],
                "prefix_list_ids": [],
                "protocol": "tcp",
                "security_groups": [
                  "sg-089f2d8bb2b0724ec"
                ],
                "self": false,
                "to_port": 443
              }
            ],
            "name": "itf-masters-tour-dr-vpce-20260217125936758000000009",
            "name_prefix": "itf-masters-tour-dr-vpce-",
            "owner_id": "180294215772",
            "revoke_rules_on_delete": false,
            "tags": {
              "Name": "itf-masters-tour-dr-vpce-sg"
            },
            "tags_all": {
              "Environment": "portfolio",
              "ManagedBy": "terraform",
              "Name": "itf-masters-tour-dr-vpce-sg",
              "Project": "itf-masters-tour"
            },
            "timeouts": null,
            "vpc_id": "vpc-0837d6cfecd0eac4f"
          },
          "sensitive_attributes": [],
          "identity_schema_version": 0,
          "private": "eyJlMmJmYjczMC1lY2FhLTExZTYtOGY4OC0zNDM2M2JjN2M0YzAiOnsiY3JlYXRlIjo2MDAwMDAwMDAwMDAsImRlbGV0ZSI6OTAwMDAwMDAwMDAwfSwic2NoZW1hX3ZlcnNpb24iOiIxIn0=",
          "dependencies": [
            "module.dr_vpc.aws_security_group.alb",
            "module.dr_vpc.aws_security_group.fargate",
            "module.dr_vpc.aws_vpc.this"
          ],
          "create_before_destroy": true
        }
      ]
    },
    {
      "module": "module.dr_vpc",
      "mode": "managed",
      "type": "aws_subnet",
      "name": "private_app_1",
      "provider": "provider[\"registry.terraform.io/hashicorp/aws\"].dr",
      "instances": [
        {
          "schema_version": 1,
          "attributes": {
            "arn": "arn:aws:ec2:us-west-2:180294215772:subnet/subnet-0520e37725ea9c483",
            "assign_ipv6_address_on_creation": false,
            "availability_zone": "us-west-2a",
            "availability_zone_id": "usw2-az2",
            "cidr_block": "10.1.10.0/24",
            "customer_owned_ipv4_pool": "",
            "enable_dns64": false,
            "enable_lni_at_device_index": 0,
            "enable_resource_name_dns_a_record_on_launch": false,
            "enable_resource_name_dns_aaaa_record_on_launch": false,
            "id": "subnet-0520e37725ea9c483",
            "ipv6_cidr_block": "",
            "ipv6_cidr_block_association_id": "",
            "ipv6_native": false,
            "map_customer_owned_ip_on_launch": false,
            "map_public_ip_on_launch": false,
            "outpost_arn": "",
            "owner_id": "180294215772",
            "private_dns_hostname_type_on_launch": "ip-name",
            "tags": {
              "Name": "itf-masters-tour-dr-private-app-1"
            },
            "tags_all": {
              "Environment": "portfolio",
              "ManagedBy": "terraform",
              "Name": "itf-masters-tour-dr-private-app-1",
              "Project": "itf-masters-tour"
            },
            "timeouts": null,
            "vpc_id": "vpc-0837d6cfecd0eac4f"
          },
          "sensitive_attributes": [],
          "identity_schema_version": 0,
          "private": "eyJlMmJmYjczMC1lY2FhLTExZTYtOGY4OC0zNDM2M2JjN2M0YzAiOnsiY3JlYXRlIjo2MDAwMDAwMDAwMDAsImRlbGV0ZSI6MTIwMDAwMDAwMDAwMH0sInNjaGVtYV92ZXJzaW9uIjoiMSJ9",
          "dependencies": [
            "module.dr_vpc.aws_vpc.this",
            "module.dr_vpc.data.aws_availability_zones.available"
          ]
        }
      ]
    },
    {
      "module": "module.dr_vpc",
      "mode": "managed",
      "type": "aws_subnet",
      "name": "private_app_2",
      "provider": "provider[\"registry.terraform.io/hashicorp/aws\"].dr",
      "instances": [
        {
          "schema_version": 1,
          "attributes": {
            "arn": "arn:aws:ec2:us-west-2:180294215772:subnet/subnet-0d29e74e88d59ff73",
            "assign_ipv6_address_on_creation": false,
            "availability_zone": "us-west-2b",
            "availability_zone_id": "usw2-az1",
            "cidr_block": "10.1.11.0/24",
            "customer_owned_ipv4_pool": "",
            "enable_dns64": false,
            "enable_lni_at_device_index": 0,
            "enable_resource_name_dns_a_record_on_launch": false,
            "enable_resource_name_dns_aaaa_record_on_launch": false,
            "id": "subnet-0d29e74e88d59ff73",
            "ipv6_cidr_block": "",
            "ipv6_cidr_block_association_id": "",
            "ipv6_native": false,
            "map_customer_owned_ip_on_launch": false,
            "map_public_ip_on_launch": false,
            "outpost_arn": "",
            "owner_id": "180294215772",
            "private_dns_hostname_type_on_launch": "ip-name",
            "tags": {
              "Name": "itf-masters-tour-dr-private-app-2"
            },
            "tags_all": {
              "Environment": "portfolio",
              "ManagedBy": "terraform",
              "Name": "itf-masters-tour-dr-private-app-2",
              "Project": "itf-masters-tour"
            },
            "timeouts": null,
            "vpc_id": "vpc-0837d6cfecd0eac4f"
          },
          "sensitive_attributes": [],
          "identity_schema_version": 0,
          "private": "eyJlMmJmYjczMC1lY2FhLTExZTYtOGY4OC0zNDM2M2JjN2M0YzAiOnsiY3JlYXRlIjo2MDAwMDAwMDAwMDAsImRlbGV0ZSI6MTIwMDAwMDAwMDAwMH0sInNjaGVtYV92ZXJzaW9uIjoiMSJ9",
          "dependencies": [
            "module.dr_vpc.aws_vpc.this",
            "module.dr_vpc.data.aws_availability_zones.available"
          ]
        }
      ]
    },
    {
      "module": "module.dr_vpc",
      "mode": "managed",
      "type": "aws_subnet",
      "name": "private_db_1",
      "provider": "provider[\"registry.terraform.io/hashicorp/aws\"].dr",
      "instances": [
        {
          "schema_version": 1,
          "attributes": {
            "arn": "arn:aws:ec2:us-west-2:180294215772:subnet/subnet-07365e2322620abff",
            "assign_ipv6_address_on_creation": false,
            "availability_zone": "us-west-2a",
            "availability_zone_id": "usw2-az2",
            "cidr_block": "10.1.20.0/24",
            "customer_owned_ipv4_pool": "",
            "enable_dns64": false,
            "enable_lni_at_device_index": 0,
            "enable_resource_name_dns_a_record_on_launch": false,
            "enable_resource_name_dns_aaaa_record_on_launch": false,
            "id": "subnet-07365e2322620abff",
            "ipv6_cidr_block": "",
            "ipv6_cidr_block_association_id": "",
            "ipv6_native": false,
            "map_customer_owned_ip_on_launch": false,
            "map_public_ip_on_launch": false,
            "outpost_arn": "",
            "owner_id": "180294215772",
            "private_dns_hostname_type_on_launch": "ip-name",
            "tags": {
              "Name": "itf-masters-tour-dr-private-db-1"
            },
            "tags_all": {
              "Environment": "portfolio",
              "ManagedBy": "terraform",
              "Name": "itf-masters-tour-dr-private-db-1",
              "Project": "itf-masters-tour"
            },
            "timeouts": null,
            "vpc_id": "vpc-0837d6cfecd0eac4f"
          },
          "sensitive_attributes": [],
          "identity_schema_version": 0,
          "private": "eyJlMmJmYjczMC1lY2FhLTExZTYtOGY4OC0zNDM2M2JjN2M0YzAiOnsiY3JlYXRlIjo2MDAwMDAwMDAwMDAsImRlbGV0ZSI6MTIwMDAwMDAwMDAwMH0sInNjaGVtYV92ZXJzaW9uIjoiMSJ9",
          "dependencies": [
            "module.dr_vpc.aws_vpc.this",
            "module.dr_vpc.data.aws_availability_zones.available"
          ]
        }
      ]
    },
    {
      "module": "module.dr_vpc",
      "mode": "managed",
      "type": "aws_subnet",
      "name": "private_db_2",
      "provider": "provider[\"registry.terraform.io/hashicorp/aws\"].dr",
      "instances": [
        {
          "schema_version": 1,
          "attributes": {
            "arn": "arn:aws:ec2:us-west-2:180294215772:subnet/subnet-0c4e089b4d6d86247",
            "assign_ipv6_address_on_creation": false,
            "availability_zone": "us-west-2b",
            "availability_zone_id": "usw2-az1",
            "cidr_block": "10.1.21.0/24",
            "customer_owned_ipv4_pool": "",
            "enable_dns64": false,
            "enable_lni_at_device_index": 0,
            "enable_resource_name_dns_a_record_on_launch": false,
            "enable_resource_name_dns_aaaa_record_on_launch": false,
            "id": "subnet-0c4e089b4d6d86247",
            "ipv6_cidr_block": "",
            "ipv6_cidr_block_association_id": "",
            "ipv6_native": false,
            "map_customer_owned_ip_on_launch": false,
            "map_public_ip_on_launch": false,
            "outpost_arn": "",
            "owner_id": "180294215772",
            "private_dns_hostname_type_on_launch": "ip-name",
            "tags": {
              "Name": "itf-masters-tour-dr-private-db-2"
            },
            "tags_all": {
              "Environment": "portfolio",
              "ManagedBy": "terraform",
              "Name": "itf-masters-tour-dr-private-db-2",
              "Project": "itf-masters-tour"
            },
            "timeouts": null,
            "vpc_id": "vpc-0837d6cfecd0eac4f"
          },
          "sensitive_attributes": [],
          "identity_schema_version": 0,
          "private": "eyJlMmJmYjczMC1lY2FhLTExZTYtOGY4OC0zNDM2M2JjN2M0YzAiOnsiY3JlYXRlIjo2MDAwMDAwMDAwMDAsImRlbGV0ZSI6MTIwMDAwMDAwMDAwMH0sInNjaGVtYV92ZXJzaW9uIjoiMSJ9",
          "dependencies": [
            "module.dr_vpc.aws_vpc.this",
            "module.dr_vpc.data.aws_availability_zones.available"
          ]
        }
      ]
    },
    {
      "module": "module.dr_vpc",
      "mode": "managed",
      "type": "aws_subnet",
      "name": "public_1",
      "provider": "provider[\"registry.terraform.io/hashicorp/aws\"].dr",
      "instances": [
        {
          "schema_version": 1,
          "attributes": {
            "arn": "arn:aws:ec2:us-west-2:180294215772:subnet/subnet-05d278257342daea8",
            "assign_ipv6_address_on_creation": false,
            "availability_zone": "us-west-2a",
            "availability_zone_id": "usw2-az2",
            "cidr_block": "10.1.1.0/24",
            "customer_owned_ipv4_pool": "",
            "enable_dns64": false,
            "enable_lni_at_device_index": 0,
            "enable_resource_name_dns_a_record_on_launch": false,
            "enable_resource_name_dns_aaaa_record_on_launch": false,
            "id": "subnet-05d278257342daea8",
            "ipv6_cidr_block": "",
            "ipv6_cidr_block_association_id": "",
            "ipv6_native": false,
            "map_customer_owned_ip_on_launch": false,
            "map_public_ip_on_launch": true,
            "outpost_arn": "",
            "owner_id": "180294215772",
            "private_dns_hostname_type_on_launch": "ip-name",
            "tags": {
              "Name": "itf-masters-tour-dr-public-1"
            },
            "tags_all": {
              "Environment": "portfolio",
              "ManagedBy": "terraform",
              "Name": "itf-masters-tour-dr-public-1",
              "Project": "itf-masters-tour"
            },
            "timeouts": null,
            "vpc_id": "vpc-0837d6cfecd0eac4f"
          },
          "sensitive_attributes": [],
          "identity_schema_version": 0,
          "private": "eyJlMmJmYjczMC1lY2FhLTExZTYtOGY4OC0zNDM2M2JjN2M0YzAiOnsiY3JlYXRlIjo2MDAwMDAwMDAwMDAsImRlbGV0ZSI6MTIwMDAwMDAwMDAwMH0sInNjaGVtYV92ZXJzaW9uIjoiMSJ9",
          "dependencies": [
            "module.dr_vpc.aws_vpc.this",
            "module.dr_vpc.data.aws_availability_zones.available"
          ]
        }
      ]
    },
    {
      "module": "module.dr_vpc",
      "mode": "managed",
      "type": "aws_subnet",
      "name": "public_2",
      "provider": "provider[\"registry.terraform.io/hashicorp/aws\"].dr",
      "instances": [
        {
          "schema_version": 1,
          "attributes": {
            "arn": "arn:aws:ec2:us-west-2:180294215772:subnet/subnet-0fe31616c065738b7",
            "assign_ipv6_address_on_creation": false,
            "availability_zone": "us-west-2b",
            "availability_zone_id": "usw2-az1",
            "cidr_block": "10.1.2.0/24",
            "customer_owned_ipv4_pool": "",
            "enable_dns64": false,
            "enable_lni_at_device_index": 0,
            "enable_resource_name_dns_a_record_on_launch": false,
            "enable_resource_name_dns_aaaa_record_on_launch": false,
            "id": "subnet-0fe31616c065738b7",
            "ipv6_cidr_block": "",
            "ipv6_cidr_block_association_id": "",
            "ipv6_native": false,
            "map_customer_owned_ip_on_launch": false,
            "map_public_ip_on_launch": true,
            "outpost_arn": "",
            "owner_id": "180294215772",
            "private_dns_hostname_type_on_launch": "ip-name",
            "tags": {
              "Name": "itf-masters-tour-dr-public-2"
            },
            "tags_all": {
              "Environment": "portfolio",
              "ManagedBy": "terraform",
              "Name": "itf-masters-tour-dr-public-2",
              "Project": "itf-masters-tour"
            },
            "timeouts": null,
            "vpc_id": "vpc-0837d6cfecd0eac4f"
          },
          "sensitive_attributes": [],
          "identity_schema_version": 0,
          "private": "eyJlMmJmYjczMC1lY2FhLTExZTYtOGY4OC0zNDM2M2JjN2M0YzAiOnsiY3JlYXRlIjo2MDAwMDAwMDAwMDAsImRlbGV0ZSI6MTIwMDAwMDAwMDAwMH0sInNjaGVtYV92ZXJzaW9uIjoiMSJ9",
          "dependencies": [
            "module.dr_vpc.aws_vpc.this",
            "module.dr_vpc.data.aws_availability_zones.available"
          ]
        }
      ]
    },
    {
      "module": "module.dr_vpc",
      "mode": "managed",
      "type": "aws_vpc",
      "name": "this",
      "provider": "provider[\"registry.terraform.io/hashicorp/aws\"].dr",
      "instances": [
        {
          "schema_version": 1,
          "attributes": {
            "arn": "arn:aws:ec2:us-west-2:180294215772:vpc/vpc-0837d6cfecd0eac4f",
            "assign_generated_ipv6_cidr_block": false,
            "cidr_block": "10.1.0.0/16",
            "default_network_acl_id": "acl-0eb4219643c397649",
            "default_route_table_id": "rtb-0c5b55b68aa1c1aa5",
            "default_security_group_id": "sg-0a20dc16f0566f569",
            "dhcp_options_id": "dopt-0d01f7b8e36a20cde",
            "enable_dns_hostnames": true,
            "enable_dns_support": true,
            "enable_network_address_usage_metrics": false,
            "id": "vpc-0837d6cfecd0eac4f",
            "instance_tenancy": "default",
            "ipv4_ipam_pool_id": null,
            "ipv4_netmask_length": null,
            "ipv6_association_id": "",
            "ipv6_cidr_block": "",
            "ipv6_cidr_block_network_border_group": "",
            "ipv6_ipam_pool_id": "",
            "ipv6_netmask_length": 0,
            "main_route_table_id": "rtb-0c5b55b68aa1c1aa5",
            "owner_id": "180294215772",
            "tags": {
              "Name": "itf-masters-tour-dr"
            },
            "tags_all": {
              "Environment": "portfolio",
              "ManagedBy": "terraform",
              "Name": "itf-masters-tour-dr",
              "Project": "itf-masters-tour"
            }
          },
          "sensitive_attributes": [],
          "identity_schema_version": 0,
          "private": "eyJzY2hlbWFfdmVyc2lvbiI6IjEifQ==",
          "create_before_destroy": true
        }
      ]
    },
    {
      "module": "module.dr_vpc",
      "mode": "managed",
      "type": "aws_vpc_endpoint",
      "name": "ecr_api",
      "provider": "provider[\"registry.terraform.io/hashicorp/aws\"].dr",
      "instances": [
        {
          "schema_version": 0,
          "attributes": {
            "arn": "arn:aws:ec2:us-west-2:180294215772:vpc-endpoint/vpce-0116f5d8be37fef98",
            "auto_accept": null,
            "cidr_blocks": [],
            "dns_entry": [
              {
                "dns_name": "vpce-0116f5d8be37fef98-dwyfwcai.api.ecr.us-west-2.vpce.amazonaws.com",
                "hosted_zone_id": "Z1YSA3EXCYUU9Z"
              },
              {
                "dns_name": "vpce-0116f5d8be37fef98-dwyfwcai-us-west-2a.api.ecr.us-west-2.vpce.amazonaws.com",
                "hosted_zone_id": "Z1YSA3EXCYUU9Z"
              },
              {
                "dns_name": "vpce-0116f5d8be37fef98-dwyfwcai-us-west-2b.api.ecr.us-west-2.vpce.amazonaws.com",
                "hosted_zone_id": "Z1YSA3EXCYUU9Z"
              },
              {
                "dns_name": "api.ecr.us-west-2.amazonaws.com",
                "hosted_zone_id": "Z07731763QVJP26A8L1XL"
              },
              {
                "dns_name": "ecr.us-west-2.api.aws",
                "hosted_zone_id": "Z01791753RY87NLIQOB1Z"
              }
            ],
            "dns_options": [
              {
                "dns_record_ip_type": "ipv4",
                "private_dns_only_for_inbound_resolver_endpoint": false
              }
            ],
            "id": "vpce-0116f5d8be37fef98",
            "ip_address_type": "ipv4",
            "network_interface_ids": [
              "eni-03a9c8360e108da2f",
              "eni-0b804990fc78427e1"
            ],
            "owner_id": "180294215772",
            "policy": "{\"Statement\":[{\"Action\":\"*\",\"Effect\":\"Allow\",\"Principal\":\"*\",\"Resource\":\"*\"}]}",
            "prefix_list_id": null,
            "private_dns_enabled": true,
            "requester_managed": false,
            "resource_configuration_arn": "",
            "route_table_ids": [],
            "security_group_ids": [
              "sg-0fbe1ac118510ff51"
            ],
            "service_name": "com.amazonaws.us-west-2.ecr.api",
            "service_network_arn": "",
            "service_region": "us-west-2",
            "state": "available",
            "subnet_configuration": [
              {
                "ipv4": "10.1.10.124",
                "ipv6": "",
                "subnet_id": "subnet-0520e37725ea9c483"
              },
              {
                "ipv4": "10.1.11.226",
                "ipv6": "",
                "subnet_id": "subnet-0d29e74e88d59ff73"
              }
            ],
            "subnet_ids": [
              "subnet-0520e37725ea9c483",
              "subnet-0d29e74e88d59ff73"
            ],
            "tags": {
              "Name": "itf-masters-tour-dr-vpce-ecr-api"
            },
            "tags_all": {
              "Environment": "portfolio",
              "ManagedBy": "terraform",
              "Name": "itf-masters-tour-dr-vpce-ecr-api",
              "Project": "itf-masters-tour"
            },
            "timeouts": null,
            "vpc_endpoint_type": "Interface",
            "vpc_id": "vpc-0837d6cfecd0eac4f"
          },
          "sensitive_attributes": [],
          "identity_schema_version": 0,
          "private": "eyJlMmJmYjczMC1lY2FhLTExZTYtOGY4OC0zNDM2M2JjN2M0YzAiOnsiY3JlYXRlIjo2MDAwMDAwMDAwMDAsImRlbGV0ZSI6NjAwMDAwMDAwMDAwLCJ1cGRhdGUiOjYwMDAwMDAwMDAwMH19",
          "dependencies": [
            "module.dr_vpc.aws_security_group.alb",
            "module.dr_vpc.aws_security_group.fargate",
            "module.dr_vpc.aws_security_group.vpce",
            "module.dr_vpc.aws_subnet.private_app_1",
            "module.dr_vpc.aws_subnet.private_app_2",
            "module.dr_vpc.aws_vpc.this",
            "module.dr_vpc.data.aws_availability_zones.available",
            "module.dr_vpc.data.aws_region.current"
          ]
        }
      ]
    },
    {
      "module": "module.dr_vpc",
      "mode": "managed",
      "type": "aws_vpc_endpoint",
      "name": "ecr_dkr",
      "provider": "provider[\"registry.terraform.io/hashicorp/aws\"].dr",
      "instances": [
        {
          "schema_version": 0,
          "attributes": {
            "arn": "arn:aws:ec2:us-west-2:180294215772:vpc-endpoint/vpce-0c6996a76ed6cf73a",
            "auto_accept": null,
            "cidr_blocks": [],
            "dns_entry": [
              {
                "dns_name": "vpce-0c6996a76ed6cf73a-xsy2mmga.dkr.ecr.us-west-2.vpce.amazonaws.com",
                "hosted_zone_id": "Z1YSA3EXCYUU9Z"
              },
              {
                "dns_name": "vpce-0c6996a76ed6cf73a-xsy2mmga-us-west-2a.dkr.ecr.us-west-2.vpce.amazonaws.com",
                "hosted_zone_id": "Z1YSA3EXCYUU9Z"
              },
              {
                "dns_name": "vpce-0c6996a76ed6cf73a-xsy2mmga-us-west-2b.dkr.ecr.us-west-2.vpce.amazonaws.com",
                "hosted_zone_id": "Z1YSA3EXCYUU9Z"
              },
              {
                "dns_name": "dkr.ecr.us-west-2.amazonaws.com",
                "hosted_zone_id": "Z0173037328K8SEIII71S"
              },
              {
                "dns_name": "*.dkr.ecr.us-west-2.amazonaws.com",
                "hosted_zone_id": "Z0173037328K8SEIII71S"
              },
              {
                "dns_name": "dkr-ecr.us-west-2.on.aws",
                "hosted_zone_id": "Z1014989JV7C5MDROE9L"
              },
              {
                "dns_name": "*.dkr-ecr.us-west-2.on.aws",
                "hosted_zone_id": "Z1014989JV7C5MDROE9L"
              }
            ],
            "dns_options": [
              {
                "dns_record_ip_type": "ipv4",
                "private_dns_only_for_inbound_resolver_endpoint": false
              }
            ],
            "id": "vpce-0c6996a76ed6cf73a",
            "ip_address_type": "ipv4",
            "network_interface_ids": [
              "eni-03a6505bd8ee4f296",
              "eni-0eed6f248225f3a0c"
            ],
            "owner_id": "180294215772",
            "policy": "{\"Statement\":[{\"Action\":\"*\",\"Effect\":\"Allow\",\"Principal\":\"*\",\"Resource\":\"*\"}]}",
            "prefix_list_id": null,
            "private_dns_enabled": true,
            "requester_managed": false,
            "resource_configuration_arn": "",
            "route_table_ids": [],
            "security_group_ids": [
              "sg-0fbe1ac118510ff51"
            ],
            "service_name": "com.amazonaws.us-west-2.ecr.dkr",
            "service_network_arn": "",
            "service_region": "us-west-2",
            "state": "available",
            "subnet_configuration": [
              {
                "ipv4": "10.1.10.203",
                "ipv6": "",
                "subnet_id": "subnet-0520e37725ea9c483"
              },
              {
                "ipv4": "10.1.11.98",
                "ipv6": "",
                "subnet_id": "subnet-0d29e74e88d59ff73"
              }
            ],
            "subnet_ids": [
              "subnet-0520e37725ea9c483",
              "subnet-0d29e74e88d59ff73"
            ],
            "tags": {
              "Name": "itf-masters-tour-dr-vpce-ecr-dkr"
            },
            "tags_all": {
              "Environment": "portfolio",
              "ManagedBy": "terraform",
              "Name": "itf-masters-tour-dr-vpce-ecr-dkr",
              "Project": "itf-masters-tour"
            },
            "timeouts": null,
            "vpc_endpoint_type": "Interface",
            "vpc_id": "vpc-0837d6cfecd0eac4f"
          },
          "sensitive_attributes": [],
          "identity_schema_version": 0,
          "private": "eyJlMmJmYjczMC1lY2FhLTExZTYtOGY4OC0zNDM2M2JjN2M0YzAiOnsiY3JlYXRlIjo2MDAwMDAwMDAwMDAsImRlbGV0ZSI6NjAwMDAwMDAwMDAwLCJ1cGRhdGUiOjYwMDAwMDAwMDAwMH19",
          "dependencies": [
            "module.dr_vpc.aws_security_group.alb",
            "module.dr_vpc.aws_security_group.fargate",
            "module.dr_vpc.aws_security_group.vpce",
            "module.dr_vpc.aws_subnet.private_app_1",
            "module.dr_vpc.aws_subnet.private_app_2",
            "module.dr_vpc.aws_vpc.this",
            "module.dr_vpc.data.aws_availability_zones.available",
            "module.dr_vpc.data.aws_region.current"
          ]
        }
      ]
    },
    {
      "module": "module.dr_vpc",
      "mode": "managed",
      "type": "aws_vpc_endpoint",
      "name": "logs",
      "provider": "provider[\"registry.terraform.io/hashicorp/aws\"].dr",
      "instances": [
        {
          "schema_version": 0,
          "attributes": {
            "arn": "arn:aws:ec2:us-west-2:180294215772:vpc-endpoint/vpce-097361ee6649341b0",
            "auto_accept": null,
            "cidr_blocks": [],
            "dns_entry": [
              {
                "dns_name": "vpce-097361ee6649341b0-pzq6rrdw.logs.us-west-2.vpce.amazonaws.com",
                "hosted_zone_id": "Z1YSA3EXCYUU9Z"
              },
              {
                "dns_name": "vpce-097361ee6649341b0-pzq6rrdw-us-west-2b.logs.us-west-2.vpce.amazonaws.com",
                "hosted_zone_id": "Z1YSA3EXCYUU9Z"
              },
              {
                "dns_name": "vpce-097361ee6649341b0-pzq6rrdw-us-west-2a.logs.us-west-2.vpce.amazonaws.com",
                "hosted_zone_id": "Z1YSA3EXCYUU9Z"
              },
              {
                "dns_name": "logs.us-west-2.amazonaws.com",
                "hosted_zone_id": "Z0756258S1N4DBDSHKJC"
              },
              {
                "dns_name": "streaming-logs.us-west-2.api.aws",
                "hosted_zone_id": "Z07731942WM3QENWW6TNF"
              },
              {
                "dns_name": "logs.us-west-2.api.aws",
                "hosted_zone_id": "Z07562852GBYDNQTYRSR7"
              },
              {
                "dns_name": "streaming-logs.us-west-2.amazonaws.com",
                "hosted_zone_id": "Z01726311X4RMPXFYYI8B"
              }
            ],
            "dns_options": [
              {
                "dns_record_ip_type": "ipv4",
                "private_dns_only_for_inbound_resolver_endpoint": false
              }
            ],
            "id": "vpce-097361ee6649341b0",
            "ip_address_type": "ipv4",
            "network_interface_ids": [
              "eni-0b15d6e81be015855",
              "eni-0e9eace57694bf42b"
            ],
            "owner_id": "180294215772",
            "policy": "{\"Statement\":[{\"Action\":\"*\",\"Effect\":\"Allow\",\"Principal\":\"*\",\"Resource\":\"*\"}]}",
            "prefix_list_id": null,
            "private_dns_enabled": true,
            "requester_managed": false,
            "resource_configuration_arn": "",
            "route_table_ids": [],
            "security_group_ids": [
              "sg-0fbe1ac118510ff51"
            ],
            "service_name": "com.amazonaws.us-west-2.logs",
            "service_network_arn": "",
            "service_region": "us-west-2",
            "state": "available",
            "subnet_configuration": [
              {
                "ipv4": "10.1.10.22",
                "ipv6": "",
                "subnet_id": "subnet-0520e37725ea9c483"
              },
              {
                "ipv4": "10.1.11.214",
                "ipv6": "",
                "subnet_id": "subnet-0d29e74e88d59ff73"
              }
            ],
            "subnet_ids": [
              "subnet-0520e37725ea9c483",
              "subnet-0d29e74e88d59ff73"
            ],
            "tags": {
              "Name": "itf-masters-tour-dr-vpce-logs"
            },
            "tags_all": {
              "Environment": "portfolio",
              "ManagedBy": "terraform",
              "Name": "itf-masters-tour-dr-vpce-logs",
              "Project": "itf-masters-tour"
            },
            "timeouts": null,
            "vpc_endpoint_type": "Interface",
            "vpc_id": "vpc-0837d6cfecd0eac4f"
          },
          "sensitive_attributes": [],
          "identity_schema_version": 0,
          "private": "eyJlMmJmYjczMC1lY2FhLTExZTYtOGY4OC0zNDM2M2JjN2M0YzAiOnsiY3JlYXRlIjo2MDAwMDAwMDAwMDAsImRlbGV0ZSI6NjAwMDAwMDAwMDAwLCJ1cGRhdGUiOjYwMDAwMDAwMDAwMH19",
          "dependencies": [
            "module.dr_vpc.aws_security_group.alb",
            "module.dr_vpc.aws_security_group.fargate",
            "module.dr_vpc.aws_security_group.vpce",
            "module.dr_vpc.aws_subnet.private_app_1",
            "module.dr_vpc.aws_subnet.private_app_2",
            "module.dr_vpc.aws_vpc.this",
            "module.dr_vpc.data.aws_availability_zones.available",
            "module.dr_vpc.data.aws_region.current"
          ]
        }
      ]
    },
    {
      "module": "module.dr_vpc",
      "mode": "managed",
      "type": "aws_vpc_endpoint",
      "name": "s3",
      "provider": "provider[\"registry.terraform.io/hashicorp/aws\"].dr",
      "instances": [
        {
          "schema_version": 0,
          "attributes": {
            "arn": "arn:aws:ec2:us-west-2:180294215772:vpc-endpoint/vpce-05705cde2e6ed4787",
            "auto_accept": null,
            "cidr_blocks": [
              "3.5.76.0/22",
              "16.12.96.0/20",
              "16.12.112.0/21",
              "3.5.80.0/21",
              "16.15.32.0/20",
              "18.34.48.0/20",
              "18.34.244.0/22",
              "16.12.88.0/21",
              "52.92.128.0/17",
              "52.218.128.0/17"
            ],
            "dns_entry": [],
            "dns_options": [
              {
                "dns_record_ip_type": "service-defined",
                "private_dns_only_for_inbound_resolver_endpoint": false
              }
            ],
            "id": "vpce-05705cde2e6ed4787",
            "ip_address_type": "ipv4",
            "network_interface_ids": [],
            "owner_id": "180294215772",
            "policy": "{\"Statement\":[{\"Action\":\"*\",\"Effect\":\"Allow\",\"Principal\":\"*\",\"Resource\":\"*\"}],\"Version\":\"2008-10-17\"}",
            "prefix_list_id": "pl-68a54001",
            "private_dns_enabled": false,
            "requester_managed": false,
            "resource_configuration_arn": "",
            "route_table_ids": [
              "rtb-0bd383b5b7c5312d5"
            ],
            "security_group_ids": [],
            "service_name": "com.amazonaws.us-west-2.s3",
            "service_network_arn": "",
            "service_region": "us-west-2",
            "state": "available",
            "subnet_configuration": [],
            "subnet_ids": [],
            "tags": {
              "Name": "itf-masters-tour-dr-vpce-s3"
            },
            "tags_all": {
              "Environment": "portfolio",
              "ManagedBy": "terraform",
              "Name": "itf-masters-tour-dr-vpce-s3",
              "Project": "itf-masters-tour"
            },
            "timeouts": null,
            "vpc_endpoint_type": "Gateway",
            "vpc_id": "vpc-0837d6cfecd0eac4f"
          },
          "sensitive_attributes": [],
          "identity_schema_version": 0,
          "private": "eyJlMmJmYjczMC1lY2FhLTExZTYtOGY4OC0zNDM2M2JjN2M0YzAiOnsiY3JlYXRlIjo2MDAwMDAwMDAwMDAsImRlbGV0ZSI6NjAwMDAwMDAwMDAwLCJ1cGRhdGUiOjYwMDAwMDAwMDAwMH19",
          "dependencies": [
            "module.dr_vpc.aws_route_table.private",
            "module.dr_vpc.aws_vpc.this",
            "module.dr_vpc.data.aws_region.current"
          ]
        }
      ]
    },
    {
      "module": "module.dr_vpc",
      "mode": "managed",
      "type": "aws_vpc_endpoint",
      "name": "secretsmanager",
      "provider": "provider[\"registry.terraform.io/hashicorp/aws\"].dr",
      "instances": [
        {
          "schema_version": 0,
          "attributes": {
            "arn": "arn:aws:ec2:us-west-2:180294215772:vpc-endpoint/vpce-0ae478cbd9ad3e7fc",
            "auto_accept": null,
            "cidr_blocks": [],
            "dns_entry": [
              {
                "dns_name": "vpce-0ae478cbd9ad3e7fc-bbj6ia4i.secretsmanager.us-west-2.vpce.amazonaws.com",
                "hosted_zone_id": "Z1YSA3EXCYUU9Z"
              },
              {
                "dns_name": "vpce-0ae478cbd9ad3e7fc-bbj6ia4i-us-west-2b.secretsmanager.us-west-2.vpce.amazonaws.com",
                "hosted_zone_id": "Z1YSA3EXCYUU9Z"
              },
              {
                "dns_name": "vpce-0ae478cbd9ad3e7fc-bbj6ia4i-us-west-2a.secretsmanager.us-west-2.vpce.amazonaws.com",
                "hosted_zone_id": "Z1YSA3EXCYUU9Z"
              },
              {
                "dns_name": "secretsmanager.us-west-2.amazonaws.com",
                "hosted_zone_id": "Z101304331ONHVQRGMU5J"
              }
            ],
            "dns_options": [
              {
                "dns_record_ip_type": "ipv4",
                "private_dns_only_for_inbound_resolver_endpoint": false
              }
            ],
            "id": "vpce-0ae478cbd9ad3e7fc",
            "ip_address_type": "ipv4",
            "network_interface_ids": [
              "eni-00fa9f7913f93f4a7",
              "eni-0f307776a92c3a252"
            ],
            "owner_id": "180294215772",
            "policy": "{\"Statement\":[{\"Action\":\"*\",\"Effect\":\"Allow\",\"Principal\":\"*\",\"Resource\":\"*\"}]}",
            "prefix_list_id": null,
            "private_dns_enabled": true,
            "requester_managed": false,
            "resource_configuration_arn": "",
            "route_table_ids": [],
            "security_group_ids": [
              "sg-0fbe1ac118510ff51"
            ],
            "service_name": "com.amazonaws.us-west-2.secretsmanager",
            "service_network_arn": "",
            "service_region": "us-west-2",
            "state": "available",
            "subnet_configuration": [
              {
                "ipv4": "10.1.10.27",
                "ipv6": "",
                "subnet_id": "subnet-0520e37725ea9c483"
              },
              {
                "ipv4": "10.1.11.78",
                "ipv6": "",
                "subnet_id": "subnet-0d29e74e88d59ff73"
              }
            ],
            "subnet_ids": [
              "subnet-0520e37725ea9c483",
              "subnet-0d29e74e88d59ff73"
            ],
            "tags": {
              "Name": "itf-masters-tour-dr-vpce-secrets"
            },
            "tags_all": {
              "Environment": "portfolio",
              "ManagedBy": "terraform",
              "Name": "itf-masters-tour-dr-vpce-secrets",
              "Project": "itf-masters-tour"
            },
            "timeouts": null,
            "vpc_endpoint_type": "Interface",
            "vpc_id": "vpc-0837d6cfecd0eac4f"
          },
          "sensitive_attributes": [],
          "identity_schema_version": 0,
          "private": "eyJlMmJmYjczMC1lY2FhLTExZTYtOGY4OC0zNDM2M2JjN2M0YzAiOnsiY3JlYXRlIjo2MDAwMDAwMDAwMDAsImRlbGV0ZSI6NjAwMDAwMDAwMDAwLCJ1cGRhdGUiOjYwMDAwMDAwMDAwMH19",
          "dependencies": [
            "module.dr_vpc.aws_security_group.alb",
            "module.dr_vpc.aws_security_group.fargate",
            "module.dr_vpc.aws_security_group.vpce",
            "module.dr_vpc.aws_subnet.private_app_1",
            "module.dr_vpc.aws_subnet.private_app_2",
            "module.dr_vpc.aws_vpc.this",
            "module.dr_vpc.data.aws_availability_zones.available",
            "module.dr_vpc.data.aws_region.current"
          ]
        }
      ]
    },
    {
      "module": "module.dr_vpc",
      "mode": "managed",
      "type": "aws_vpc_endpoint",
      "name": "ssmmessages",
      "provider": "provider[\"registry.terraform.io/hashicorp/aws\"].dr",
      "instances": [
        {
          "schema_version": 0,
          "attributes": {
            "arn": "arn:aws:ec2:us-west-2:180294215772:vpc-endpoint/vpce-0724a6229110bd97b",
            "auto_accept": null,
            "cidr_blocks": [],
            "dns_entry": [
              {
                "dns_name": "vpce-0724a6229110bd97b-2ijxqxs0.ssmmessages.us-west-2.vpce.amazonaws.com",
                "hosted_zone_id": "Z1YSA3EXCYUU9Z"
              },
              {
                "dns_name": "vpce-0724a6229110bd97b-2ijxqxs0-us-west-2a.ssmmessages.us-west-2.vpce.amazonaws.com",
                "hosted_zone_id": "Z1YSA3EXCYUU9Z"
              },
              {
                "dns_name": "vpce-0724a6229110bd97b-2ijxqxs0-us-west-2b.ssmmessages.us-west-2.vpce.amazonaws.com",
                "hosted_zone_id": "Z1YSA3EXCYUU9Z"
              },
              {
                "dns_name": "ssmmessages.us-west-2.amazonaws.com",
                "hosted_zone_id": "Z06294476P14RX5MPKHX"
              },
              {
                "dns_name": "ssmmessages.us-west-2.api.aws",
                "hosted_zone_id": "Z040960820WJVDG03VW79"
              }
            ],
            "dns_options": [
              {
                "dns_record_ip_type": "ipv4",
                "private_dns_only_for_inbound_resolver_endpoint": false
              }
            ],
            "id": "vpce-0724a6229110bd97b",
            "ip_address_type": "ipv4",
            "network_interface_ids": [
              "eni-0172980942d43dea5",
              "eni-04014fcbc836841c5"
            ],
            "owner_id": "180294215772",
            "policy": "{\"Statement\":[{\"Action\":\"*\",\"Effect\":\"Allow\",\"Principal\":\"*\",\"Resource\":\"*\"}]}",
            "prefix_list_id": null,
            "private_dns_enabled": true,
            "requester_managed": false,
            "resource_configuration_arn": "",
            "route_table_ids": [],
            "security_group_ids": [
              "sg-0fbe1ac118510ff51"
            ],
            "service_name": "com.amazonaws.us-west-2.ssmmessages",
            "service_network_arn": "",
            "service_region": "us-west-2",
            "state": "available",
            "subnet_configuration": [
              {
                "ipv4": "10.1.10.83",
                "ipv6": "",
                "subnet_id": "subnet-0520e37725ea9c483"
              },
              {
                "ipv4": "10.1.11.209",
                "ipv6": "",
                "subnet_id": "subnet-0d29e74e88d59ff73"
              }
            ],
            "subnet_ids": [
              "subnet-0520e37725ea9c483",
              "subnet-0d29e74e88d59ff73"
            ],
            "tags": {
              "Name": "itf-masters-tour-dr-vpce-ssmmessages"
            },
            "tags_all": {
              "Environment": "portfolio",
              "ManagedBy": "terraform",
              "Name": "itf-masters-tour-dr-vpce-ssmmessages",
              "Project": "itf-masters-tour"
            },
            "timeouts": null,
            "vpc_endpoint_type": "Interface",
            "vpc_id": "vpc-0837d6cfecd0eac4f"
          },
          "sensitive_attributes": [],
          "identity_schema_version": 0,
          "private": "eyJlMmJmYjczMC1lY2FhLTExZTYtOGY4OC0zNDM2M2JjN2M0YzAiOnsiY3JlYXRlIjo2MDAwMDAwMDAwMDAsImRlbGV0ZSI6NjAwMDAwMDAwMDAwLCJ1cGRhdGUiOjYwMDAwMDAwMDAwMH19",
          "dependencies": [
            "module.dr_vpc.aws_security_group.alb",
            "module.dr_vpc.aws_security_group.fargate",
            "module.dr_vpc.aws_security_group.vpce",
            "module.dr_vpc.aws_subnet.private_app_1",
            "module.dr_vpc.aws_subnet.private_app_2",
            "module.dr_vpc.aws_vpc.this",
            "module.dr_vpc.data.aws_availability_zones.available",
            "module.dr_vpc.data.aws_region.current"
          ]
        }
      ]
    },
    {
      "module": "module.primary_ecs",
      "mode": "data",
      "type": "aws_caller_identity",
      "name": "current",
      "provider": "provider[\"registry.terraform.io/hashicorp/aws\"]",
      "instances": [
        {
          "schema_version": 0,
          "attributes": {
            "account_id": "180294215772",
            "arn": "arn:aws:iam::180294215772:user/Malik",
            "id": "180294215772",
            "user_id": "AIDAST6S7NBOL4K6MNLDK"
          },
          "sensitive_attributes": [],
          "identity_schema_version": 0
        }
      ]
    },
    {
      "module": "module.primary_ecs",
      "mode": "data",
      "type": "aws_region",
      "name": "current",
      "provider": "provider[\"registry.terraform.io/hashicorp/aws\"]",
      "instances": [
        {
          "schema_version": 0,
          "attributes": {
            "description": "US East (N. Virginia)",
            "endpoint": "ec2.us-east-1.amazonaws.com",
            "id": "us-east-1",
            "name": "us-east-1"
          },
          "sensitive_attributes": [],
          "identity_schema_version": 0
        }
      ]
    },
    {
      "module": "module.primary_ecs",
      "mode": "managed",
      "type": "aws_acm_certificate",
      "name": "this",
      "provider": "provider[\"registry.terraform.io/hashicorp/aws\"]",
      "instances": [
        {
          "schema_version": 0,
          "attributes": {
            "arn": "arn:aws:acm:us-east-1:180294215772:certificate/3922fa3c-f829-4b04-8e07-d1c77b334780",
            "certificate_authority_arn": "",
            "certificate_body": null,
            "certificate_chain": null,
            "domain_name": "awscloudcase.com",
            "domain_validation_options": [
              {
                "domain_name": "awscloudcase.com",
                "resource_record_name": "_1faaf6258a9a4fdef182cd7a12acf326.awscloudcase.com.",
                "resource_record_type": "CNAME",
                "resource_record_value": "_bb1f3a2ebb9a33b9774cef6202a3a364.zfyfvmchrl.acm-validations.aws."
              }
            ],
            "early_renewal_duration": "",
            "id": "arn:aws:acm:us-east-1:180294215772:certificate/3922fa3c-f829-4b04-8e07-d1c77b334780",
            "key_algorithm": "RSA_2048",
            "not_after": "2027-03-18T23:59:59Z",
            "not_before": "2026-02-17T00:00:00Z",
            "options": [
              {
                "certificate_transparency_logging_preference": "ENABLED"
              }
            ],
            "pending_renewal": false,
            "private_key": null,
            "renewal_eligibility": "ELIGIBLE",
            "renewal_summary": [],
            "status": "ISSUED",
            "subject_alternative_names": [
              "awscloudcase.com"
            ],
            "tags": {
              "Name": "itf-masters-tour-primary-cert"
            },
            "tags_all": {
              "Environment": "portfolio",
              "ManagedBy": "terraform",
              "Name": "itf-masters-tour-primary-cert",
              "Project": "itf-masters-tour"
            },
            "type": "AMAZON_ISSUED",
            "validation_emails": [],
            "validation_method": "DNS",
            "validation_option": []
          },
          "sensitive_attributes": [
            [
              {
                "type": "get_attr",
                "value": "private_key"
              }
            ]
          ],
          "identity_schema_version": 0,
          "private": "bnVsbA==",
          "create_before_destroy": true
        }
      ]
    },
    {
      "module": "module.primary_ecs",
      "mode": "managed",
      "type": "aws_acm_certificate_validation",
      "name": "this",
      "provider": "provider[\"registry.terraform.io/hashicorp/aws\"]",
      "instances": [
        {
          "schema_version": 0,
          "attributes": {
            "certificate_arn": "arn:aws:acm:us-east-1:180294215772:certificate/3922fa3c-f829-4b04-8e07-d1c77b334780",
            "id": "2026-02-17 12:59:24.634 +0000 UTC",
            "timeouts": null,
            "validation_record_fqdns": [
              "_1faaf6258a9a4fdef182cd7a12acf326.awscloudcase.com"
            ]
          },
          "sensitive_attributes": [],
          "identity_schema_version": 0,
          "private": "eyJlMmJmYjczMC1lY2FhLTExZTYtOGY4OC0zNDM2M2JjN2M0YzAiOnsiY3JlYXRlIjo0NTAwMDAwMDAwMDAwfX0=",
          "dependencies": [
            "module.primary_ecs.aws_acm_certificate.this",
            "module.primary_ecs.aws_route53_record.cert_validation"
          ]
        }
      ]
    },
    {
      "module": "module.primary_ecs",
      "mode": "managed",
      "type": "aws_cloudwatch_log_group",
      "name": "this",
      "provider": "provider[\"registry.terraform.io/hashicorp/aws\"]",
      "instances": [
        {
          "schema_version": 0,
          "attributes": {
            "arn": "arn:aws:logs:us-east-1:180294215772:log-group:/ecs/itf-masters-tour-primary",
            "id": "/ecs/itf-masters-tour-primary",
            "kms_key_id": "",
            "log_group_class": "STANDARD",
            "name": "/ecs/itf-masters-tour-primary",
            "name_prefix": "",
            "retention_in_days": 3,
            "skip_destroy": false,
            "tags": {
              "Name": "itf-masters-tour-primary-logs"
            },
            "tags_all": {
              "Environment": "portfolio",
              "ManagedBy": "terraform",
              "Name": "itf-masters-tour-primary-logs",
              "Project": "itf-masters-tour"
            }
          },
          "sensitive_attributes": [],
          "identity_schema_version": 0,
          "private": "bnVsbA=="
        }
      ]
    },
    {
      "module": "module.primary_ecs",
      "mode": "managed",
      "type": "aws_ecr_repository",
      "name": "this",
      "provider": "provider[\"registry.terraform.io/hashicorp/aws\"]",
      "instances": [
        {
          "index_key": 0,
          "schema_version": 0,
          "attributes": {
            "arn": "arn:aws:ecr:us-east-1:180294215772:repository/itf-masters-tour",
            "encryption_configuration": [
              {
                "encryption_type": "AES256",
                "kms_key": ""
              }
            ],
            "force_delete": true,
            "id": "itf-masters-tour",
            "image_scanning_configuration": [
              {
                "scan_on_push": false
              }
            ],
            "image_tag_mutability": "MUTABLE",
            "name": "itf-masters-tour",
            "registry_id": "180294215772",
            "repository_url": "180294215772.dkr.ecr.us-east-1.amazonaws.com/itf-masters-tour",
            "tags": {
              "Name": "itf-masters-tour-primary-ecr"
            },
            "tags_all": {
              "Environment": "portfolio",
              "ManagedBy": "terraform",
              "Name": "itf-masters-tour-primary-ecr",
              "Project": "itf-masters-tour"
            },
            "timeouts": null
          },
          "sensitive_attributes": [],
          "identity_schema_version": 0,
          "private": "eyJlMmJmYjczMC1lY2FhLTExZTYtOGY4OC0zNDM2M2JjN2M0YzAiOnsiZGVsZXRlIjoxMjAwMDAwMDAwMDAwfX0="
        }
      ]
    },
    {
      "module": "module.primary_ecs",
      "mode": "managed",
      "type": "aws_ecs_cluster",
      "name": "this",
      "provider": "provider[\"registry.terraform.io/hashicorp/aws\"]",
      "instances": [
        {
          "schema_version": 0,
          "attributes": {
            "arn": "arn:aws:ecs:us-east-1:180294215772:cluster/itf-masters-tour-primary",
            "configuration": [],
            "id": "arn:aws:ecs:us-east-1:180294215772:cluster/itf-masters-tour-primary",
            "name": "itf-masters-tour-primary",
            "service_connect_defaults": [],
            "setting": [
              {
                "name": "containerInsights",
                "value": "disabled"
              }
            ],
            "tags": {
              "Name": "itf-masters-tour-primary"
            },
            "tags_all": {
              "Environment": "portfolio",
              "ManagedBy": "terraform",
              "Name": "itf-masters-tour-primary",
              "Project": "itf-masters-tour"
            }
          },
          "sensitive_attributes": [],
          "identity_schema_version": 0,
          "private": "bnVsbA=="
        }
      ]
    },
    {
      "module": "module.primary_ecs",
      "mode": "managed",
      "type": "aws_ecs_service",
      "name": "this",
      "provider": "provider[\"registry.terraform.io/hashicorp/aws\"]",
      "instances": [
        {
          "schema_version": 1,
          "attributes": {
            "alarms": [],
            "availability_zone_rebalancing": "DISABLED",
            "capacity_provider_strategy": [],
            "cluster": "arn:aws:ecs:us-east-1:180294215772:cluster/itf-masters-tour-primary",
            "deployment_circuit_breaker": [
              {
                "enable": false,
                "rollback": false
              }
            ],
            "deployment_controller": [
              {
                "type": "ECS"
              }
            ],
            "deployment_maximum_percent": 200,
            "deployment_minimum_healthy_percent": 100,
            "desired_count": 1,
            "enable_ecs_managed_tags": false,
            "enable_execute_command": true,
            "force_delete": null,
            "force_new_deployment": null,
            "health_check_grace_period_seconds": 0,
            "iam_role": "/aws-service-role/ecs.amazonaws.com/AWSServiceRoleForECS",
            "id": "arn:aws:ecs:us-east-1:180294215772:service/itf-masters-tour-primary/itf-masters-tour-primary-service",
            "launch_type": "FARGATE",
            "load_balancer": [
              {
                "container_name": "flask",
                "container_port": 5000,
                "elb_name": "",
                "target_group_arn": "arn:aws:elasticloadbalancing:us-east-1:180294215772:targetgroup/itf-masters-tour-primary-tg/2c72a03000b5f17f"
              }
            ],
            "name": "itf-masters-tour-primary-service",
            "network_configuration": [
              {
                "assign_public_ip": false,
                "security_groups": [
                  "sg-0752dfad812121c2d"
                ],
                "subnets": [
                  "subnet-04e97626116f25b43",
                  "subnet-05378bedb76f11ced"
                ]
              }
            ],
            "ordered_placement_strategy": [],
            "placement_constraints": [],
            "platform_version": "LATEST",
            "propagate_tags": "NONE",
            "scheduling_strategy": "REPLICA",
            "service_connect_configuration": [],
            "service_registries": [],
            "tags": {
              "Name": "itf-masters-tour-primary-service"
            },
            "tags_all": {
              "Environment": "portfolio",
              "ManagedBy": "terraform",
              "Name": "itf-masters-tour-primary-service",
              "Project": "itf-masters-tour"
            },
            "task_definition": "arn:aws:ecs:us-east-1:180294215772:task-definition/itf-masters-tour-primary:1",
            "timeouts": null,
            "triggers": {},
            "volume_configuration": [],
            "vpc_lattice_configurations": [],
            "wait_for_steady_state": false
          },
          "sensitive_attributes": [],
          "identity_schema_version": 0,
          "private": "eyJlMmJmYjczMC1lY2FhLTExZTYtOGY4OC0zNDM2M2JjN2M0YzAiOnsiY3JlYXRlIjoxMjAwMDAwMDAwMDAwLCJkZWxldGUiOjEyMDAwMDAwMDAwMDAsInVwZGF0ZSI6MTIwMDAwMDAwMDAwMH0sInNjaGVtYV92ZXJzaW9uIjoiMSJ9",
          "dependencies": [
            "module.primary_ecs.aws_acm_certificate.this",
            "module.primary_ecs.aws_acm_certificate_validation.this",
            "module.primary_ecs.aws_cloudwatch_log_group.this",
            "module.primary_ecs.aws_ecr_repository.this",
            "module.primary_ecs.aws_ecs_cluster.this",
            "module.primary_ecs.aws_ecs_task_definition.this",
            "module.primary_ecs.aws_iam_role.execution",
            "module.primary_ecs.aws_iam_role.task",
            "module.primary_ecs.aws_lb.this",
            "module.primary_ecs.aws_lb_listener.https",
            "module.primary_ecs.aws_lb_target_group.this",
            "module.primary_ecs.aws_route53_record.cert_validation",
            "module.primary_ecs.data.aws_region.current",
            "module.primary_rds.aws_db_instance.this",
            "module.primary_rds.aws_db_subnet_group.this",
            "module.primary_rds.aws_kms_key.rds",
            "module.primary_rds.aws_secretsmanager_secret.db",
            "module.primary_vpc.aws_security_group.alb",
            "module.primary_vpc.aws_security_group.fargate",
            "module.primary_vpc.aws_security_group.rds",
            "module.primary_vpc.aws_subnet.private_app_1",
            "module.primary_vpc.aws_subnet.private_app_2",
            "module.primary_vpc.aws_subnet.private_db_1",
            "module.primary_vpc.aws_subnet.private_db_2",
            "module.primary_vpc.aws_subnet.public_1",
            "module.primary_vpc.aws_subnet.public_2",
            "module.primary_vpc.aws_vpc.this",
            "module.primary_vpc.data.aws_availability_zones.available",
            "random_password.db"
          ]
        }
      ]
    },
    {
      "module": "module.primary_ecs",
      "mode": "managed",
      "type": "aws_ecs_task_definition",
      "name": "this",
      "provider": "provider[\"registry.terraform.io/hashicorp/aws\"]",
      "instances": [
        {
          "schema_version": 1,
          "attributes": {
            "arn": "arn:aws:ecs:us-east-1:180294215772:task-definition/itf-masters-tour-primary:1",
            "arn_without_revision": "arn:aws:ecs:us-east-1:180294215772:task-definition/itf-masters-tour-primary",
            "container_definitions": "[{\"environment\":[{\"name\":\"DB_HOST\",\"value\":\"itf-masters-tour-primary-postgres.cl2s8sowg0wr.us-east-1.rds.amazonaws.com\"},{\"name\":\"DB_NAME\",\"value\":\"itf_tournament\"},{\"name\":\"DB_PORT\",\"value\":\"5432\"}],\"essential\":true,\"image\":\"180294215772.dkr.ecr.us-east-1.amazonaws.com/itf-masters-tour:latest\",\"logConfiguration\":{\"logDriver\":\"awslogs\",\"options\":{\"awslogs-region\":\"us-east-1\",\"awslogs-stream-prefix\":\"flask\",\"awslogs-group\":\"/ecs/itf-masters-tour-primary\"}},\"mountPoints\":[],\"name\":\"flask\",\"portMappings\":[{\"containerPort\":5000,\"hostPort\":5000,\"protocol\":\"tcp\"}],\"secrets\":[{\"name\":\"DB_PASSWORD\",\"valueFrom\":\"arn:aws:secretsmanager:us-east-1:180294215772:secret:itf-masters-tour-primary-db-credentials-T50tuf:password::\"},{\"name\":\"DB_USER\",\"valueFrom\":\"arn:aws:secretsmanager:us-east-1:180294215772:secret:itf-masters-tour-primary-db-credentials-T50tuf:username::\"}],\"systemControls\":[],\"volumesFrom\":[]}]",
            "cpu": "256",
            "enable_fault_injection": false,
            "ephemeral_storage": [],
            "execution_role_arn": "arn:aws:iam::180294215772:role/itf-masters-tour-primary-ecs-execution",
            "family": "itf-masters-tour-primary",
            "id": "itf-masters-tour-primary",
            "inference_accelerator": [],
            "ipc_mode": "",
            "memory": "512",
            "network_mode": "awsvpc",
            "pid_mode": "",
            "placement_constraints": [],
            "proxy_configuration": [],
            "requires_compatibilities": [
              "FARGATE"
            ],
            "revision": 1,
            "runtime_platform": [],
            "skip_destroy": false,
            "tags": {
              "Name": "itf-masters-tour-primary"
            },
            "tags_all": {
              "Environment": "portfolio",
              "ManagedBy": "terraform",
              "Name": "itf-masters-tour-primary",
              "Project": "itf-masters-tour"
            },
            "task_role_arn": "arn:aws:iam::180294215772:role/itf-masters-tour-primary-ecs-task",
            "track_latest": false,
            "volume": []
          },
          "sensitive_attributes": [],
          "identity_schema_version": 0,
          "private": "eyJzY2hlbWFfdmVyc2lvbiI6IjEifQ==",
          "dependencies": [
            "module.primary_ecs.aws_cloudwatch_log_group.this",
            "module.primary_ecs.aws_ecr_repository.this",
            "module.primary_ecs.aws_iam_role.execution",
            "module.primary_ecs.aws_iam_role.task",
            "module.primary_ecs.data.aws_region.current",
            "module.primary_rds.aws_db_instance.this",
            "module.primary_rds.aws_db_subnet_group.this",
            "module.primary_rds.aws_kms_key.rds",
            "module.primary_rds.aws_secretsmanager_secret.db",
            "module.primary_vpc.aws_security_group.alb",
            "module.primary_vpc.aws_security_group.fargate",
            "module.primary_vpc.aws_security_group.rds",
            "module.primary_vpc.aws_subnet.private_db_1",
            "module.primary_vpc.aws_subnet.private_db_2",
            "module.primary_vpc.aws_vpc.this",
            "module.primary_vpc.data.aws_availability_zones.available",
            "random_password.db"
          ]
        }
      ]
    },
    {
      "module": "module.primary_ecs",
      "mode": "managed",
      "type": "aws_iam_role",
      "name": "execution",
      "provider": "provider[\"registry.terraform.io/hashicorp/aws\"]",
      "instances": [
        {
          "schema_version": 0,
          "attributes": {
            "arn": "arn:aws:iam::180294215772:role/itf-masters-tour-primary-ecs-execution",
            "assume_role_policy": "{\"Statement\":[{\"Action\":\"sts:AssumeRole\",\"Effect\":\"Allow\",\"Principal\":{\"Service\":\"ecs-tasks.amazonaws.com\"}}],\"Version\":\"2012-10-17\"}",
            "create_date": "2026-02-17T12:59:07Z",
            "description": "",
            "force_detach_policies": false,
            "id": "itf-masters-tour-primary-ecs-execution",
            "inline_policy": [
              {
                "name": "itf-masters-tour-primary-ecs-execution-policy",
                "policy": "{\"Version\":\"2012-10-17\",\"Statement\":[{\"Action\":[\"ecr:GetAuthorizationToken\",\"ecr:BatchCheckLayerAvailability\",\"ecr:GetDownloadUrlForLayer\",\"ecr:BatchGetImage\"],\"Effect\":\"Allow\",\"Resource\":\"*\"},{\"Action\":[\"secretsmanager:GetSecretValue\"],\"Effect\":\"Allow\",\"Resource\":[\"arn:aws:secretsmanager:us-east-1:180294215772:secret:itf-masters-tour-primary-db-credentials-T50tuf\"]},{\"Action\":[\"logs:CreateLogStream\",\"logs:PutLogEvents\"],\"Effect\":\"Allow\",\"Resource\":[\"arn:aws:logs:us-east-1:180294215772:log-group:/ecs/itf-masters-tour-primary:*\"]}]}"
              }
            ],
            "managed_policy_arns": [],
            "max_session_duration": 3600,
            "name": "itf-masters-tour-primary-ecs-execution",
            "name_prefix": "",
            "path": "/",
            "permissions_boundary": "",
            "tags": {
              "Name": "itf-masters-tour-primary-ecs-execution"
            },
            "tags_all": {
              "Environment": "portfolio",
              "ManagedBy": "terraform",
              "Name": "itf-masters-tour-primary-ecs-execution",
              "Project": "itf-masters-tour"
            },
            "unique_id": "AROAST6S7NBOOOSDWLV74"
          },
          "sensitive_attributes": [],
          "identity_schema_version": 0,
          "private": "bnVsbA=="
        }
      ]
    },
    {
      "module": "module.primary_ecs",
      "mode": "managed",
      "type": "aws_iam_role",
      "name": "task",
      "provider": "provider[\"registry.terraform.io/hashicorp/aws\"]",
      "instances": [
        {
          "schema_version": 0,
          "attributes": {
            "arn": "arn:aws:iam::180294215772:role/itf-masters-tour-primary-ecs-task",
            "assume_role_policy": "{\"Statement\":[{\"Action\":\"sts:AssumeRole\",\"Effect\":\"Allow\",\"Principal\":{\"Service\":\"ecs-tasks.amazonaws.com\"}}],\"Version\":\"2012-10-17\"}",
            "create_date": "2026-02-17T12:59:07Z",
            "description": "",
            "force_detach_policies": false,
            "id": "itf-masters-tour-primary-ecs-task",
            "inline_policy": [
              {
                "name": "itf-masters-tour-primary-ecs-task-policy",
                "policy": "{\"Version\":\"2012-10-17\",\"Statement\":[{\"Action\":[\"ssmmessages:CreateControlChannel\",\"ssmmessages:CreateDataChannel\",\"ssmmessages:OpenControlChannel\",\"ssmmessages:OpenDataChannel\"],\"Effect\":\"Allow\",\"Resource\":\"*\"},{\"Action\":[\"s3:GetObject\"],\"Effect\":\"Allow\",\"Resource\":[\"arn:aws:s3:::itf-masters-tour-evidence/*\"]}]}"
              }
            ],
            "managed_policy_arns": [],
            "max_session_duration": 3600,
            "name": "itf-masters-tour-primary-ecs-task",
            "name_prefix": "",
            "path": "/",
            "permissions_boundary": "",
            "tags": {
              "Name": "itf-masters-tour-primary-ecs-task"
            },
            "tags_all": {
              "Environment": "portfolio",
              "ManagedBy": "terraform",
              "Name": "itf-masters-tour-primary-ecs-task",
              "Project": "itf-masters-tour"
            },
            "unique_id": "AROAST6S7NBOOVFAK6NOC"
          },
          "sensitive_attributes": [],
          "identity_schema_version": 0,
          "private": "bnVsbA=="
        }
      ]
    },
    {
      "module": "module.primary_ecs",
      "mode": "managed",
      "type": "aws_iam_role_policy",
      "name": "execution",
      "provider": "provider[\"registry.terraform.io/hashicorp/aws\"]",
      "instances": [
        {
          "schema_version": 0,
          "attributes": {
            "id": "itf-masters-tour-primary-ecs-execution:itf-masters-tour-primary-ecs-execution-policy",
            "name": "itf-masters-tour-primary-ecs-execution-policy",
            "name_prefix": "",
            "policy": "{\"Version\":\"2012-10-17\",\"Statement\":[{\"Action\":[\"ecr:GetAuthorizationToken\",\"ecr:BatchCheckLayerAvailability\",\"ecr:GetDownloadUrlForLayer\",\"ecr:BatchGetImage\"],\"Effect\":\"Allow\",\"Resource\":\"*\"},{\"Action\":[\"secretsmanager:GetSecretValue\"],\"Effect\":\"Allow\",\"Resource\":[\"arn:aws:secretsmanager:us-east-1:180294215772:secret:itf-masters-tour-primary-db-credentials-T50tuf\"]},{\"Action\":[\"logs:CreateLogStream\",\"logs:PutLogEvents\"],\"Effect\":\"Allow\",\"Resource\":[\"arn:aws:logs:us-east-1:180294215772:log-group:/ecs/itf-masters-tour-primary:*\"]}]}",
            "role": "itf-masters-tour-primary-ecs-execution"
          },
          "sensitive_attributes": [],
          "identity_schema_version": 0,
          "private": "bnVsbA==",
          "dependencies": [
            "module.primary_ecs.aws_cloudwatch_log_group.this",
            "module.primary_ecs.aws_iam_role.execution",
            "module.primary_rds.aws_secretsmanager_secret.db"
          ]
        }
      ]
    },
    {
      "module": "module.primary_ecs",
      "mode": "managed",
      "type": "aws_iam_role_policy",
      "name": "task",
      "provider": "provider[\"registry.terraform.io/hashicorp/aws\"]",
      "instances": [
        {
          "schema_version": 0,
          "attributes": {
            "id": "itf-masters-tour-primary-ecs-task:itf-masters-tour-primary-ecs-task-policy",
            "name": "itf-masters-tour-primary-ecs-task-policy",
            "name_prefix": "",
            "policy": "{\"Version\":\"2012-10-17\",\"Statement\":[{\"Action\":[\"ssmmessages:CreateControlChannel\",\"ssmmessages:CreateDataChannel\",\"ssmmessages:OpenControlChannel\",\"ssmmessages:OpenDataChannel\"],\"Effect\":\"Allow\",\"Resource\":\"*\"},{\"Action\":[\"s3:GetObject\"],\"Effect\":\"Allow\",\"Resource\":[\"arn:aws:s3:::itf-masters-tour-evidence/*\"]}]}",
            "role": "itf-masters-tour-primary-ecs-task"
          },
          "sensitive_attributes": [],
          "identity_schema_version": 0,
          "private": "bnVsbA==",
          "dependencies": [
            "module.primary_ecs.aws_iam_role.task"
          ]
        }
      ]
    },
    {
      "module": "module.primary_ecs",
      "mode": "managed",
      "type": "aws_lb",
      "name": "this",
      "provider": "provider[\"registry.terraform.io/hashicorp/aws\"]",
      "instances": [
        {
          "schema_version": 0,
          "attributes": {
            "access_logs": [
              {
                "bucket": "",
                "enabled": false,
                "prefix": ""
              }
            ],
            "arn": "arn:aws:elasticloadbalancing:us-east-1:180294215772:loadbalancer/app/itf-masters-tour-primary-alb/8ce93416adb435e8",
            "arn_suffix": "app/itf-masters-tour-primary-alb/8ce93416adb435e8",
            "client_keep_alive": 3600,
            "connection_logs": [
              {
                "bucket": "",
                "enabled": false,
                "prefix": ""
              }
            ],
            "customer_owned_ipv4_pool": "",
            "desync_mitigation_mode": "defensive",
            "dns_name": "itf-masters-tour-primary-alb-1601080841.us-east-1.elb.amazonaws.com",
            "dns_record_client_routing_policy": null,
            "drop_invalid_header_fields": false,
            "enable_cross_zone_load_balancing": true,
            "enable_deletion_protection": false,
            "enable_http2": true,
            "enable_tls_version_and_cipher_suite_headers": false,
            "enable_waf_fail_open": false,
            "enable_xff_client_port": false,
            "enable_zonal_shift": false,
            "enforce_security_group_inbound_rules_on_private_link_traffic": "",
            "id": "arn:aws:elasticloadbalancing:us-east-1:180294215772:loadbalancer/app/itf-masters-tour-primary-alb/8ce93416adb435e8",
            "idle_timeout": 60,
            "internal": false,
            "ip_address_type": "ipv4",
            "ipam_pools": [],
            "load_balancer_type": "application",
            "minimum_load_balancer_capacity": [],
            "name": "itf-masters-tour-primary-alb",
            "name_prefix": "",
            "preserve_host_header": false,
            "security_groups": [
              "sg-08e40080eea869d55"
            ],
            "subnet_mapping": [
              {
                "allocation_id": "",
                "ipv6_address": "",
                "outpost_id": "",
                "private_ipv4_address": "",
                "subnet_id": "subnet-04ef416cd86be1e92"
              },
              {
                "allocation_id": "",
                "ipv6_address": "",
                "outpost_id": "",
                "private_ipv4_address": "",
                "subnet_id": "subnet-0ba3dcf27eac30179"
              }
            ],
            "subnets": [
              "subnet-04ef416cd86be1e92",
              "subnet-0ba3dcf27eac30179"
            ],
            "tags": {
              "Name": "itf-masters-tour-primary-alb"
            },
            "tags_all": {
              "Environment": "portfolio",
              "ManagedBy": "terraform",
              "Name": "itf-masters-tour-primary-alb",
              "Project": "itf-masters-tour"
            },
            "timeouts": null,
            "vpc_id": "vpc-0f5a718e356e080b1",
            "xff_header_processing_mode": "append",
            "zone_id": "Z35SXDOTRQ7X7K"
          },
          "sensitive_attributes": [],
          "identity_schema_version": 0,
          "private": "eyJlMmJmYjczMC1lY2FhLTExZTYtOGY4OC0zNDM2M2JjN2M0YzAiOnsiY3JlYXRlIjo2MDAwMDAwMDAwMDAsImRlbGV0ZSI6NjAwMDAwMDAwMDAwLCJ1cGRhdGUiOjYwMDAwMDAwMDAwMH19",
          "dependencies": [
            "module.primary_vpc.aws_security_group.alb",
            "module.primary_vpc.aws_subnet.public_1",
            "module.primary_vpc.aws_subnet.public_2",
            "module.primary_vpc.aws_vpc.this",
            "module.primary_vpc.data.aws_availability_zones.available"
          ]
        }
      ]
    },
    {
      "module": "module.primary_ecs",
      "mode": "managed",
      "type": "aws_lb_listener",
      "name": "http_redirect",
      "provider": "provider[\"registry.terraform.io/hashicorp/aws\"]",
      "instances": [
        {
          "schema_version": 0,
          "attributes": {
            "alpn_policy": null,
            "arn": "arn:aws:elasticloadbalancing:us-east-1:180294215772:listener/app/itf-masters-tour-primary-alb/8ce93416adb435e8/c425a681a95670bf",
            "certificate_arn": null,
            "default_action": [
              {
                "authenticate_cognito": [],
                "authenticate_oidc": [],
                "fixed_response": [],
                "forward": [],
                "order": 1,
                "redirect": [
                  {
                    "host": "#{host}",
                    "path": "/#{path}",
                    "port": "443",
                    "protocol": "HTTPS",
                    "query": "#{query}",
                    "status_code": "HTTP_301"
                  }
                ],
                "target_group_arn": "",
                "type": "redirect"
              }
            ],
            "id": "arn:aws:elasticloadbalancing:us-east-1:180294215772:listener/app/itf-masters-tour-primary-alb/8ce93416adb435e8/c425a681a95670bf",
            "load_balancer_arn": "arn:aws:elasticloadbalancing:us-east-1:180294215772:loadbalancer/app/itf-masters-tour-primary-alb/8ce93416adb435e8",
            "mutual_authentication": [],
            "port": 80,
            "protocol": "HTTP",
            "routing_http_request_x_amzn_mtls_clientcert_header_name": null,
            "routing_http_request_x_amzn_mtls_clientcert_issuer_header_name": null,
            "routing_http_request_x_amzn_mtls_clientcert_leaf_header_name": null,
            "routing_http_request_x_amzn_mtls_clientcert_serial_number_header_name": null,
            "routing_http_request_x_amzn_mtls_clientcert_subject_header_name": null,
            "routing_http_request_x_amzn_mtls_clientcert_validity_header_name": null,
            "routing_http_request_x_amzn_tls_cipher_suite_header_name": null,
            "routing_http_request_x_amzn_tls_version_header_name": null,
            "routing_http_response_access_control_allow_credentials_header_value": "",
            "routing_http_response_access_control_allow_headers_header_value": "",
            "routing_http_response_access_control_allow_methods_header_value": "",
            "routing_http_response_access_control_allow_origin_header_value": "",
            "routing_http_response_access_control_expose_headers_header_value": "",
            "routing_http_response_access_control_max_age_header_value": "",
            "routing_http_response_content_security_policy_header_value": "",
            "routing_http_response_server_enabled": true,
            "routing_http_response_strict_transport_security_header_value": "",
            "routing_http_response_x_content_type_options_header_value": "",
            "routing_http_response_x_frame_options_header_value": "",
            "ssl_policy": "",
            "tags": {},
            "tags_all": {
              "Environment": "portfolio",
              "ManagedBy": "terraform",
              "Project": "itf-masters-tour"
            },
            "tcp_idle_timeout_seconds": null,
            "timeouts": null
          },
          "sensitive_attributes": [],
          "identity_schema_version": 0,
          "private": "eyJlMmJmYjczMC1lY2FhLTExZTYtOGY4OC0zNDM2M2JjN2M0YzAiOnsiY3JlYXRlIjozMDAwMDAwMDAwMDAsInVwZGF0ZSI6MzAwMDAwMDAwMDAwfX0=",
          "dependencies": [
            "module.primary_ecs.aws_lb.this",
            "module.primary_vpc.aws_security_group.alb",
            "module.primary_vpc.aws_subnet.public_1",
            "module.primary_vpc.aws_subnet.public_2",
            "module.primary_vpc.aws_vpc.this",
            "module.primary_vpc.data.aws_availability_zones.available"
          ]
        }
      ]
    },
    {
      "module": "module.primary_ecs",
      "mode": "managed",
      "type": "aws_lb_listener",
      "name": "https",
      "provider": "provider[\"registry.terraform.io/hashicorp/aws\"]",
      "instances": [
        {
          "schema_version": 0,
          "attributes": {
            "alpn_policy": null,
            "arn": "arn:aws:elasticloadbalancing:us-east-1:180294215772:listener/app/itf-masters-tour-primary-alb/8ce93416adb435e8/4f4d96eee7a2be2f",
            "certificate_arn": "arn:aws:acm:us-east-1:180294215772:certificate/3922fa3c-f829-4b04-8e07-d1c77b334780",
            "default_action": [
              {
                "authenticate_cognito": [],
                "authenticate_oidc": [],
                "fixed_response": [],
                "forward": [],
                "order": 1,
                "redirect": [],
                "target_group_arn": "arn:aws:elasticloadbalancing:us-east-1:180294215772:targetgroup/itf-masters-tour-primary-tg/2c72a03000b5f17f",
                "type": "forward"
              }
            ],
            "id": "arn:aws:elasticloadbalancing:us-east-1:180294215772:listener/app/itf-masters-tour-primary-alb/8ce93416adb435e8/4f4d96eee7a2be2f",
            "load_balancer_arn": "arn:aws:elasticloadbalancing:us-east-1:180294215772:loadbalancer/app/itf-masters-tour-primary-alb/8ce93416adb435e8",
            "mutual_authentication": [
              {
                "advertise_trust_store_ca_names": "",
                "ignore_client_certificate_expiry": false,
                "mode": "off",
                "trust_store_arn": ""
              }
            ],
            "port": 443,
            "protocol": "HTTPS",
            "routing_http_request_x_amzn_mtls_clientcert_header_name": "",
            "routing_http_request_x_amzn_mtls_clientcert_issuer_header_name": "",
            "routing_http_request_x_amzn_mtls_clientcert_leaf_header_name": "",
            "routing_http_request_x_amzn_mtls_clientcert_serial_number_header_name": "",
            "routing_http_request_x_amzn_mtls_clientcert_subject_header_name": "",
            "routing_http_request_x_amzn_mtls_clientcert_validity_header_name": "",
            "routing_http_request_x_amzn_tls_cipher_suite_header_name": "",
            "routing_http_request_x_amzn_tls_version_header_name": "",
            "routing_http_response_access_control_allow_credentials_header_value": "",
            "routing_http_response_access_control_allow_headers_header_value": "",
            "routing_http_response_access_control_allow_methods_header_value": "",
            "routing_http_response_access_control_allow_origin_header_value": "",
            "routing_http_response_access_control_expose_headers_header_value": "",
            "routing_http_response_access_control_max_age_header_value": "",
            "routing_http_response_content_security_policy_header_value": "",
            "routing_http_response_server_enabled": true,
            "routing_http_response_strict_transport_security_header_value": "",
            "routing_http_response_x_content_type_options_header_value": "",
            "routing_http_response_x_frame_options_header_value": "",
            "ssl_policy": "ELBSecurityPolicy-TLS13-1-2-2021-06",
            "tags": {},
            "tags_all": {
              "Environment": "portfolio",
              "ManagedBy": "terraform",
              "Project": "itf-masters-tour"
            },
            "tcp_idle_timeout_seconds": null,
            "timeouts": null
          },
          "sensitive_attributes": [],
          "identity_schema_version": 0,
          "private": "eyJlMmJmYjczMC1lY2FhLTExZTYtOGY4OC0zNDM2M2JjN2M0YzAiOnsiY3JlYXRlIjozMDAwMDAwMDAwMDAsInVwZGF0ZSI6MzAwMDAwMDAwMDAwfX0=",
          "dependencies": [
            "module.primary_ecs.aws_acm_certificate.this",
            "module.primary_ecs.aws_acm_certificate_validation.this",
            "module.primary_ecs.aws_lb.this",
            "module.primary_ecs.aws_lb_target_group.this",
            "module.primary_ecs.aws_route53_record.cert_validation",
            "module.primary_vpc.aws_security_group.alb",
            "module.primary_vpc.aws_subnet.public_1",
            "module.primary_vpc.aws_subnet.public_2",
            "module.primary_vpc.aws_vpc.this",
            "module.primary_vpc.data.aws_availability_zones.available"
          ]
        }
      ]
    },
    {
      "module": "module.primary_ecs",
      "mode": "managed",
      "type": "aws_lb_target_group",
      "name": "this",
      "provider": "provider[\"registry.terraform.io/hashicorp/aws\"]",
      "instances": [
        {
          "schema_version": 0,
          "attributes": {
            "arn": "arn:aws:elasticloadbalancing:us-east-1:180294215772:targetgroup/itf-masters-tour-primary-tg/2c72a03000b5f17f",
            "arn_suffix": "targetgroup/itf-masters-tour-primary-tg/2c72a03000b5f17f",
            "connection_termination": null,
            "deregistration_delay": "300",
            "health_check": [
              {
                "enabled": true,
                "healthy_threshold": 2,
                "interval": 30,
                "matcher": "200",
                "path": "/tournaments",
                "port": "traffic-port",
                "protocol": "HTTP",
                "timeout": 10,
                "unhealthy_threshold": 3
              }
            ],
            "id": "arn:aws:elasticloadbalancing:us-east-1:180294215772:targetgroup/itf-masters-tour-primary-tg/2c72a03000b5f17f",
            "ip_address_type": "ipv4",
            "lambda_multi_value_headers_enabled": false,
            "load_balancer_arns": [
              "arn:aws:elasticloadbalancing:us-east-1:180294215772:loadbalancer/app/itf-masters-tour-primary-alb/8ce93416adb435e8"
            ],
            "load_balancing_algorithm_type": "round_robin",
            "load_balancing_anomaly_mitigation": "off",
            "load_balancing_cross_zone_enabled": "use_load_balancer_configuration",
            "name": "itf-masters-tour-primary-tg",
            "name_prefix": "",
            "port": 5000,
            "preserve_client_ip": null,
            "protocol": "HTTP",
            "protocol_version": "HTTP1",
            "proxy_protocol_v2": false,
            "slow_start": 0,
            "stickiness": [
              {
                "cookie_duration": 86400,
                "cookie_name": "",
                "enabled": false,
                "type": "lb_cookie"
              }
            ],
            "tags": {
              "Name": "itf-masters-tour-primary-tg"
            },
            "tags_all": {
              "Environment": "portfolio",
              "ManagedBy": "terraform",
              "Name": "itf-masters-tour-primary-tg",
              "Project": "itf-masters-tour"
            },
            "target_failover": [
              {
                "on_deregistration": null,
                "on_unhealthy": null
              }
            ],
            "target_group_health": [
              {
                "dns_failover": [
                  {
                    "minimum_healthy_targets_count": "1",
                    "minimum_healthy_targets_percentage": "off"
                  }
                ],
                "unhealthy_state_routing": [
                  {
                    "minimum_healthy_targets_count": 1,
                    "minimum_healthy_targets_percentage": "off"
                  }
                ]
              }
            ],
            "target_health_state": [
              {
                "enable_unhealthy_connection_termination": null,
                "unhealthy_draining_interval": null
              }
            ],
            "target_type": "ip",
            "vpc_id": "vpc-0f5a718e356e080b1"
          },
          "sensitive_attributes": [],
          "identity_schema_version": 0,
          "private": "bnVsbA==",
          "dependencies": [
            "module.primary_vpc.aws_vpc.this"
          ]
        }
      ]
    },
    {
      "module": "module.primary_ecs",
      "mode": "managed",
      "type": "aws_route53_record",
      "name": "cert_validation",
      "provider": "provider[\"registry.terraform.io/hashicorp/aws\"]",
      "instances": [
        {
          "index_key": "awscloudcase.com",
          "schema_version": 2,
          "attributes": {
            "alias": [],
            "allow_overwrite": true,
            "cidr_routing_policy": [],
            "failover_routing_policy": [],
            "fqdn": "_1faaf6258a9a4fdef182cd7a12acf326.awscloudcase.com",
            "geolocation_routing_policy": [],
            "geoproximity_routing_policy": [],
            "health_check_id": "",
            "id": "Z023982439K9GBELWF4Z4__1faaf6258a9a4fdef182cd7a12acf326.awscloudcase.com._CNAME",
            "latency_routing_policy": [],
            "multivalue_answer_routing_policy": false,
            "name": "_1faaf6258a9a4fdef182cd7a12acf326.awscloudcase.com",
            "records": [
              "_bb1f3a2ebb9a33b9774cef6202a3a364.zfyfvmchrl.acm-validations.aws."
            ],
            "set_identifier": "",
            "timeouts": null,
            "ttl": 60,
            "type": "CNAME",
            "weighted_routing_policy": [],
            "zone_id": "Z023982439K9GBELWF4Z4"
          },
          "sensitive_attributes": [],
          "identity_schema_version": 0,
          "private": "eyJlMmJmYjczMC1lY2FhLTExZTYtOGY4OC0zNDM2M2JjN2M0YzAiOnsiY3JlYXRlIjoxODAwMDAwMDAwMDAwLCJkZWxldGUiOjE4MDAwMDAwMDAwMDAsInVwZGF0ZSI6MTgwMDAwMDAwMDAwMH0sInNjaGVtYV92ZXJzaW9uIjoiMiJ9",
          "dependencies": [
            "module.primary_ecs.aws_acm_certificate.this"
          ]
        }
      ]
    },
    {
      "module": "module.primary_rds",
      "mode": "managed",
      "type": "aws_db_instance",
      "name": "this",
      "provider": "provider[\"registry.terraform.io/hashicorp/aws\"]",
      "instances": [
        {
          "schema_version": 2,
          "attributes": {
            "address": "itf-masters-tour-primary-postgres.cl2s8sowg0wr.us-east-1.rds.amazonaws.com",
            "allocated_storage": 20,
            "allow_major_version_upgrade": null,
            "apply_immediately": false,
            "arn": "arn:aws:rds:us-east-1:180294215772:db:itf-masters-tour-primary-postgres",
            "auto_minor_version_upgrade": true,
            "availability_zone": "us-east-1a",
            "backup_retention_period": 1,
            "backup_target": "region",
            "backup_window": "09:33-10:03",
            "blue_green_update": [],
            "ca_cert_identifier": "rds-ca-rsa2048-g1",
            "character_set_name": "",
            "copy_tags_to_snapshot": false,
            "custom_iam_instance_profile": "",
            "customer_owned_ip_enabled": false,
            "database_insights_mode": "standard",
            "db_name": "itf_tournament",
            "db_subnet_group_name": "itf-masters-tour-primary-db-subnets",
            "dedicated_log_volume": false,
            "delete_automated_backups": true,
            "deletion_protection": false,
            "domain": "",
            "domain_auth_secret_arn": "",
            "domain_dns_ips": [],
            "domain_fqdn": "",
            "domain_iam_role_name": "",
            "domain_ou": "",
            "enabled_cloudwatch_logs_exports": [],
            "endpoint": "itf-masters-tour-primary-postgres.cl2s8sowg0wr.us-east-1.rds.amazonaws.com:5432",
            "engine": "postgres",
            "engine_lifecycle_support": "open-source-rds-extended-support",
            "engine_version": "16",
            "engine_version_actual": "16.10",
            "final_snapshot_identifier": null,
            "hosted_zone_id": "Z2R2ITUGPM61AM",
            "iam_database_authentication_enabled": false,
            "id": "db-I6BKHII5UG5LPQUDV6IGHW6CLI",
            "identifier": "itf-masters-tour-primary-postgres",
            "identifier_prefix": "",
            "instance_class": "db.t4g.micro",
            "iops": 3000,
            "kms_key_id": "arn:aws:kms:us-east-1:180294215772:key/ea4d7d4b-4920-45f9-ac73-7059dadec309",
            "latest_restorable_time": "2026-02-17T19:49:36Z",
            "license_model": "postgresql-license",
            "listener_endpoint": [],
            "maintenance_window": "wed:08:36-wed:09:06",
            "manage_master_user_password": null,
            "master_user_secret": [],
            "master_user_secret_kms_key_id": null,
            "max_allocated_storage": 0,
            "monitoring_interval": 0,
            "monitoring_role_arn": "",
            "multi_az": true,
            "nchar_character_set_name": "",
            "network_type": "IPV4",
            "option_group_name": "default:postgres-16",
            "parameter_group_name": "default.postgres16",
            "password": "HLkh4lkk290HPCtf9mQZUflh",
            "password_wo": null,
            "password_wo_version": null,
            "performance_insights_enabled": false,
            "performance_insights_kms_key_id": "",
            "performance_insights_retention_period": 0,
            "port": 5432,
            "publicly_accessible": false,
            "replica_mode": "",
            "replicas": [
              "arn:aws:rds:us-west-2:180294215772:db:itf-masters-tour-dr-postgres"
            ],
            "replicate_source_db": "",
            "resource_id": "db-I6BKHII5UG5LPQUDV6IGHW6CLI",
            "restore_to_point_in_time": [],
            "s3_import": [],
            "skip_final_snapshot": true,
            "snapshot_identifier": null,
            "status": "available",
            "storage_encrypted": true,
            "storage_throughput": 125,
            "storage_type": "gp3",
            "tags": {
              "Name": "itf-masters-tour-primary-postgres"
            },
            "tags_all": {
              "Environment": "portfolio",
              "ManagedBy": "terraform",
              "Name": "itf-masters-tour-primary-postgres",
              "Project": "itf-masters-tour"
            },
            "timeouts": null,
            "timezone": "",
            "upgrade_storage_config": null,
            "username": "itfuser",
            "vpc_security_group_ids": [
              "sg-013d24597f944dc7e"
            ]
          },
          "sensitive_attributes": [
            [
              {
                "type": "get_attr",
                "value": "password"
              }
            ],
            [
              {
                "type": "get_attr",
                "value": "password_wo"
              }
            ]
          ],
          "identity_schema_version": 0,
          "private": "eyJlMmJmYjczMC1lY2FhLTExZTYtOGY4OC0zNDM2M2JjN2M0YzAiOnsiY3JlYXRlIjozMDAwMDAwMDAwMDAwLCJkZWxldGUiOjM2MDAwMDAwMDAwMDAsInVwZGF0ZSI6NDgwMDAwMDAwMDAwMH0sInNjaGVtYV92ZXJzaW9uIjoiMiJ9",
          "dependencies": [
            "module.primary_rds.aws_db_subnet_group.this",
            "module.primary_rds.aws_kms_key.rds",
            "module.primary_vpc.aws_security_group.alb",
            "module.primary_vpc.aws_security_group.fargate",
            "module.primary_vpc.aws_security_group.rds",
            "module.primary_vpc.aws_subnet.private_db_1",
            "module.primary_vpc.aws_subnet.private_db_2",
            "module.primary_vpc.aws_vpc.this",
            "module.primary_vpc.data.aws_availability_zones.available",
            "random_password.db"
          ]
        }
      ]
    },
    {
      "module": "module.primary_rds",
      "mode": "managed",
      "type": "aws_db_subnet_group",
      "name": "this",
      "provider": "provider[\"registry.terraform.io/hashicorp/aws\"]",
      "instances": [
        {
          "schema_version": 0,
          "attributes": {
            "arn": "arn:aws:rds:us-east-1:180294215772:subgrp:itf-masters-tour-primary-db-subnets",
            "description": "Managed by Terraform",
            "id": "itf-masters-tour-primary-db-subnets",
            "name": "itf-masters-tour-primary-db-subnets",
            "name_prefix": "",
            "subnet_ids": [
              "subnet-02ac32868397d76a1",
              "subnet-09323e4699e6d02b8"
            ],
            "supported_network_types": [
              "IPV4"
            ],
            "tags": {
              "Name": "itf-masters-tour-primary-db-subnets"
            },
            "tags_all": {
              "Environment": "portfolio",
              "ManagedBy": "terraform",
              "Name": "itf-masters-tour-primary-db-subnets",
              "Project": "itf-masters-tour"
            },
            "vpc_id": "vpc-0f5a718e356e080b1"
          },
          "sensitive_attributes": [],
          "identity_schema_version": 0,
          "private": "bnVsbA==",
          "dependencies": [
            "module.primary_vpc.aws_subnet.private_db_1",
            "module.primary_vpc.aws_subnet.private_db_2",
            "module.primary_vpc.aws_vpc.this",
            "module.primary_vpc.data.aws_availability_zones.available"
          ]
        }
      ]
    },
    {
      "module": "module.primary_rds",
      "mode": "managed",
      "type": "aws_secretsmanager_secret",
      "name": "db",
      "provider": "provider[\"registry.terraform.io/hashicorp/aws\"]",
      "instances": [
        {
          "schema_version": 0,
          "attributes": {
            "arn": "arn:aws:secretsmanager:us-east-1:180294215772:secret:itf-masters-tour-primary-db-credentials-T50tuf",
            "description": "RDS PostgreSQL credentials for itf-masters-tour",
            "force_overwrite_replica_secret": false,
            "id": "arn:aws:secretsmanager:us-east-1:180294215772:secret:itf-masters-tour-primary-db-credentials-T50tuf",
            "kms_key_id": "",
            "name": "itf-masters-tour-primary-db-credentials",
            "name_prefix": "",
            "policy": "",
            "recovery_window_in_days": 30,
            "replica": [],
            "tags": {
              "Name": "itf-masters-tour-primary-db-secret"
            },
            "tags_all": {
              "Environment": "portfolio",
              "ManagedBy": "terraform",
              "Name": "itf-masters-tour-primary-db-secret",
              "Project": "itf-masters-tour"
            }
          },
          "sensitive_attributes": [],
          "identity_schema_version": 0,
          "private": "bnVsbA=="
        }
      ]
    },
    {
      "module": "module.primary_rds",
      "mode": "managed",
      "type": "aws_secretsmanager_secret_version",
      "name": "db",
      "provider": "provider[\"registry.terraform.io/hashicorp/aws\"]",
      "instances": [
        {
          "schema_version": 0,
          "attributes": {
            "arn": "arn:aws:secretsmanager:us-east-1:180294215772:secret:itf-masters-tour-primary-db-credentials-T50tuf",
            "has_secret_string_wo": null,
            "id": "arn:aws:secretsmanager:us-east-1:180294215772:secret:itf-masters-tour-primary-db-credentials-T50tuf|terraform-20260217125908548600000003",
            "secret_binary": "",
            "secret_id": "arn:aws:secretsmanager:us-east-1:180294215772:secret:itf-masters-tour-primary-db-credentials-T50tuf",
            "secret_string": "{\"dbname\":\"itf_tournament\",\"password\":\"HLkh4lkk290HPCtf9mQZUflh\",\"port\":5432,\"username\":\"itfuser\"}",
            "secret_string_wo": null,
            "secret_string_wo_version": null,
            "version_id": "terraform-20260217125908548600000003",
            "version_stages": [
              "AWSCURRENT"
            ]
          },
          "sensitive_attributes": [
            [
              {
                "type": "get_attr",
                "value": "secret_binary"
              }
            ],
            [
              {
                "type": "get_attr",
                "value": "secret_string"
              }
            ],
            [
              {
                "type": "get_attr",
                "value": "secret_string_wo"
              }
            ]
          ],
          "identity_schema_version": 0,
          "private": "bnVsbA==",
          "dependencies": [
            "module.primary_rds.aws_secretsmanager_secret.db",
            "random_password.db"
          ]
        }
      ]
    },
    {
      "module": "module.primary_vpc",
      "mode": "data",
      "type": "aws_availability_zones",
      "name": "available",
      "provider": "provider[\"registry.terraform.io/hashicorp/aws\"]",
      "instances": [
        {
          "schema_version": 0,
          "attributes": {
            "all_availability_zones": null,
            "exclude_names": null,
            "exclude_zone_ids": null,
            "filter": null,
            "group_names": [
              "us-east-1-zg-1"
            ],
            "id": "us-east-1",
            "names": [
              "us-east-1a",
              "us-east-1b",
              "us-east-1c",
              "us-east-1d",
              "us-east-1e",
              "us-east-1f"
            ],
            "state": "available",
            "timeouts": null,
            "zone_ids": [
              "use1-az2",
              "use1-az4",
              "use1-az6",
              "use1-az1",
              "use1-az3",
              "use1-az5"
            ]
          },
          "sensitive_attributes": [],
          "identity_schema_version": 0
        }
      ]
    },
    {
      "module": "module.primary_vpc",
      "mode": "data",
      "type": "aws_region",
      "name": "current",
      "provider": "provider[\"registry.terraform.io/hashicorp/aws\"]",
      "instances": [
        {
          "schema_version": 0,
          "attributes": {
            "description": "US East (N. Virginia)",
            "endpoint": "ec2.us-east-1.amazonaws.com",
            "id": "us-east-1",
            "name": "us-east-1"
          },
          "sensitive_attributes": [],
          "identity_schema_version": 0
        }
      ]
    },
    {
      "module": "module.primary_vpc",
      "mode": "managed",
      "type": "aws_internet_gateway",
      "name": "this",
      "provider": "provider[\"registry.terraform.io/hashicorp/aws\"]",
      "instances": [
        {
          "schema_version": 0,
          "attributes": {
            "arn": "arn:aws:ec2:us-east-1:180294215772:internet-gateway/igw-0ac5f04c977f2f9ba",
            "id": "igw-0ac5f04c977f2f9ba",
            "owner_id": "180294215772",
            "tags": {
              "Name": "itf-masters-tour-primary-igw"
            },
            "tags_all": {
              "Environment": "portfolio",
              "ManagedBy": "terraform",
              "Name": "itf-masters-tour-primary-igw",
              "Project": "itf-masters-tour"
            },
            "timeouts": null,
            "vpc_id": "vpc-0f5a718e356e080b1"
          },
          "sensitive_attributes": [],
          "identity_schema_version": 0,
          "private": "eyJlMmJmYjczMC1lY2FhLTExZTYtOGY4OC0zNDM2M2JjN2M0YzAiOnsiY3JlYXRlIjoxMjAwMDAwMDAwMDAwLCJkZWxldGUiOjEyMDAwMDAwMDAwMDAsInVwZGF0ZSI6MTIwMDAwMDAwMDAwMH19",
          "dependencies": [
            "module.primary_vpc.aws_vpc.this"
          ]
        }
      ]
    },
    {
      "module": "module.primary_vpc",
      "mode": "managed",
      "type": "aws_route",
      "name": "public_internet",
      "provider": "provider[\"registry.terraform.io/hashicorp/aws\"]",
      "instances": [
        {
          "schema_version": 0,
          "attributes": {
            "carrier_gateway_id": "",
            "core_network_arn": "",
            "destination_cidr_block": "0.0.0.0/0",
            "destination_ipv6_cidr_block": "",
            "destination_prefix_list_id": "",
            "egress_only_gateway_id": "",
            "gateway_id": "igw-0ac5f04c977f2f9ba",
            "id": "r-rtb-08f27b2ac284580e51080289494",
            "instance_id": "",
            "instance_owner_id": "",
            "local_gateway_id": "",
            "nat_gateway_id": "",
            "network_interface_id": "",
            "origin": "CreateRoute",
            "route_table_id": "rtb-08f27b2ac284580e5",
            "state": "active",
            "timeouts": null,
            "transit_gateway_id": "",
            "vpc_endpoint_id": "",
            "vpc_peering_connection_id": ""
          },
          "sensitive_attributes": [],
          "identity_schema_version": 0,
          "private": "eyJlMmJmYjczMC1lY2FhLTExZTYtOGY4OC0zNDM2M2JjN2M0YzAiOnsiY3JlYXRlIjozMDAwMDAwMDAwMDAsImRlbGV0ZSI6MzAwMDAwMDAwMDAwLCJ1cGRhdGUiOjEyMDAwMDAwMDAwMH19",
          "dependencies": [
            "module.primary_vpc.aws_internet_gateway.this",
            "module.primary_vpc.aws_route_table.public",
            "module.primary_vpc.aws_vpc.this"
          ]
        }
      ]
    },
    {
      "module": "module.primary_vpc",
      "mode": "managed",
      "type": "aws_route_table",
      "name": "private",
      "provider": "provider[\"registry.terraform.io/hashicorp/aws\"]",
      "instances": [
        {
          "schema_version": 0,
          "attributes": {
            "arn": "arn:aws:ec2:us-east-1:180294215772:route-table/rtb-0966f767f1127ff6d",
            "id": "rtb-0966f767f1127ff6d",
            "owner_id": "180294215772",
            "propagating_vgws": [],
            "route": [],
            "tags": {
              "Name": "itf-masters-tour-primary-private-rt"
            },
            "tags_all": {
              "Environment": "portfolio",
              "ManagedBy": "terraform",
              "Name": "itf-masters-tour-primary-private-rt",
              "Project": "itf-masters-tour"
            },
            "timeouts": null,
            "vpc_id": "vpc-0f5a718e356e080b1"
          },
          "sensitive_attributes": [],
          "identity_schema_version": 0,
          "private": "eyJlMmJmYjczMC1lY2FhLTExZTYtOGY4OC0zNDM2M2JjN2M0YzAiOnsiY3JlYXRlIjozMDAwMDAwMDAwMDAsImRlbGV0ZSI6MzAwMDAwMDAwMDAwLCJ1cGRhdGUiOjEyMDAwMDAwMDAwMH19",
          "dependencies": [
            "module.primary_vpc.aws_vpc.this"
          ]
        }
      ]
    },
    {
      "module": "module.primary_vpc",
      "mode": "managed",
      "type": "aws_route_table",
      "name": "public",
      "provider": "provider[\"registry.terraform.io/hashicorp/aws\"]",
      "instances": [
        {
          "schema_version": 0,
          "attributes": {
            "arn": "arn:aws:ec2:us-east-1:180294215772:route-table/rtb-08f27b2ac284580e5",
            "id": "rtb-08f27b2ac284580e5",
            "owner_id": "180294215772",
            "propagating_vgws": [],
            "route": [
              {
                "carrier_gateway_id": "",
                "cidr_block": "0.0.0.0/0",
                "core_network_arn": "",
                "destination_prefix_list_id": "",
                "egress_only_gateway_id": "",
                "gateway_id": "igw-0ac5f04c977f2f9ba",
                "ipv6_cidr_block": "",
                "local_gateway_id": "",
                "nat_gateway_id": "",
                "network_interface_id": "",
                "transit_gateway_id": "",
                "vpc_endpoint_id": "",
                "vpc_peering_connection_id": ""
              }
            ],
            "tags": {
              "Name": "itf-masters-tour-primary-public-rt"
            },
            "tags_all": {
              "Environment": "portfolio",
              "ManagedBy": "terraform",
              "Name": "itf-masters-tour-primary-public-rt",
              "Project": "itf-masters-tour"
            },
            "timeouts": null,
            "vpc_id": "vpc-0f5a718e356e080b1"
          },
          "sensitive_attributes": [],
          "identity_schema_version": 0,
          "private": "eyJlMmJmYjczMC1lY2FhLTExZTYtOGY4OC0zNDM2M2JjN2M0YzAiOnsiY3JlYXRlIjozMDAwMDAwMDAwMDAsImRlbGV0ZSI6MzAwMDAwMDAwMDAwLCJ1cGRhdGUiOjEyMDAwMDAwMDAwMH19",
          "dependencies": [
            "module.primary_vpc.aws_vpc.this"
          ]
        }
      ]
    },
    {
      "module": "module.primary_vpc",
      "mode": "managed",
      "type": "aws_route_table_association",
      "name": "private_app_1",
      "provider": "provider[\"registry.terraform.io/hashicorp/aws\"]",
      "instances": [
        {
          "schema_version": 0,
          "attributes": {
            "gateway_id": "",
            "id": "rtbassoc-070248ce5ec47901d",
            "route_table_id": "rtb-0966f767f1127ff6d",
            "subnet_id": "subnet-04e97626116f25b43",
            "timeouts": null
          },
          "sensitive_attributes": [],
          "identity_schema_version": 0,
          "private": "eyJlMmJmYjczMC1lY2FhLTExZTYtOGY4OC0zNDM2M2JjN2M0YzAiOnsiY3JlYXRlIjozMDAwMDAwMDAwMDAsImRlbGV0ZSI6MzAwMDAwMDAwMDAwLCJ1cGRhdGUiOjEyMDAwMDAwMDAwMH19",
          "dependencies": [
            "module.primary_vpc.aws_route_table.private",
            "module.primary_vpc.aws_subnet.private_app_1",
            "module.primary_vpc.aws_vpc.this",
            "module.primary_vpc.data.aws_availability_zones.available"
          ]
        }
      ]
    },
    {
      "module": "module.primary_vpc",
      "mode": "managed",
      "type": "aws_route_table_association",
      "name": "private_app_2",
      "provider": "provider[\"registry.terraform.io/hashicorp/aws\"]",
      "instances": [
        {
          "schema_version": 0,
          "attributes": {
            "gateway_id": "",
            "id": "rtbassoc-02346f10c5bac2033",
            "route_table_id": "rtb-0966f767f1127ff6d",
            "subnet_id": "subnet-05378bedb76f11ced",
            "timeouts": null
          },
          "sensitive_attributes": [],
          "identity_schema_version": 0,
          "private": "eyJlMmJmYjczMC1lY2FhLTExZTYtOGY4OC0zNDM2M2JjN2M0YzAiOnsiY3JlYXRlIjozMDAwMDAwMDAwMDAsImRlbGV0ZSI6MzAwMDAwMDAwMDAwLCJ1cGRhdGUiOjEyMDAwMDAwMDAwMH19",
          "dependencies": [
            "module.primary_vpc.aws_route_table.private",
            "module.primary_vpc.aws_subnet.private_app_2",
            "module.primary_vpc.aws_vpc.this",
            "module.primary_vpc.data.aws_availability_zones.available"
          ]
        }
      ]
    },
    {
      "module": "module.primary_vpc",
      "mode": "managed",
      "type": "aws_route_table_association",
      "name": "private_db_1",
      "provider": "provider[\"registry.terraform.io/hashicorp/aws\"]",
      "instances": [
        {
          "schema_version": 0,
          "attributes": {
            "gateway_id": "",
            "id": "rtbassoc-05c0f2cc83f46cf63",
            "route_table_id": "rtb-0966f767f1127ff6d",
            "subnet_id": "subnet-09323e4699e6d02b8",
            "timeouts": null
          },
          "sensitive_attributes": [],
          "identity_schema_version": 0,
          "private": "eyJlMmJmYjczMC1lY2FhLTExZTYtOGY4OC0zNDM2M2JjN2M0YzAiOnsiY3JlYXRlIjozMDAwMDAwMDAwMDAsImRlbGV0ZSI6MzAwMDAwMDAwMDAwLCJ1cGRhdGUiOjEyMDAwMDAwMDAwMH19",
          "dependencies": [
            "module.primary_vpc.aws_route_table.private",
            "module.primary_vpc.aws_subnet.private_db_1",
            "module.primary_vpc.aws_vpc.this",
            "module.primary_vpc.data.aws_availability_zones.available"
          ]
        }
      ]
    },
    {
      "module": "module.primary_vpc",
      "mode": "managed",
      "type": "aws_route_table_association",
      "name": "private_db_2",
      "provider": "provider[\"registry.terraform.io/hashicorp/aws\"]",
      "instances": [
        {
          "schema_version": 0,
          "attributes": {
            "gateway_id": "",
            "id": "rtbassoc-09cb1950b5597fcb6",
            "route_table_id": "rtb-0966f767f1127ff6d",
            "subnet_id": "subnet-02ac32868397d76a1",
            "timeouts": null
          },
          "sensitive_attributes": [],
          "identity_schema_version": 0,
          "private": "eyJlMmJmYjczMC1lY2FhLTExZTYtOGY4OC0zNDM2M2JjN2M0YzAiOnsiY3JlYXRlIjozMDAwMDAwMDAwMDAsImRlbGV0ZSI6MzAwMDAwMDAwMDAwLCJ1cGRhdGUiOjEyMDAwMDAwMDAwMH19",
          "dependencies": [
            "module.primary_vpc.aws_route_table.private",
            "module.primary_vpc.aws_subnet.private_db_2",
            "module.primary_vpc.aws_vpc.this",
            "module.primary_vpc.data.aws_availability_zones.available"
          ]
        }
      ]
    },
    {
      "module": "module.primary_vpc",
      "mode": "managed",
      "type": "aws_route_table_association",
      "name": "public_1",
      "provider": "provider[\"registry.terraform.io/hashicorp/aws\"]",
      "instances": [
        {
          "schema_version": 0,
          "attributes": {
            "gateway_id": "",
            "id": "rtbassoc-07c247f34bf838ef2",
            "route_table_id": "rtb-08f27b2ac284580e5",
            "subnet_id": "subnet-0ba3dcf27eac30179",
            "timeouts": null
          },
          "sensitive_attributes": [],
          "identity_schema_version": 0,
          "private": "eyJlMmJmYjczMC1lY2FhLTExZTYtOGY4OC0zNDM2M2JjN2M0YzAiOnsiY3JlYXRlIjozMDAwMDAwMDAwMDAsImRlbGV0ZSI6MzAwMDAwMDAwMDAwLCJ1cGRhdGUiOjEyMDAwMDAwMDAwMH19",
          "dependencies": [
            "module.primary_vpc.aws_route_table.public",
            "module.primary_vpc.aws_subnet.public_1",
            "module.primary_vpc.aws_vpc.this",
            "module.primary_vpc.data.aws_availability_zones.available"
          ]
        }
      ]
    },
    {
      "module": "module.primary_vpc",
      "mode": "managed",
      "type": "aws_route_table_association",
      "name": "public_2",
      "provider": "provider[\"registry.terraform.io/hashicorp/aws\"]",
      "instances": [
        {
          "schema_version": 0,
          "attributes": {
            "gateway_id": "",
            "id": "rtbassoc-05acd6c97ec3a1bd5",
            "route_table_id": "rtb-08f27b2ac284580e5",
            "subnet_id": "subnet-04ef416cd86be1e92",
            "timeouts": null
          },
          "sensitive_attributes": [],
          "identity_schema_version": 0,
          "private": "eyJlMmJmYjczMC1lY2FhLTExZTYtOGY4OC0zNDM2M2JjN2M0YzAiOnsiY3JlYXRlIjozMDAwMDAwMDAwMDAsImRlbGV0ZSI6MzAwMDAwMDAwMDAwLCJ1cGRhdGUiOjEyMDAwMDAwMDAwMH19",
          "dependencies": [
            "module.primary_vpc.aws_route_table.public",
            "module.primary_vpc.aws_subnet.public_2",
            "module.primary_vpc.aws_vpc.this",
            "module.primary_vpc.data.aws_availability_zones.available"
          ]
        }
      ]
    },
    {
      "module": "module.primary_vpc",
      "mode": "managed",
      "type": "aws_security_group",
      "name": "alb",
      "provider": "provider[\"registry.terraform.io/hashicorp/aws\"]",
      "instances": [
        {
          "schema_version": 1,
          "attributes": {
            "arn": "arn:aws:ec2:us-east-1:180294215772:security-group/sg-08e40080eea869d55",
            "description": "ALB: inbound HTTPS from internet",
            "egress": [
              {
                "cidr_blocks": [
                  "0.0.0.0/0"
                ],
                "description": "",
                "from_port": 0,
                "ipv6_cidr_blocks": [],
                "prefix_list_ids": [],
                "protocol": "-1",
                "security_groups": [],
                "self": false,
                "to_port": 0
              }
            ],
            "id": "sg-08e40080eea869d55",
            "ingress": [
              {
                "cidr_blocks": [
                  "0.0.0.0/0"
                ],
                "description": "HTTP (redirect to HTTPS)",
                "from_port": 80,
                "ipv6_cidr_blocks": [],
                "prefix_list_ids": [],
                "protocol": "tcp",
                "security_groups": [],
                "self": false,
                "to_port": 80
              },
              {
                "cidr_blocks": [
                  "0.0.0.0/0"
                ],
                "description": "HTTPS",
                "from_port": 443,
                "ipv6_cidr_blocks": [],
                "prefix_list_ids": [],
                "protocol": "tcp",
                "security_groups": [],
                "self": false,
                "to_port": 443
              }
            ],
            "name": "itf-masters-tour-primary-alb-20260217125921520100000006",
            "name_prefix": "itf-masters-tour-primary-alb-",
            "owner_id": "180294215772",
            "revoke_rules_on_delete": false,
            "tags": {
              "Name": "itf-masters-tour-primary-alb-sg"
            },
            "tags_all": {
              "Environment": "portfolio",
              "ManagedBy": "terraform",
              "Name": "itf-masters-tour-primary-alb-sg",
              "Project": "itf-masters-tour"
            },
            "timeouts": null,
            "vpc_id": "vpc-0f5a718e356e080b1"
          },
          "sensitive_attributes": [],
          "identity_schema_version": 0,
          "private": "eyJlMmJmYjczMC1lY2FhLTExZTYtOGY4OC0zNDM2M2JjN2M0YzAiOnsiY3JlYXRlIjo2MDAwMDAwMDAwMDAsImRlbGV0ZSI6OTAwMDAwMDAwMDAwfSwic2NoZW1hX3ZlcnNpb24iOiIxIn0=",
          "dependencies": [
            "module.primary_vpc.aws_vpc.this"
          ],
          "create_before_destroy": true
        }
      ]
    },
    {
      "module": "module.primary_vpc",
      "mode": "managed",
      "type": "aws_security_group",
      "name": "fargate",
      "provider": "provider[\"registry.terraform.io/hashicorp/aws\"]",
      "instances": [
        {
          "schema_version": 1,
          "attributes": {
            "arn": "arn:aws:ec2:us-east-1:180294215772:security-group/sg-0752dfad812121c2d",
            "description": "Fargate: inbound from ALB only",
            "egress": [
              {
                "cidr_blocks": [
                  "0.0.0.0/0"
                ],
                "description": "",
                "from_port": 0,
                "ipv6_cidr_blocks": [],
                "prefix_list_ids": [],
                "protocol": "-1",
                "security_groups": [],
                "self": false,
                "to_port": 0
              }
            ],
            "id": "sg-0752dfad812121c2d",
            "ingress": [
              {
                "cidr_blocks": [],
                "description": "Flask from ALB",
                "from_port": 5000,
                "ipv6_cidr_blocks": [],
                "prefix_list_ids": [],
                "protocol": "tcp",
                "security_groups": [
                  "sg-08e40080eea869d55"
                ],
                "self": false,
                "to_port": 5000
              }
            ],
            "name": "itf-masters-tour-primary-fargate-20260217125928699300000008",
            "name_prefix": "itf-masters-tour-primary-fargate-",
            "owner_id": "180294215772",
            "revoke_rules_on_delete": false,
            "tags": {
              "Name": "itf-masters-tour-primary-fargate-sg"
            },
            "tags_all": {
              "Environment": "portfolio",
              "ManagedBy": "terraform",
              "Name": "itf-masters-tour-primary-fargate-sg",
              "Project": "itf-masters-tour"
            },
            "timeouts": null,
            "vpc_id": "vpc-0f5a718e356e080b1"
          },
          "sensitive_attributes": [],
          "identity_schema_version": 0,
          "private": "eyJlMmJmYjczMC1lY2FhLTExZTYtOGY4OC0zNDM2M2JjN2M0YzAiOnsiY3JlYXRlIjo2MDAwMDAwMDAwMDAsImRlbGV0ZSI6OTAwMDAwMDAwMDAwfSwic2NoZW1hX3ZlcnNpb24iOiIxIn0=",
          "dependencies": [
            "module.primary_vpc.aws_security_group.alb",
            "module.primary_vpc.aws_vpc.this"
          ],
          "create_before_destroy": true
        }
      ]
    },
    {
      "module": "module.primary_vpc",
      "mode": "managed",
      "type": "aws_security_group",
      "name": "rds",
      "provider": "provider[\"registry.terraform.io/hashicorp/aws\"]",
      "instances": [
        {
          "schema_version": 1,
          "attributes": {
            "arn": "arn:aws:ec2:us-east-1:180294215772:security-group/sg-013d24597f944dc7e",
            "description": "RDS: inbound from Fargate only",
            "egress": [
              {
                "cidr_blocks": [
                  "0.0.0.0/0"
                ],
                "description": "",
                "from_port": 0,
                "ipv6_cidr_blocks": [],
                "prefix_list_ids": [],
                "protocol": "-1",
                "security_groups": [],
                "self": false,
                "to_port": 0
              }
            ],
            "id": "sg-013d24597f944dc7e",
            "ingress": [
              {
                "cidr_blocks": [],
                "description": "PostgreSQL from Fargate",
                "from_port": 5432,
                "ipv6_cidr_blocks": [],
                "prefix_list_ids": [],
                "protocol": "tcp",
                "security_groups": [
                  "sg-0752dfad812121c2d"
                ],
                "self": false,
                "to_port": 5432
              }
            ],
            "name": "itf-masters-tour-primary-rds-20260217125931959700000009",
            "name_prefix": "itf-masters-tour-primary-rds-",
            "owner_id": "180294215772",
            "revoke_rules_on_delete": false,
            "tags": {
              "Name": "itf-masters-tour-primary-rds-sg"
            },
            "tags_all": {
              "Environment": "portfolio",
              "ManagedBy": "terraform",
              "Name": "itf-masters-tour-primary-rds-sg",
              "Project": "itf-masters-tour"
            },
            "timeouts": null,
            "vpc_id": "vpc-0f5a718e356e080b1"
          },
          "sensitive_attributes": [],
          "identity_schema_version": 0,
          "private": "eyJlMmJmYjczMC1lY2FhLTExZTYtOGY4OC0zNDM2M2JjN2M0YzAiOnsiY3JlYXRlIjo2MDAwMDAwMDAwMDAsImRlbGV0ZSI6OTAwMDAwMDAwMDAwfSwic2NoZW1hX3ZlcnNpb24iOiIxIn0=",
          "dependencies": [
            "module.primary_vpc.aws_security_group.alb",
            "module.primary_vpc.aws_security_group.fargate",
            "module.primary_vpc.aws_vpc.this"
          ],
          "create_before_destroy": true
        }
      ]
    },
    {
      "module": "module.primary_vpc",
      "mode": "managed",
      "type": "aws_security_group",
      "name": "vpce",
      "provider": "provider[\"registry.terraform.io/hashicorp/aws\"]",
      "instances": [
        {
          "schema_version": 1,
          "attributes": {
            "arn": "arn:aws:ec2:us-east-1:180294215772:security-group/sg-0d7408579f3dd93b6",
            "description": "VPC Endpoints: HTTPS from Fargate",
            "egress": [
              {
                "cidr_blocks": [
                  "0.0.0.0/0"
                ],
                "description": "",
                "from_port": 0,
                "ipv6_cidr_blocks": [],
                "prefix_list_ids": [],
                "protocol": "-1",
                "security_groups": [],
                "self": false,
                "to_port": 0
              }
            ],
            "id": "sg-0d7408579f3dd93b6",
            "ingress": [
              {
                "cidr_blocks": [],
                "description": "HTTPS from Fargate",
                "from_port": 443,
                "ipv6_cidr_blocks": [],
                "prefix_list_ids": [],
                "protocol": "tcp",
                "security_groups": [
                  "sg-0752dfad812121c2d"
                ],
                "self": false,
                "to_port": 443
              }
            ],
            "name": "itf-masters-tour-primary-vpce-2026021712593196830000000a",
            "name_prefix": "itf-masters-tour-primary-vpce-",
            "owner_id": "180294215772",
            "revoke_rules_on_delete": false,
            "tags": {
              "Name": "itf-masters-tour-primary-vpce-sg"
            },
            "tags_all": {
              "Environment": "portfolio",
              "ManagedBy": "terraform",
              "Name": "itf-masters-tour-primary-vpce-sg",
              "Project": "itf-masters-tour"
            },
            "timeouts": null,
            "vpc_id": "vpc-0f5a718e356e080b1"
          },
          "sensitive_attributes": [],
          "identity_schema_version": 0,
          "private": "eyJlMmJmYjczMC1lY2FhLTExZTYtOGY4OC0zNDM2M2JjN2M0YzAiOnsiY3JlYXRlIjo2MDAwMDAwMDAwMDAsImRlbGV0ZSI6OTAwMDAwMDAwMDAwfSwic2NoZW1hX3ZlcnNpb24iOiIxIn0=",
          "dependencies": [
            "module.primary_vpc.aws_security_group.alb",
            "module.primary_vpc.aws_security_group.fargate",
            "module.primary_vpc.aws_vpc.this"
          ],
          "create_before_destroy": true
        }
      ]
    },
    {
      "module": "module.primary_vpc",
      "mode": "managed",
      "type": "aws_subnet",
      "name": "private_app_1",
      "provider": "provider[\"registry.terraform.io/hashicorp/aws\"]",
      "instances": [
        {
          "schema_version": 1,
          "attributes": {
            "arn": "arn:aws:ec2:us-east-1:180294215772:subnet/subnet-04e97626116f25b43",
            "assign_ipv6_address_on_creation": false,
            "availability_zone": "us-east-1a",
            "availability_zone_id": "use1-az2",
            "cidr_block": "10.0.10.0/24",
            "customer_owned_ipv4_pool": "",
            "enable_dns64": false,
            "enable_lni_at_device_index": 0,
            "enable_resource_name_dns_a_record_on_launch": false,
            "enable_resource_name_dns_aaaa_record_on_launch": false,
            "id": "subnet-04e97626116f25b43",
            "ipv6_cidr_block": "",
            "ipv6_cidr_block_association_id": "",
            "ipv6_native": false,
            "map_customer_owned_ip_on_launch": false,
            "map_public_ip_on_launch": false,
            "outpost_arn": "",
            "owner_id": "180294215772",
            "private_dns_hostname_type_on_launch": "ip-name",
            "tags": {
              "Name": "itf-masters-tour-primary-private-app-1"
            },
            "tags_all": {
              "Environment": "portfolio",
              "ManagedBy": "terraform",
              "Name": "itf-masters-tour-primary-private-app-1",
              "Project": "itf-masters-tour"
            },
            "timeouts": null,
            "vpc_id": "vpc-0f5a718e356e080b1"
          },
          "sensitive_attributes": [],
          "identity_schema_version": 0,
          "private": "eyJlMmJmYjczMC1lY2FhLTExZTYtOGY4OC0zNDM2M2JjN2M0YzAiOnsiY3JlYXRlIjo2MDAwMDAwMDAwMDAsImRlbGV0ZSI6MTIwMDAwMDAwMDAwMH0sInNjaGVtYV92ZXJzaW9uIjoiMSJ9",
          "dependencies": [
            "module.primary_vpc.aws_vpc.this",
            "module.primary_vpc.data.aws_availability_zones.available"
          ]
        }
      ]
    },
    {
      "module": "module.primary_vpc",
      "mode": "managed",
      "type": "aws_subnet",
      "name": "private_app_2",
      "provider": "provider[\"registry.terraform.io/hashicorp/aws\"]",
      "instances": [
        {
          "schema_version": 1,
          "attributes": {
            "arn": "arn:aws:ec2:us-east-1:180294215772:subnet/subnet-05378bedb76f11ced",
            "assign_ipv6_address_on_creation": false,
            "availability_zone": "us-east-1b",
            "availability_zone_id": "use1-az4",
            "cidr_block": "10.0.11.0/24",
            "customer_owned_ipv4_pool": "",
            "enable_dns64": false,
            "enable_lni_at_device_index": 0,
            "enable_resource_name_dns_a_record_on_launch": false,
            "enable_resource_name_dns_aaaa_record_on_launch": false,
            "id": "subnet-05378bedb76f11ced",
            "ipv6_cidr_block": "",
            "ipv6_cidr_block_association_id": "",
            "ipv6_native": false,
            "map_customer_owned_ip_on_launch": false,
            "map_public_ip_on_launch": false,
            "outpost_arn": "",
            "owner_id": "180294215772",
            "private_dns_hostname_type_on_launch": "ip-name",
            "tags": {
              "Name": "itf-masters-tour-primary-private-app-2"
            },
            "tags_all": {
              "Environment": "portfolio",
              "ManagedBy": "terraform",
              "Name": "itf-masters-tour-primary-private-app-2",
              "Project": "itf-masters-tour"
            },
            "timeouts": null,
            "vpc_id": "vpc-0f5a718e356e080b1"
          },
          "sensitive_attributes": [],
          "identity_schema_version": 0,
          "private": "eyJlMmJmYjczMC1lY2FhLTExZTYtOGY4OC0zNDM2M2JjN2M0YzAiOnsiY3JlYXRlIjo2MDAwMDAwMDAwMDAsImRlbGV0ZSI6MTIwMDAwMDAwMDAwMH0sInNjaGVtYV92ZXJzaW9uIjoiMSJ9",
          "dependencies": [
            "module.primary_vpc.aws_vpc.this",
            "module.primary_vpc.data.aws_availability_zones.available"
          ]
        }
      ]
    },
    {
      "module": "module.primary_vpc",
      "mode": "managed",
      "type": "aws_subnet",
      "name": "private_db_1",
      "provider": "provider[\"registry.terraform.io/hashicorp/aws\"]",
      "instances": [
        {
          "schema_version": 1,
          "attributes": {
            "arn": "arn:aws:ec2:us-east-1:180294215772:subnet/subnet-09323e4699e6d02b8",
            "assign_ipv6_address_on_creation": false,
            "availability_zone": "us-east-1a",
            "availability_zone_id": "use1-az2",
            "cidr_block": "10.0.20.0/24",
            "customer_owned_ipv4_pool": "",
            "enable_dns64": false,
            "enable_lni_at_device_index": 0,
            "enable_resource_name_dns_a_record_on_launch": false,
            "enable_resource_name_dns_aaaa_record_on_launch": false,
            "id": "subnet-09323e4699e6d02b8",
            "ipv6_cidr_block": "",
            "ipv6_cidr_block_association_id": "",
            "ipv6_native": false,
            "map_customer_owned_ip_on_launch": false,
            "map_public_ip_on_launch": false,
            "outpost_arn": "",
            "owner_id": "180294215772",
            "private_dns_hostname_type_on_launch": "ip-name",
            "tags": {
              "Name": "itf-masters-tour-primary-private-db-1"
            },
            "tags_all": {
              "Environment": "portfolio",
              "ManagedBy": "terraform",
              "Name": "itf-masters-tour-primary-private-db-1",
              "Project": "itf-masters-tour"
            },
            "timeouts": null,
            "vpc_id": "vpc-0f5a718e356e080b1"
          },
          "sensitive_attributes": [],
          "identity_schema_version": 0,
          "private": "eyJlMmJmYjczMC1lY2FhLTExZTYtOGY4OC0zNDM2M2JjN2M0YzAiOnsiY3JlYXRlIjo2MDAwMDAwMDAwMDAsImRlbGV0ZSI6MTIwMDAwMDAwMDAwMH0sInNjaGVtYV92ZXJzaW9uIjoiMSJ9",
          "dependencies": [
            "module.primary_vpc.aws_vpc.this",
            "module.primary_vpc.data.aws_availability_zones.available"
          ]
        }
      ]
    },
    {
      "module": "module.primary_vpc",
      "mode": "managed",
      "type": "aws_subnet",
      "name": "private_db_2",
      "provider": "provider[\"registry.terraform.io/hashicorp/aws\"]",
      "instances": [
        {
          "schema_version": 1,
          "attributes": {
            "arn": "arn:aws:ec2:us-east-1:180294215772:subnet/subnet-02ac32868397d76a1",
            "assign_ipv6_address_on_creation": false,
            "availability_zone": "us-east-1b",
            "availability_zone_id": "use1-az4",
            "cidr_block": "10.0.21.0/24",
            "customer_owned_ipv4_pool": "",
            "enable_dns64": false,
            "enable_lni_at_device_index": 0,
            "enable_resource_name_dns_a_record_on_launch": false,
            "enable_resource_name_dns_aaaa_record_on_launch": false,
            "id": "subnet-02ac32868397d76a1",
            "ipv6_cidr_block": "",
            "ipv6_cidr_block_association_id": "",
            "ipv6_native": false,
            "map_customer_owned_ip_on_launch": false,
            "map_public_ip_on_launch": false,
            "outpost_arn": "",
            "owner_id": "180294215772",
            "private_dns_hostname_type_on_launch": "ip-name",
            "tags": {
              "Name": "itf-masters-tour-primary-private-db-2"
            },
            "tags_all": {
              "Environment": "portfolio",
              "ManagedBy": "terraform",
              "Name": "itf-masters-tour-primary-private-db-2",
              "Project": "itf-masters-tour"
            },
            "timeouts": null,
            "vpc_id": "vpc-0f5a718e356e080b1"
          },
          "sensitive_attributes": [],
          "identity_schema_version": 0,
          "private": "eyJlMmJmYjczMC1lY2FhLTExZTYtOGY4OC0zNDM2M2JjN2M0YzAiOnsiY3JlYXRlIjo2MDAwMDAwMDAwMDAsImRlbGV0ZSI6MTIwMDAwMDAwMDAwMH0sInNjaGVtYV92ZXJzaW9uIjoiMSJ9",
          "dependencies": [
            "module.primary_vpc.aws_vpc.this",
            "module.primary_vpc.data.aws_availability_zones.available"
          ]
        }
      ]
    },
    {
      "module": "module.primary_vpc",
      "mode": "managed",
      "type": "aws_subnet",
      "name": "public_1",
      "provider": "provider[\"registry.terraform.io/hashicorp/aws\"]",
      "instances": [
        {
          "schema_version": 1,
          "attributes": {
            "arn": "arn:aws:ec2:us-east-1:180294215772:subnet/subnet-0ba3dcf27eac30179",
            "assign_ipv6_address_on_creation": false,
            "availability_zone": "us-east-1a",
            "availability_zone_id": "use1-az2",
            "cidr_block": "10.0.1.0/24",
            "customer_owned_ipv4_pool": "",
            "enable_dns64": false,
            "enable_lni_at_device_index": 0,
            "enable_resource_name_dns_a_record_on_launch": false,
            "enable_resource_name_dns_aaaa_record_on_launch": false,
            "id": "subnet-0ba3dcf27eac30179",
            "ipv6_cidr_block": "",
            "ipv6_cidr_block_association_id": "",
            "ipv6_native": false,
            "map_customer_owned_ip_on_launch": false,
            "map_public_ip_on_launch": true,
            "outpost_arn": "",
            "owner_id": "180294215772",
            "private_dns_hostname_type_on_launch": "ip-name",
            "tags": {
              "Name": "itf-masters-tour-primary-public-1"
            },
            "tags_all": {
              "Environment": "portfolio",
              "ManagedBy": "terraform",
              "Name": "itf-masters-tour-primary-public-1",
              "Project": "itf-masters-tour"
            },
            "timeouts": null,
            "vpc_id": "vpc-0f5a718e356e080b1"
          },
          "sensitive_attributes": [],
          "identity_schema_version": 0,
          "private": "eyJlMmJmYjczMC1lY2FhLTExZTYtOGY4OC0zNDM2M2JjN2M0YzAiOnsiY3JlYXRlIjo2MDAwMDAwMDAwMDAsImRlbGV0ZSI6MTIwMDAwMDAwMDAwMH0sInNjaGVtYV92ZXJzaW9uIjoiMSJ9",
          "dependencies": [
            "module.primary_vpc.aws_vpc.this",
            "module.primary_vpc.data.aws_availability_zones.available"
          ]
        }
      ]
    },
    {
      "module": "module.primary_vpc",
      "mode": "managed",
      "type": "aws_subnet",
      "name": "public_2",
      "provider": "provider[\"registry.terraform.io/hashicorp/aws\"]",
      "instances": [
        {
          "schema_version": 1,
          "attributes": {
            "arn": "arn:aws:ec2:us-east-1:180294215772:subnet/subnet-04ef416cd86be1e92",
            "assign_ipv6_address_on_creation": false,
            "availability_zone": "us-east-1b",
            "availability_zone_id": "use1-az4",
            "cidr_block": "10.0.2.0/24",
            "customer_owned_ipv4_pool": "",
            "enable_dns64": false,
            "enable_lni_at_device_index": 0,
            "enable_resource_name_dns_a_record_on_launch": false,
            "enable_resource_name_dns_aaaa_record_on_launch": false,
            "id": "subnet-04ef416cd86be1e92",
            "ipv6_cidr_block": "",
            "ipv6_cidr_block_association_id": "",
            "ipv6_native": false,
            "map_customer_owned_ip_on_launch": false,
            "map_public_ip_on_launch": true,
            "outpost_arn": "",
            "owner_id": "180294215772",
            "private_dns_hostname_type_on_launch": "ip-name",
            "tags": {
              "Name": "itf-masters-tour-primary-public-2"
            },
            "tags_all": {
              "Environment": "portfolio",
              "ManagedBy": "terraform",
              "Name": "itf-masters-tour-primary-public-2",
              "Project": "itf-masters-tour"
            },
            "timeouts": null,
            "vpc_id": "vpc-0f5a718e356e080b1"
          },
          "sensitive_attributes": [],
          "identity_schema_version": 0,
          "private": "eyJlMmJmYjczMC1lY2FhLTExZTYtOGY4OC0zNDM2M2JjN2M0YzAiOnsiY3JlYXRlIjo2MDAwMDAwMDAwMDAsImRlbGV0ZSI6MTIwMDAwMDAwMDAwMH0sInNjaGVtYV92ZXJzaW9uIjoiMSJ9",
          "dependencies": [
            "module.primary_vpc.aws_vpc.this",
            "module.primary_vpc.data.aws_availability_zones.available"
          ]
        }
      ]
    },
    {
      "module": "module.primary_vpc",
      "mode": "managed",
      "type": "aws_vpc",
      "name": "this",
      "provider": "provider[\"registry.terraform.io/hashicorp/aws\"]",
      "instances": [
        {
          "schema_version": 1,
          "attributes": {
            "arn": "arn:aws:ec2:us-east-1:180294215772:vpc/vpc-0f5a718e356e080b1",
            "assign_generated_ipv6_cidr_block": false,
            "cidr_block": "10.0.0.0/16",
            "default_network_acl_id": "acl-077a807d1d9eaea81",
            "default_route_table_id": "rtb-00274219b1c9014f4",
            "default_security_group_id": "sg-092a9ba581ff2ea69",
            "dhcp_options_id": "dopt-088ca909502fe7db0",
            "enable_dns_hostnames": true,
            "enable_dns_support": true,
            "enable_network_address_usage_metrics": false,
            "id": "vpc-0f5a718e356e080b1",
            "instance_tenancy": "default",
            "ipv4_ipam_pool_id": null,
            "ipv4_netmask_length": null,
            "ipv6_association_id": "",
            "ipv6_cidr_block": "",
            "ipv6_cidr_block_network_border_group": "",
            "ipv6_ipam_pool_id": "",
            "ipv6_netmask_length": 0,
            "main_route_table_id": "rtb-00274219b1c9014f4",
            "owner_id": "180294215772",
            "tags": {
              "Name": "itf-masters-tour-primary"
            },
            "tags_all": {
              "Environment": "portfolio",
              "ManagedBy": "terraform",
              "Name": "itf-masters-tour-primary",
              "Project": "itf-masters-tour"
            }
          },
          "sensitive_attributes": [],
          "identity_schema_version": 0,
          "private": "eyJzY2hlbWFfdmVyc2lvbiI6IjEifQ==",
          "create_before_destroy": true
        }
      ]
    },
    {
      "module": "module.primary_vpc",
      "mode": "managed",
      "type": "aws_vpc_endpoint",
      "name": "ecr_api",
      "provider": "provider[\"registry.terraform.io/hashicorp/aws\"]",
      "instances": [
        {
          "schema_version": 0,
          "attributes": {
            "arn": "arn:aws:ec2:us-east-1:180294215772:vpc-endpoint/vpce-041f698701f3b6934",
            "auto_accept": null,
            "cidr_blocks": [],
            "dns_entry": [
              {
                "dns_name": "vpce-041f698701f3b6934-i30y6m1c.api.ecr.us-east-1.vpce.amazonaws.com",
                "hosted_zone_id": "Z7HUB22UULQXV"
              },
              {
                "dns_name": "vpce-041f698701f3b6934-i30y6m1c-us-east-1b.api.ecr.us-east-1.vpce.amazonaws.com",
                "hosted_zone_id": "Z7HUB22UULQXV"
              },
              {
                "dns_name": "vpce-041f698701f3b6934-i30y6m1c-us-east-1a.api.ecr.us-east-1.vpce.amazonaws.com",
                "hosted_zone_id": "Z7HUB22UULQXV"
              },
              {
                "dns_name": "api.ecr.us-east-1.amazonaws.com",
                "hosted_zone_id": "Z0772320E3GGUKEXHADL"
              },
              {
                "dns_name": "ecr.us-east-1.api.aws",
                "hosted_zone_id": "Z077234732JUGZU9IL59E"
              }
            ],
            "dns_options": [
              {
                "dns_record_ip_type": "ipv4",
                "private_dns_only_for_inbound_resolver_endpoint": false
              }
            ],
            "id": "vpce-041f698701f3b6934",
            "ip_address_type": "ipv4",
            "network_interface_ids": [
              "eni-07e836b5c658911b2",
              "eni-0b7bcdf338cb88554"
            ],
            "owner_id": "180294215772",
            "policy": "{\"Statement\":[{\"Action\":\"*\",\"Effect\":\"Allow\",\"Principal\":\"*\",\"Resource\":\"*\"}]}",
            "prefix_list_id": null,
            "private_dns_enabled": true,
            "requester_managed": false,
            "resource_configuration_arn": "",
            "route_table_ids": [],
            "security_group_ids": [
              "sg-0d7408579f3dd93b6"
            ],
            "service_name": "com.amazonaws.us-east-1.ecr.api",
            "service_network_arn": "",
            "service_region": "us-east-1",
            "state": "available",
            "subnet_configuration": [
              {
                "ipv4": "10.0.10.24",
                "ipv6": "",
                "subnet_id": "subnet-04e97626116f25b43"
              },
              {
                "ipv4": "10.0.11.103",
                "ipv6": "",
                "subnet_id": "subnet-05378bedb76f11ced"
              }
            ],
            "subnet_ids": [
              "subnet-04e97626116f25b43",
              "subnet-05378bedb76f11ced"
            ],
            "tags": {
              "Name": "itf-masters-tour-primary-vpce-ecr-api"
            },
            "tags_all": {
              "Environment": "portfolio",
              "ManagedBy": "terraform",
              "Name": "itf-masters-tour-primary-vpce-ecr-api",
              "Project": "itf-masters-tour"
            },
            "timeouts": null,
            "vpc_endpoint_type": "Interface",
            "vpc_id": "vpc-0f5a718e356e080b1"
          },
          "sensitive_attributes": [],
          "identity_schema_version": 0,
          "private": "eyJlMmJmYjczMC1lY2FhLTExZTYtOGY4OC0zNDM2M2JjN2M0YzAiOnsiY3JlYXRlIjo2MDAwMDAwMDAwMDAsImRlbGV0ZSI6NjAwMDAwMDAwMDAwLCJ1cGRhdGUiOjYwMDAwMDAwMDAwMH19",
          "dependencies": [
            "module.primary_vpc.aws_security_group.alb",
            "module.primary_vpc.aws_security_group.fargate",
            "module.primary_vpc.aws_security_group.vpce",
            "module.primary_vpc.aws_subnet.private_app_1",
            "module.primary_vpc.aws_subnet.private_app_2",
            "module.primary_vpc.aws_vpc.this",
            "module.primary_vpc.data.aws_availability_zones.available",
            "module.primary_vpc.data.aws_region.current"
          ]
        }
      ]
    },
    {
      "module": "module.primary_vpc",
      "mode": "managed",
      "type": "aws_vpc_endpoint",
      "name": "ecr_dkr",
      "provider": "provider[\"registry.terraform.io/hashicorp/aws\"]",
      "instances": [
        {
          "schema_version": 0,
          "attributes": {
            "arn": "arn:aws:ec2:us-east-1:180294215772:vpc-endpoint/vpce-0065710f9cc354394",
            "auto_accept": null,
            "cidr_blocks": [],
            "dns_entry": [
              {
                "dns_name": "vpce-0065710f9cc354394-ofg48vfb.dkr.ecr.us-east-1.vpce.amazonaws.com",
                "hosted_zone_id": "Z7HUB22UULQXV"
              },
              {
                "dns_name": "vpce-0065710f9cc354394-ofg48vfb-us-east-1a.dkr.ecr.us-east-1.vpce.amazonaws.com",
                "hosted_zone_id": "Z7HUB22UULQXV"
              },
              {
                "dns_name": "vpce-0065710f9cc354394-ofg48vfb-us-east-1b.dkr.ecr.us-east-1.vpce.amazonaws.com",
                "hosted_zone_id": "Z7HUB22UULQXV"
              },
              {
                "dns_name": "dkr.ecr.us-east-1.amazonaws.com",
                "hosted_zone_id": "Z0173038BRU14OJVYDSY"
              },
              {
                "dns_name": "*.dkr.ecr.us-east-1.amazonaws.com",
                "hosted_zone_id": "Z0173038BRU14OJVYDSY"
              },
              {
                "dns_name": "dkr-ecr.us-east-1.on.aws",
                "hosted_zone_id": "Z01789952A9HUA5Q6ZIRR"
              },
              {
                "dns_name": "*.dkr-ecr.us-east-1.on.aws",
                "hosted_zone_id": "Z01789952A9HUA5Q6ZIRR"
              }
            ],
            "dns_options": [
              {
                "dns_record_ip_type": "ipv4",
                "private_dns_only_for_inbound_resolver_endpoint": false
              }
            ],
            "id": "vpce-0065710f9cc354394",
            "ip_address_type": "ipv4",
            "network_interface_ids": [
              "eni-00d37598548bcb598",
              "eni-01e6a382dde474099"
            ],
            "owner_id": "180294215772",
            "policy": "{\"Statement\":[{\"Action\":\"*\",\"Effect\":\"Allow\",\"Principal\":\"*\",\"Resource\":\"*\"}]}",
            "prefix_list_id": null,
            "private_dns_enabled": true,
            "requester_managed": false,
            "resource_configuration_arn": "",
            "route_table_ids": [],
            "security_group_ids": [
              "sg-0d7408579f3dd93b6"
            ],
            "service_name": "com.amazonaws.us-east-1.ecr.dkr",
            "service_network_arn": "",
            "service_region": "us-east-1",
            "state": "available",
            "subnet_configuration": [
              {
                "ipv4": "10.0.10.120",
                "ipv6": "",
                "subnet_id": "subnet-04e97626116f25b43"
              },
              {
                "ipv4": "10.0.11.95",
                "ipv6": "",
                "subnet_id": "subnet-05378bedb76f11ced"
              }
            ],
            "subnet_ids": [
              "subnet-04e97626116f25b43",
              "subnet-05378bedb76f11ced"
            ],
            "tags": {
              "Name": "itf-masters-tour-primary-vpce-ecr-dkr"
            },
            "tags_all": {
              "Environment": "portfolio",
              "ManagedBy": "terraform",
              "Name": "itf-masters-tour-primary-vpce-ecr-dkr",
              "Project": "itf-masters-tour"
            },
            "timeouts": null,
            "vpc_endpoint_type": "Interface",
            "vpc_id": "vpc-0f5a718e356e080b1"
          },
          "sensitive_attributes": [],
          "identity_schema_version": 0,
          "private": "eyJlMmJmYjczMC1lY2FhLTExZTYtOGY4OC0zNDM2M2JjN2M0YzAiOnsiY3JlYXRlIjo2MDAwMDAwMDAwMDAsImRlbGV0ZSI6NjAwMDAwMDAwMDAwLCJ1cGRhdGUiOjYwMDAwMDAwMDAwMH19",
          "dependencies": [
            "module.primary_vpc.aws_security_group.alb",
            "module.primary_vpc.aws_security_group.fargate",
            "module.primary_vpc.aws_security_group.vpce",
            "module.primary_vpc.aws_subnet.private_app_1",
            "module.primary_vpc.aws_subnet.private_app_2",
            "module.primary_vpc.aws_vpc.this",
            "module.primary_vpc.data.aws_availability_zones.available",
            "module.primary_vpc.data.aws_region.current"
          ]
        }
      ]
    },
    {
      "module": "module.primary_vpc",
      "mode": "managed",
      "type": "aws_vpc_endpoint",
      "name": "logs",
      "provider": "provider[\"registry.terraform.io/hashicorp/aws\"]",
      "instances": [
        {
          "schema_version": 0,
          "attributes": {
            "arn": "arn:aws:ec2:us-east-1:180294215772:vpc-endpoint/vpce-0558113aa0db76edb",
            "auto_accept": null,
            "cidr_blocks": [],
            "dns_entry": [
              {
                "dns_name": "vpce-0558113aa0db76edb-s4tx5g95.logs.us-east-1.vpce.amazonaws.com",
                "hosted_zone_id": "Z7HUB22UULQXV"
              },
              {
                "dns_name": "vpce-0558113aa0db76edb-s4tx5g95-us-east-1a.logs.us-east-1.vpce.amazonaws.com",
                "hosted_zone_id": "Z7HUB22UULQXV"
              },
              {
                "dns_name": "vpce-0558113aa0db76edb-s4tx5g95-us-east-1b.logs.us-east-1.vpce.amazonaws.com",
                "hosted_zone_id": "Z7HUB22UULQXV"
              },
              {
                "dns_name": "logs.us-east-1.amazonaws.com",
                "hosted_zone_id": "Z07723263LZDADVXMVCXQ"
              },
              {
                "dns_name": "streaming-logs.us-east-1.amazonaws.com",
                "hosted_zone_id": "Z07562613E9I4EDQEZUSB"
              },
              {
                "dns_name": "streaming-logs.us-east-1.api.aws",
                "hosted_zone_id": "Z07562603N4RIZBQ7865X"
              },
              {
                "dns_name": "logs.us-east-1.api.aws",
                "hosted_zone_id": "Z0755525HK4NZLM1XVZ9"
              }
            ],
            "dns_options": [
              {
                "dns_record_ip_type": "ipv4",
                "private_dns_only_for_inbound_resolver_endpoint": false
              }
            ],
            "id": "vpce-0558113aa0db76edb",
            "ip_address_type": "ipv4",
            "network_interface_ids": [
              "eni-04a7ee9445ba26c9b",
              "eni-0e667fe8e109ae52e"
            ],
            "owner_id": "180294215772",
            "policy": "{\"Statement\":[{\"Action\":\"*\",\"Effect\":\"Allow\",\"Principal\":\"*\",\"Resource\":\"*\"}]}",
            "prefix_list_id": null,
            "private_dns_enabled": true,
            "requester_managed": false,
            "resource_configuration_arn": "",
            "route_table_ids": [],
            "security_group_ids": [
              "sg-0d7408579f3dd93b6"
            ],
            "service_name": "com.amazonaws.us-east-1.logs",
            "service_network_arn": "",
            "service_region": "us-east-1",
            "state": "available",
            "subnet_configuration": [
              {
                "ipv4": "10.0.10.202",
                "ipv6": "",
                "subnet_id": "subnet-04e97626116f25b43"
              },
              {
                "ipv4": "10.0.11.232",
                "ipv6": "",
                "subnet_id": "subnet-05378bedb76f11ced"
              }
            ],
            "subnet_ids": [
              "subnet-04e97626116f25b43",
              "subnet-05378bedb76f11ced"
            ],
            "tags": {
              "Name": "itf-masters-tour-primary-vpce-logs"
            },
            "tags_all": {
              "Environment": "portfolio",
              "ManagedBy": "terraform",
              "Name": "itf-masters-tour-primary-vpce-logs",
              "Project": "itf-masters-tour"
            },
            "timeouts": null,
            "vpc_endpoint_type": "Interface",
            "vpc_id": "vpc-0f5a718e356e080b1"
          },
          "sensitive_attributes": [],
          "identity_schema_version": 0,
          "private": "eyJlMmJmYjczMC1lY2FhLTExZTYtOGY4OC0zNDM2M2JjN2M0YzAiOnsiY3JlYXRlIjo2MDAwMDAwMDAwMDAsImRlbGV0ZSI6NjAwMDAwMDAwMDAwLCJ1cGRhdGUiOjYwMDAwMDAwMDAwMH19",
          "dependencies": [
            "module.primary_vpc.aws_security_group.alb",
            "module.primary_vpc.aws_security_group.fargate",
            "module.primary_vpc.aws_security_group.vpce",
            "module.primary_vpc.aws_subnet.private_app_1",
            "module.primary_vpc.aws_subnet.private_app_2",
            "module.primary_vpc.aws_vpc.this",
            "module.primary_vpc.data.aws_availability_zones.available",
            "module.primary_vpc.data.aws_region.current"
          ]
        }
      ]
    },
    {
      "module": "module.primary_vpc",
      "mode": "managed",
      "type": "aws_vpc_endpoint",
      "name": "s3",
      "provider": "provider[\"registry.terraform.io/hashicorp/aws\"]",
      "instances": [
        {
          "schema_version": 0,
          "attributes": {
            "arn": "arn:aws:ec2:us-east-1:180294215772:vpc-endpoint/vpce-044b7d630d784e357",
            "auto_accept": null,
            "cidr_blocks": [
              "16.15.176.0/20",
              "16.182.0.0/16",
              "18.34.0.0/19",
              "52.216.0.0/15",
              "54.231.0.0/16",
              "3.5.0.0/19",
              "18.34.232.0/21",
              "16.15.192.0/18"
            ],
            "dns_entry": [],
            "dns_options": [
              {
                "dns_record_ip_type": "service-defined",
                "private_dns_only_for_inbound_resolver_endpoint": false
              }
            ],
            "id": "vpce-044b7d630d784e357",
            "ip_address_type": "ipv4",
            "network_interface_ids": [],
            "owner_id": "180294215772",
            "policy": "{\"Statement\":[{\"Action\":\"*\",\"Effect\":\"Allow\",\"Principal\":\"*\",\"Resource\":\"*\"}],\"Version\":\"2008-10-17\"}",
            "prefix_list_id": "pl-63a5400a",
            "private_dns_enabled": false,
            "requester_managed": false,
            "resource_configuration_arn": "",
            "route_table_ids": [
              "rtb-0966f767f1127ff6d"
            ],
            "security_group_ids": [],
            "service_name": "com.amazonaws.us-east-1.s3",
            "service_network_arn": "",
            "service_region": "us-east-1",
            "state": "available",
            "subnet_configuration": [],
            "subnet_ids": [],
            "tags": {
              "Name": "itf-masters-tour-primary-vpce-s3"
            },
            "tags_all": {
              "Environment": "portfolio",
              "ManagedBy": "terraform",
              "Name": "itf-masters-tour-primary-vpce-s3",
              "Project": "itf-masters-tour"
            },
            "timeouts": null,
            "vpc_endpoint_type": "Gateway",
            "vpc_id": "vpc-0f5a718e356e080b1"
          },
          "sensitive_attributes": [],
          "identity_schema_version": 0,
          "private": "eyJlMmJmYjczMC1lY2FhLTExZTYtOGY4OC0zNDM2M2JjN2M0YzAiOnsiY3JlYXRlIjo2MDAwMDAwMDAwMDAsImRlbGV0ZSI6NjAwMDAwMDAwMDAwLCJ1cGRhdGUiOjYwMDAwMDAwMDAwMH19",
          "dependencies": [
            "module.primary_vpc.aws_route_table.private",
            "module.primary_vpc.aws_vpc.this",
            "module.primary_vpc.data.aws_region.current"
          ]
        }
      ]
    },
    {
      "module": "module.primary_vpc",
      "mode": "managed",
      "type": "aws_vpc_endpoint",
      "name": "secretsmanager",
      "provider": "provider[\"registry.terraform.io/hashicorp/aws\"]",
      "instances": [
        {
          "schema_version": 0,
          "attributes": {
            "arn": "arn:aws:ec2:us-east-1:180294215772:vpc-endpoint/vpce-01c5b309a29766e29",
            "auto_accept": null,
            "cidr_blocks": [],
            "dns_entry": [
              {
                "dns_name": "vpce-01c5b309a29766e29-rkg2322x.secretsmanager.us-east-1.vpce.amazonaws.com",
                "hosted_zone_id": "Z7HUB22UULQXV"
              },
              {
                "dns_name": "vpce-01c5b309a29766e29-rkg2322x-us-east-1b.secretsmanager.us-east-1.vpce.amazonaws.com",
                "hosted_zone_id": "Z7HUB22UULQXV"
              },
              {
                "dns_name": "vpce-01c5b309a29766e29-rkg2322x-us-east-1a.secretsmanager.us-east-1.vpce.amazonaws.com",
                "hosted_zone_id": "Z7HUB22UULQXV"
              },
              {
                "dns_name": "secretsmanager.us-east-1.amazonaws.com",
                "hosted_zone_id": "Z10078912UB8KBJYEMD1F"
              }
            ],
            "dns_options": [
              {
                "dns_record_ip_type": "ipv4",
                "private_dns_only_for_inbound_resolver_endpoint": false
              }
            ],
            "id": "vpce-01c5b309a29766e29",
            "ip_address_type": "ipv4",
            "network_interface_ids": [
              "eni-07a122a1fd5418c42",
              "eni-0da47f3c003ba9f38"
            ],
            "owner_id": "180294215772",
            "policy": "{\"Statement\":[{\"Action\":\"*\",\"Effect\":\"Allow\",\"Principal\":\"*\",\"Resource\":\"*\"}]}",
            "prefix_list_id": null,
            "private_dns_enabled": true,
            "requester_managed": false,
            "resource_configuration_arn": "",
            "route_table_ids": [],
            "security_group_ids": [
              "sg-0d7408579f3dd93b6"
            ],
            "service_name": "com.amazonaws.us-east-1.secretsmanager",
            "service_network_arn": "",
            "service_region": "us-east-1",
            "state": "available",
            "subnet_configuration": [
              {
                "ipv4": "10.0.10.209",
                "ipv6": "",
                "subnet_id": "subnet-04e97626116f25b43"
              },
              {
                "ipv4": "10.0.11.165",
                "ipv6": "",
                "subnet_id": "subnet-05378bedb76f11ced"
              }
            ],
            "subnet_ids": [
              "subnet-04e97626116f25b43",
              "subnet-05378bedb76f11ced"
            ],
            "tags": {
              "Name": "itf-masters-tour-primary-vpce-secrets"
            },
            "tags_all": {
              "Environment": "portfolio",
              "ManagedBy": "terraform",
              "Name": "itf-masters-tour-primary-vpce-secrets",
              "Project": "itf-masters-tour"
            },
            "timeouts": null,
            "vpc_endpoint_type": "Interface",
            "vpc_id": "vpc-0f5a718e356e080b1"
          },
          "sensitive_attributes": [],
          "identity_schema_version": 0,
          "private": "eyJlMmJmYjczMC1lY2FhLTExZTYtOGY4OC0zNDM2M2JjN2M0YzAiOnsiY3JlYXRlIjo2MDAwMDAwMDAwMDAsImRlbGV0ZSI6NjAwMDAwMDAwMDAwLCJ1cGRhdGUiOjYwMDAwMDAwMDAwMH19",
          "dependencies": [
            "module.primary_vpc.aws_security_group.alb",
            "module.primary_vpc.aws_security_group.fargate",
            "module.primary_vpc.aws_security_group.vpce",
            "module.primary_vpc.aws_subnet.private_app_1",
            "module.primary_vpc.aws_subnet.private_app_2",
            "module.primary_vpc.aws_vpc.this",
            "module.primary_vpc.data.aws_availability_zones.available",
            "module.primary_vpc.data.aws_region.current"
          ]
        }
      ]
    },
    {
      "module": "module.primary_vpc",
      "mode": "managed",
      "type": "aws_vpc_endpoint",
      "name": "ssmmessages",
      "provider": "provider[\"registry.terraform.io/hashicorp/aws\"]",
      "instances": [
        {
          "schema_version": 0,
          "attributes": {
            "arn": "arn:aws:ec2:us-east-1:180294215772:vpc-endpoint/vpce-0a59da1d368802205",
            "auto_accept": null,
            "cidr_blocks": [],
            "dns_entry": [
              {
                "dns_name": "vpce-0a59da1d368802205-trk7hqds.ssmmessages.us-east-1.vpce.amazonaws.com",
                "hosted_zone_id": "Z7HUB22UULQXV"
              },
              {
                "dns_name": "vpce-0a59da1d368802205-trk7hqds-us-east-1a.ssmmessages.us-east-1.vpce.amazonaws.com",
                "hosted_zone_id": "Z7HUB22UULQXV"
              },
              {
                "dns_name": "vpce-0a59da1d368802205-trk7hqds-us-east-1b.ssmmessages.us-east-1.vpce.amazonaws.com",
                "hosted_zone_id": "Z7HUB22UULQXV"
              },
              {
                "dns_name": "ssmmessages.us-east-1.amazonaws.com",
                "hosted_zone_id": "Z04120943FMNDEHC4XRHJ"
              },
              {
                "dns_name": "ssmmessages.us-east-1.api.aws",
                "hosted_zone_id": "Z08674302Z5KZDH66NWH8"
              }
            ],
            "dns_options": [
              {
                "dns_record_ip_type": "ipv4",
                "private_dns_only_for_inbound_resolver_endpoint": false
              }
            ],
            "id": "vpce-0a59da1d368802205",
            "ip_address_type": "ipv4",
            "network_interface_ids": [
              "eni-06ffa4f8b74328d31",
              "eni-0985d88c4f38edeaa"
            ],
            "owner_id": "180294215772",
            "policy": "{\"Statement\":[{\"Action\":\"*\",\"Effect\":\"Allow\",\"Principal\":\"*\",\"Resource\":\"*\"}]}",
            "prefix_list_id": null,
            "private_dns_enabled": true,
            "requester_managed": false,
            "resource_configuration_arn": "",
            "route_table_ids": [],
            "security_group_ids": [
              "sg-0d7408579f3dd93b6"
            ],
            "service_name": "com.amazonaws.us-east-1.ssmmessages",
            "service_network_arn": "",
            "service_region": "us-east-1",
            "state": "available",
            "subnet_configuration": [
              {
                "ipv4": "10.0.10.154",
                "ipv6": "",
                "subnet_id": "subnet-04e97626116f25b43"
              },
              {
                "ipv4": "10.0.11.161",
                "ipv6": "",
                "subnet_id": "subnet-05378bedb76f11ced"
              }
            ],
            "subnet_ids": [
              "subnet-04e97626116f25b43",
              "subnet-05378bedb76f11ced"
            ],
            "tags": {
              "Name": "itf-masters-tour-primary-vpce-ssmmessages"
            },
            "tags_all": {
              "Environment": "portfolio",
              "ManagedBy": "terraform",
              "Name": "itf-masters-tour-primary-vpce-ssmmessages",
              "Project": "itf-masters-tour"
            },
            "timeouts": null,
            "vpc_endpoint_type": "Interface",
            "vpc_id": "vpc-0f5a718e356e080b1"
          },
          "sensitive_attributes": [],
          "identity_schema_version": 0,
          "private": "eyJlMmJmYjczMC1lY2FhLTExZTYtOGY4OC0zNDM2M2JjN2M0YzAiOnsiY3JlYXRlIjo2MDAwMDAwMDAwMDAsImRlbGV0ZSI6NjAwMDAwMDAwMDAwLCJ1cGRhdGUiOjYwMDAwMDAwMDAwMH19",
          "dependencies": [
            "module.primary_vpc.aws_security_group.alb",
            "module.primary_vpc.aws_security_group.fargate",
            "module.primary_vpc.aws_security_group.vpce",
            "module.primary_vpc.aws_subnet.private_app_1",
            "module.primary_vpc.aws_subnet.private_app_2",
            "module.primary_vpc.aws_vpc.this",
            "module.primary_vpc.data.aws_availability_zones.available",
            "module.primary_vpc.data.aws_region.current"
          ]
        }
      ]
    }
  ],
  "check_results": null
}
